
Microsoft Visual Studio Solution File, Format Version 12.00
# Visual Studio 15
VisualStudioVersion = 15.0.27703.2042
MinimumVisualStudioVersion = 10.0.40219.1
Project("{2150E333-8FDC-42A3-9474-1A3956D46DE8}") = "Mobile", "Mobile", "{E457E313-1CCB-4BB8-AA97-618E1A672DCF}"
EndProject
Project("{2150E333-8FDC-42A3-9474-1A3956D46DE8}") = "WebSite", "WebSite", "{27D17E96-8751-4EFD-BA87-6719FF58F256}"
EndProject
Project("{FAE04EC0-301F-11D3-BF4B-00C04F79EFBC}") = "Welic.Dominio", "Welic.Dominio\Welic.Dominio.csproj", "{434B42F2-13D5-4FB9-A973-C6D8342A8784}"
EndProject
Project("{FAE04EC0-301F-11D3-BF4B-00C04F79EFBC}") = "Welic.Repositorios", "Welic.Repositorios\Welic.Repositorios.csproj", "{F5045C53-082C-46F3-9277-A1AE37FE34BD}"
EndProject
Project("{2150E333-8FDC-42A3-9474-1A3956D46DE8}") = "Domains", "Domains", "{BFC0C107-A38B-49AB-8B86-1633C90F8A52}"
EndProject
Project("{2150E333-8FDC-42A3-9474-1A3956D46DE8}") = "Infra", "Infra", "{72793908-6808-413A-8608-BE58DC989F96}"
EndProject
Project("{FAE04EC0-301F-11D3-BF4B-00C04F79EFBC}") = "Welic.Infra", "Welic.Infra\Welic.Infra.csproj", "{F0003DA5-1307-44D9-A6CC-69F2CDBC1FC3}"
EndProject
Project("{FAE04EC0-301F-11D3-BF4B-00C04F79EFBC}") = "Welic.Servicos", "Servicos\Welic.Servicos.csproj", "{73BEBC97-5FCA-4949-8715-768F190D9782}"
EndProject
Project("{2150E333-8FDC-42A3-9474-1A3956D46DE8}") = "Resources", "Resources", "{ADAC1747-5E30-48ED-A01A-2F97365AFF29}"
EndProject
Project("{FAE04EC0-301F-11D3-BF4B-00C04F79EFBC}") = "Resources", "..\..\..\Desktop\Welic\aspnet-mvc-internationalization\MvcInternationalization\Resources\Resources.csproj", "{251223E9-7F41-4F74-A853-CAC5C65FE675}"
EndProject
Project("{FAE04EC0-301F-11D3-BF4B-00C04F79EFBC}") = "Welic.WebSite", "Welic.WebSite\Welic.WebSite.csproj", "{E3BEEFA0-22BF-4D27-A8F3-4494F2468709}"
EndProject
Project("{FAE04EC0-301F-11D3-BF4B-00C04F79EFBC}") = "Welic.WebSite.Tests", "Welic.WebSite.Tests\Welic.WebSite.Tests.csproj", "{6FBF0079-D2D9-4ED5-89C5-7CD4C4CA39D9}"
EndProject
Project("{9A19103F-16F7-4668-BE54-9A1E7A4F7556}") = "Welic.App", "Welic.App\Welic.App\Welic.App.csproj", "{87128651-0DE5-410B-AAFC-396591865ECB}"
EndProject
Project("{FAE04EC0-301F-11D3-BF4B-00C04F79EFBC}") = "Welic.App.Android", "Welic.App\Welic.App.Android\Welic.App.Android.csproj", "{24CE3C36-16B9-426D-AA0C-5961ECF8D88C}"
EndProject
Project("{FAE04EC0-301F-11D3-BF4B-00C04F79EFBC}") = "Welic.App.iOS", "Welic.App\Welic.App.iOS\Welic.App.iOS.csproj", "{2EFE2971-908B-41AD-A7DE-3F299D0DB765}"
EndProject
Project("{FAE04EC0-301F-11D3-BF4B-00C04F79EFBC}") = "Welic.App.UWP", "Welic.App\Welic.App.UWP\Welic.App.UWP.csproj", "{907981AF-3F6C-4AA8-829D-C915C00759BA}"
EndProject
Global
	GlobalSection(SolutionConfigurationPlatforms) = preSolution
		Ad-Hoc|Any CPU = Ad-Hoc|Any CPU
		Ad-Hoc|ARM = Ad-Hoc|ARM
		Ad-Hoc|iPhone = Ad-Hoc|iPhone
		Ad-Hoc|iPhoneSimulator = Ad-Hoc|iPhoneSimulator
		Ad-Hoc|x64 = Ad-Hoc|x64
		Ad-Hoc|x86 = Ad-Hoc|x86
		AppStore|Any CPU = AppStore|Any CPU
		AppStore|ARM = AppStore|ARM
		AppStore|iPhone = AppStore|iPhone
		AppStore|iPhoneSimulator = AppStore|iPhoneSimulator
		AppStore|x64 = AppStore|x64
		AppStore|x86 = AppStore|x86
		Debug|Any CPU = Debug|Any CPU
		Debug|ARM = Debug|ARM
		Debug|iPhone = Debug|iPhone
		Debug|iPhoneSimulator = Debug|iPhoneSimulator
		Debug|x64 = Debug|x64
		Debug|x86 = Debug|x86
		Release|Any CPU = Release|Any CPU
		Release|ARM = Release|ARM
		Release|iPhone = Release|iPhone
		Release|iPhoneSimulator = Release|iPhoneSimulator
		Release|x64 = Release|x64
		Release|x86 = Release|x86
	EndGlobalSection
	GlobalSection(ProjectConfigurationPlatforms) = postSolution
		{434B42F2-13D5-4FB9-A973-C6D8342A8784}.Ad-Hoc|Any CPU.ActiveCfg = Release|Any CPU
		{434B42F2-13D5-4FB9-A973-C6D8342A8784}.Ad-Hoc|Any CPU.Build.0 = Release|Any CPU
		{434B42F2-13D5-4FB9-A973-C6D8342A8784}.Ad-Hoc|ARM.ActiveCfg = Release|Any CPU
		{434B42F2-13D5-4FB9-A973-C6D8342A8784}.Ad-Hoc|ARM.Build.0 = Release|Any CPU
		{434B42F2-13D5-4FB9-A973-C6D8342A8784}.Ad-Hoc|iPhone.ActiveCfg = Release|Any CPU
		{434B42F2-13D5-4FB9-A973-C6D8342A8784}.Ad-Hoc|iPhone.Build.0 = Release|Any CPU
		{434B42F2-13D5-4FB9-A973-C6D8342A8784}.Ad-Hoc|iPhoneSimulator.ActiveCfg = Release|Any CPU
		{434B42F2-13D5-4FB9-A973-C6D8342A8784}.Ad-Hoc|iPhoneSimulator.Build.0 = Release|Any CPU
		{434B42F2-13D5-4FB9-A973-C6D8342A8784}.Ad-Hoc|x64.ActiveCfg = Release|Any CPU
		{434B42F2-13D5-4FB9-A973-C6D8342A8784}.Ad-Hoc|x64.Build.0 = Release|Any CPU
		{434B42F2-13D5-4FB9-A973-C6D8342A8784}.Ad-Hoc|x86.ActiveCfg = Release|Any CPU
		{434B42F2-13D5-4FB9-A973-C6D8342A8784}.Ad-Hoc|x86.Build.0 = Release|Any CPU
		{434B42F2-13D5-4FB9-A973-C6D8342A8784}.AppStore|Any CPU.ActiveCfg = Release|Any CPU
		{434B42F2-13D5-4FB9-A973-C6D8342A8784}.AppStore|Any CPU.Build.0 = Release|Any CPU
		{434B42F2-13D5-4FB9-A973-C6D8342A8784}.AppStore|ARM.ActiveCfg = Release|Any CPU
		{434B42F2-13D5-4FB9-A973-C6D8342A8784}.AppStore|ARM.Build.0 = Release|Any CPU
		{434B42F2-13D5-4FB9-A973-C6D8342A8784}.AppStore|iPhone.ActiveCfg = Release|Any CPU
		{434B42F2-13D5-4FB9-A973-C6D8342A8784}.AppStore|iPhone.Build.0 = Release|Any CPU
		{434B42F2-13D5-4FB9-A973-C6D8342A8784}.AppStore|iPhoneSimulator.ActiveCfg = Release|Any CPU
		{434B42F2-13D5-4FB9-A973-C6D8342A8784}.AppStore|iPhoneSimulator.Build.0 = Release|Any CPU
		{434B42F2-13D5-4FB9-A973-C6D8342A8784}.AppStore|x64.ActiveCfg = Release|Any CPU
		{434B42F2-13D5-4FB9-A973-C6D8342A8784}.AppStore|x64.Build.0 = Release|Any CPU
		{434B42F2-13D5-4FB9-A973-C6D8342A8784}.AppStore|x86.ActiveCfg = Release|Any CPU
		{434B42F2-13D5-4FB9-A973-C6D8342A8784}.AppStore|x86.Build.0 = Release|Any CPU
		{434B42F2-13D5-4FB9-A973-C6D8342A8784}.Debug|Any CPU.ActiveCfg = Debug|Any CPU
		{434B42F2-13D5-4FB9-A973-C6D8342A8784}.Debug|Any CPU.Build.0 = Debug|Any CPU
		{434B42F2-13D5-4FB9-A973-C6D8342A8784}.Debug|ARM.ActiveCfg = Debug|Any CPU
		{434B42F2-13D5-4FB9-A973-C6D8342A8784}.Debug|ARM.Build.0 = Debug|Any CPU
		{434B42F2-13D5-4FB9-A973-C6D8342A8784}.Debug|iPhone.ActiveCfg = Debug|Any CPU
		{434B42F2-13D5-4FB9-A973-C6D8342A8784}.Debug|iPhone.Build.0 = Debug|Any CPU
		{434B42F2-13D5-4FB9-A973-C6D8342A8784}.Debug|iPhoneSimulator.ActiveCfg = Debug|Any CPU
		{434B42F2-13D5-4FB9-A973-C6D8342A8784}.Debug|iPhoneSimulator.Build.0 = Debug|Any CPU
		{434B42F2-13D5-4FB9-A973-C6D8342A8784}.Debug|x64.ActiveCfg = Debug|Any CPU
		{434B42F2-13D5-4FB9-A973-C6D8342A8784}.Debug|x64.Build.0 = Debug|Any CPU
		{434B42F2-13D5-4FB9-A973-C6D8342A8784}.Debug|x86.ActiveCfg = Debug|Any CPU
		{434B42F2-13D5-4FB9-A973-C6D8342A8784}.Debug|x86.Build.0 = Debug|Any CPU
		{434B42F2-13D5-4FB9-A973-C6D8342A8784}.Release|Any CPU.ActiveCfg = Release|Any CPU
		{434B42F2-13D5-4FB9-A973-C6D8342A8784}.Release|Any CPU.Build.0 = Release|Any CPU
		{434B42F2-13D5-4FB9-A973-C6D8342A8784}.Release|ARM.ActiveCfg = Release|Any CPU
		{434B42F2-13D5-4FB9-A973-C6D8342A8784}.Release|ARM.Build.0 = Release|Any CPU
		{434B42F2-13D5-4FB9-A973-C6D8342A8784}.Release|iPhone.ActiveCfg = Release|Any CPU
		{434B42F2-13D5-4FB9-A973-C6D8342A8784}.Release|iPhone.Build.0 = Release|Any CPU
		{434B42F2-13D5-4FB9-A973-C6D8342A8784}.Release|iPhoneSimulator.ActiveCfg = Release|Any CPU
		{434B42F2-13D5-4FB9-A973-C6D8342A8784}.Release|iPhoneSimulator.Build.0 = Release|Any CPU
		{434B42F2-13D5-4FB9-A973-C6D8342A8784}.Release|x64.ActiveCfg = Release|Any CPU
		{434B42F2-13D5-4FB9-A973-C6D8342A8784}.Release|x64.Build.0 = Release|Any CPU
		{434B42F2-13D5-4FB9-A973-C6D8342A8784}.Release|x86.ActiveCfg = Release|Any CPU
		{434B42F2-13D5-4FB9-A973-C6D8342A8784}.Release|x86.Build.0 = Release|Any CPU
		{F5045C53-082C-46F3-9277-A1AE37FE34BD}.Ad-Hoc|Any CPU.ActiveCfg = Release|Any CPU
		{F5045C53-082C-46F3-9277-A1AE37FE34BD}.Ad-Hoc|Any CPU.Build.0 = Release|Any CPU
		{F5045C53-082C-46F3-9277-A1AE37FE34BD}.Ad-Hoc|ARM.ActiveCfg = Release|Any CPU
		{F5045C53-082C-46F3-9277-A1AE37FE34BD}.Ad-Hoc|ARM.Build.0 = Release|Any CPU
		{F5045C53-082C-46F3-9277-A1AE37FE34BD}.Ad-Hoc|iPhone.ActiveCfg = Release|Any CPU
		{F5045C53-082C-46F3-9277-A1AE37FE34BD}.Ad-Hoc|iPhone.Build.0 = Release|Any CPU
		{F5045C53-082C-46F3-9277-A1AE37FE34BD}.Ad-Hoc|iPhoneSimulator.ActiveCfg = Release|Any CPU
		{F5045C53-082C-46F3-9277-A1AE37FE34BD}.Ad-Hoc|iPhoneSimulator.Build.0 = Release|Any CPU
		{F5045C53-082C-46F3-9277-A1AE37FE34BD}.Ad-Hoc|x64.ActiveCfg = Release|Any CPU
		{F5045C53-082C-46F3-9277-A1AE37FE34BD}.Ad-Hoc|x64.Build.0 = Release|Any CPU
		{F5045C53-082C-46F3-9277-A1AE37FE34BD}.Ad-Hoc|x86.ActiveCfg = Release|Any CPU
		{F5045C53-082C-46F3-9277-A1AE37FE34BD}.Ad-Hoc|x86.Build.0 = Release|Any CPU
		{F5045C53-082C-46F3-9277-A1AE37FE34BD}.AppStore|Any CPU.ActiveCfg = Release|Any CPU
		{F5045C53-082C-46F3-9277-A1AE37FE34BD}.AppStore|Any CPU.Build.0 = Release|Any CPU
		{F5045C53-082C-46F3-9277-A1AE37FE34BD}.AppStore|ARM.ActiveCfg = Release|Any CPU
		{F5045C53-082C-46F3-9277-A1AE37FE34BD}.AppStore|ARM.Build.0 = Release|Any CPU
		{F5045C53-082C-46F3-9277-A1AE37FE34BD}.AppStore|iPhone.ActiveCfg = Release|Any CPU
		{F5045C53-082C-46F3-9277-A1AE37FE34BD}.AppStore|iPhone.Build.0 = Release|Any CPU
		{F5045C53-082C-46F3-9277-A1AE37FE34BD}.AppStore|iPhoneSimulator.ActiveCfg = Release|Any CPU
		{F5045C53-082C-46F3-9277-A1AE37FE34BD}.AppStore|iPhoneSimulator.Build.0 = Release|Any CPU
		{F5045C53-082C-46F3-9277-A1AE37FE34BD}.AppStore|x64.ActiveCfg = Release|Any CPU
		{F5045C53-082C-46F3-9277-A1AE37FE34BD}.AppStore|x64.Build.0 = Release|Any CPU
		{F5045C53-082C-46F3-9277-A1AE37FE34BD}.AppStore|x86.ActiveCfg = Release|Any CPU
		{F5045C53-082C-46F3-9277-A1AE37FE34BD}.AppStore|x86.Build.0 = Release|Any CPU
		{F5045C53-082C-46F3-9277-A1AE37FE34BD}.Debug|Any CPU.ActiveCfg = Debug|Any CPU
		{F5045C53-082C-46F3-9277-A1AE37FE34BD}.Debug|Any CPU.Build.0 = Debug|Any CPU
		{F5045C53-082C-46F3-9277-A1AE37FE34BD}.Debug|ARM.ActiveCfg = Debug|Any CPU
		{F5045C53-082C-46F3-9277-A1AE37FE34BD}.Debug|ARM.Build.0 = Debug|Any CPU
		{F5045C53-082C-46F3-9277-A1AE37FE34BD}.Debug|iPhone.ActiveCfg = Debug|Any CPU
		{F5045C53-082C-46F3-9277-A1AE37FE34BD}.Debug|iPhone.Build.0 = Debug|Any CPU
		{F5045C53-082C-46F3-9277-A1AE37FE34BD}.Debug|iPhoneSimulator.ActiveCfg = Debug|Any CPU
		{F5045C53-082C-46F3-9277-A1AE37FE34BD}.Debug|iPhoneSimulator.Build.0 = Debug|Any CPU
		{F5045C53-082C-46F3-9277-A1AE37FE34BD}.Debug|x64.ActiveCfg = Debug|Any CPU
		{F5045C53-082C-46F3-9277-A1AE37FE34BD}.Debug|x64.Build.0 = Debug|Any CPU
		{F5045C53-082C-46F3-9277-A1AE37FE34BD}.Debug|x86.ActiveCfg = Debug|Any CPU
		{F5045C53-082C-46F3-9277-A1AE37FE34BD}.Debug|x86.Build.0 = Debug|Any CPU
		{F5045C53-082C-46F3-9277-A1AE37FE34BD}.Release|Any CPU.ActiveCfg = Release|Any CPU
		{F5045C53-082C-46F3-9277-A1AE37FE34BD}.Release|Any CPU.Build.0 = Release|Any CPU
		{F5045C53-082C-46F3-9277-A1AE37FE34BD}.Release|ARM.ActiveCfg = Release|Any CPU
		{F5045C53-082C-46F3-9277-A1AE37FE34BD}.Release|ARM.Build.0 = Release|Any CPU
		{F5045C53-082C-46F3-9277-A1AE37FE34BD}.Release|iPhone.ActiveCfg = Release|Any CPU
		{F5045C53-082C-46F3-9277-A1AE37FE34BD}.Release|iPhone.Build.0 = Release|Any CPU
		{F5045C53-082C-46F3-9277-A1AE37FE34BD}.Release|iPhoneSimulator.ActiveCfg = Release|Any CPU
		{F5045C53-082C-46F3-9277-A1AE37FE34BD}.Release|iPhoneSimulator.Build.0 = Release|Any CPU
		{F5045C53-082C-46F3-9277-A1AE37FE34BD}.Release|x64.ActiveCfg = Release|Any CPU
		{F5045C53-082C-46F3-9277-A1AE37FE34BD}.Release|x64.Build.0 = Release|Any CPU
		{F5045C53-082C-46F3-9277-A1AE37FE34BD}.Release|x86.ActiveCfg = Release|Any CPU
		{F5045C53-082C-46F3-9277-A1AE37FE34BD}.Release|x86.Build.0 = Release|Any CPU
		{F0003DA5-1307-44D9-A6CC-69F2CDBC1FC3}.Ad-Hoc|Any CPU.ActiveCfg = Release|Any CPU
		{F0003DA5-1307-44D9-A6CC-69F2CDBC1FC3}.Ad-Hoc|Any CPU.Build.0 = Release|Any CPU
		{F0003DA5-1307-44D9-A6CC-69F2CDBC1FC3}.Ad-Hoc|ARM.ActiveCfg = Release|Any CPU
		{F0003DA5-1307-44D9-A6CC-69F2CDBC1FC3}.Ad-Hoc|ARM.Build.0 = Release|Any CPU
		{F0003DA5-1307-44D9-A6CC-69F2CDBC1FC3}.Ad-Hoc|iPhone.ActiveCfg = Release|Any CPU
		{F0003DA5-1307-44D9-A6CC-69F2CDBC1FC3}.Ad-Hoc|iPhone.Build.0 = Release|Any CPU
		{F0003DA5-1307-44D9-A6CC-69F2CDBC1FC3}.Ad-Hoc|iPhoneSimulator.ActiveCfg = Release|Any CPU
		{F0003DA5-1307-44D9-A6CC-69F2CDBC1FC3}.Ad-Hoc|iPhoneSimulator.Build.0 = Release|Any CPU
		{F0003DA5-1307-44D9-A6CC-69F2CDBC1FC3}.Ad-Hoc|x64.ActiveCfg = Release|Any CPU
		{F0003DA5-1307-44D9-A6CC-69F2CDBC1FC3}.Ad-Hoc|x64.Build.0 = Release|Any CPU
		{F0003DA5-1307-44D9-A6CC-69F2CDBC1FC3}.Ad-Hoc|x86.ActiveCfg = Release|Any CPU
		{F0003DA5-1307-44D9-A6CC-69F2CDBC1FC3}.Ad-Hoc|x86.Build.0 = Release|Any CPU
		{F0003DA5-1307-44D9-A6CC-69F2CDBC1FC3}.AppStore|Any CPU.ActiveCfg = Release|Any CPU
		{F0003DA5-1307-44D9-A6CC-69F2CDBC1FC3}.AppStore|Any CPU.Build.0 = Release|Any CPU
		{F0003DA5-1307-44D9-A6CC-69F2CDBC1FC3}.AppStore|ARM.ActiveCfg = Release|Any CPU
		{F0003DA5-1307-44D9-A6CC-69F2CDBC1FC3}.AppStore|ARM.Build.0 = Release|Any CPU
		{F0003DA5-1307-44D9-A6CC-69F2CDBC1FC3}.AppStore|iPhone.ActiveCfg = Release|Any CPU
		{F0003DA5-1307-44D9-A6CC-69F2CDBC1FC3}.AppStore|iPhone.Build.0 = Release|Any CPU
		{F0003DA5-1307-44D9-A6CC-69F2CDBC1FC3}.AppStore|iPhoneSimulator.ActiveCfg = Release|Any CPU
		{F0003DA5-1307-44D9-A6CC-69F2CDBC1FC3}.AppStore|iPhoneSimulator.Build.0 = Release|Any CPU
		{F0003DA5-1307-44D9-A6CC-69F2CDBC1FC3}.AppStore|x64.ActiveCfg = Release|Any CPU
		{F0003DA5-1307-44D9-A6CC-69F2CDBC1FC3}.AppStore|x64.Build.0 = Release|Any CPU
		{F0003DA5-1307-44D9-A6CC-69F2CDBC1FC3}.AppStore|x86.ActiveCfg = Release|Any CPU
		{F0003DA5-1307-44D9-A6CC-69F2CDBC1FC3}.AppStore|x86.Build.0 = Release|Any CPU
		{F0003DA5-1307-44D9-A6CC-69F2CDBC1FC3}.Debug|Any CPU.ActiveCfg = Debug|Any CPU
		{F0003DA5-1307-44D9-A6CC-69F2CDBC1FC3}.Debug|Any CPU.Build.0 = Debug|Any CPU
		{F0003DA5-1307-44D9-A6CC-69F2CDBC1FC3}.Debug|ARM.ActiveCfg = Debug|Any CPU
		{F0003DA5-1307-44D9-A6CC-69F2CDBC1FC3}.Debug|ARM.Build.0 = Debug|Any CPU
		{F0003DA5-1307-44D9-A6CC-69F2CDBC1FC3}.Debug|iPhone.ActiveCfg = Debug|Any CPU
		{F0003DA5-1307-44D9-A6CC-69F2CDBC1FC3}.Debug|iPhone.Build.0 = Debug|Any CPU
		{F0003DA5-1307-44D9-A6CC-69F2CDBC1FC3}.Debug|iPhoneSimulator.ActiveCfg = Debug|Any CPU
		{F0003DA5-1307-44D9-A6CC-69F2CDBC1FC3}.Debug|iPhoneSimulator.Build.0 = Debug|Any CPU
		{F0003DA5-1307-44D9-A6CC-69F2CDBC1FC3}.Debug|x64.ActiveCfg = Debug|Any CPU
		{F0003DA5-1307-44D9-A6CC-69F2CDBC1FC3}.Debug|x64.Build.0 = Debug|Any CPU
		{F0003DA5-1307-44D9-A6CC-69F2CDBC1FC3}.Debug|x86.ActiveCfg = Debug|Any CPU
		{F0003DA5-1307-44D9-A6CC-69F2CDBC1FC3}.Debug|x86.Build.0 = Debug|Any CPU
		{F0003DA5-1307-44D9-A6CC-69F2CDBC1FC3}.Release|Any CPU.ActiveCfg = Release|Any CPU
		{F0003DA5-1307-44D9-A6CC-69F2CDBC1FC3}.Release|Any CPU.Build.0 = Release|Any CPU
		{F0003DA5-1307-44D9-A6CC-69F2CDBC1FC3}.Release|ARM.ActiveCfg = Release|Any CPU
		{F0003DA5-1307-44D9-A6CC-69F2CDBC1FC3}.Release|ARM.Build.0 = Release|Any CPU
		{F0003DA5-1307-44D9-A6CC-69F2CDBC1FC3}.Release|iPhone.ActiveCfg = Release|Any CPU
		{F0003DA5-1307-44D9-A6CC-69F2CDBC1FC3}.Release|iPhone.Build.0 = Release|Any CPU
		{F0003DA5-1307-44D9-A6CC-69F2CDBC1FC3}.Release|iPhoneSimulator.ActiveCfg = Release|Any CPU
		{F0003DA5-1307-44D9-A6CC-69F2CDBC1FC3}.Release|iPhoneSimulator.Build.0 = Release|Any CPU
		{F0003DA5-1307-44D9-A6CC-69F2CDBC1FC3}.Release|x64.ActiveCfg = Release|Any CPU
		{F0003DA5-1307-44D9-A6CC-69F2CDBC1FC3}.Release|x64.Build.0 = Release|Any CPU
		{F0003DA5-1307-44D9-A6CC-69F2CDBC1FC3}.Release|x86.ActiveCfg = Release|Any CPU
		{F0003DA5-1307-44D9-A6CC-69F2CDBC1FC3}.Release|x86.Build.0 = Release|Any CPU
		{73BEBC97-5FCA-4949-8715-768F190D9782}.Ad-Hoc|Any CPU.ActiveCfg = Release|Any CPU
		{73BEBC97-5FCA-4949-8715-768F190D9782}.Ad-Hoc|Any CPU.Build.0 = Release|Any CPU
		{73BEBC97-5FCA-4949-8715-768F190D9782}.Ad-Hoc|ARM.ActiveCfg = Release|Any CPU
		{73BEBC97-5FCA-4949-8715-768F190D9782}.Ad-Hoc|ARM.Build.0 = Release|Any CPU
		{73BEBC97-5FCA-4949-8715-768F190D9782}.Ad-Hoc|iPhone.ActiveCfg = Release|Any CPU
		{73BEBC97-5FCA-4949-8715-768F190D9782}.Ad-Hoc|iPhone.Build.0 = Release|Any CPU
		{73BEBC97-5FCA-4949-8715-768F190D9782}.Ad-Hoc|iPhoneSimulator.ActiveCfg = Release|Any CPU
		{73BEBC97-5FCA-4949-8715-768F190D9782}.Ad-Hoc|iPhoneSimulator.Build.0 = Release|Any CPU
		{73BEBC97-5FCA-4949-8715-768F190D9782}.Ad-Hoc|x64.ActiveCfg = Release|Any CPU
		{73BEBC97-5FCA-4949-8715-768F190D9782}.Ad-Hoc|x64.Build.0 = Release|Any CPU
		{73BEBC97-5FCA-4949-8715-768F190D9782}.Ad-Hoc|x86.ActiveCfg = Release|Any CPU
		{73BEBC97-5FCA-4949-8715-768F190D9782}.Ad-Hoc|x86.Build.0 = Release|Any CPU
		{73BEBC97-5FCA-4949-8715-768F190D9782}.AppStore|Any CPU.ActiveCfg = Release|Any CPU
		{73BEBC97-5FCA-4949-8715-768F190D9782}.AppStore|Any CPU.Build.0 = Release|Any CPU
		{73BEBC97-5FCA-4949-8715-768F190D9782}.AppStore|ARM.ActiveCfg = Release|Any CPU
		{73BEBC97-5FCA-4949-8715-768F190D9782}.AppStore|ARM.Build.0 = Release|Any CPU
		{73BEBC97-5FCA-4949-8715-768F190D9782}.AppStore|iPhone.ActiveCfg = Release|Any CPU
		{73BEBC97-5FCA-4949-8715-768F190D9782}.AppStore|iPhone.Build.0 = Release|Any CPU
		{73BEBC97-5FCA-4949-8715-768F190D9782}.AppStore|iPhoneSimulator.ActiveCfg = Release|Any CPU
		{73BEBC97-5FCA-4949-8715-768F190D9782}.AppStore|iPhoneSimulator.Build.0 = Release|Any CPU
		{73BEBC97-5FCA-4949-8715-768F190D9782}.AppStore|x64.ActiveCfg = Release|Any CPU
		{73BEBC97-5FCA-4949-8715-768F190D9782}.AppStore|x64.Build.0 = Release|Any CPU
		{73BEBC97-5FCA-4949-8715-768F190D9782}.AppStore|x86.ActiveCfg = Release|Any CPU
		{73BEBC97-5FCA-4949-8715-768F190D9782}.AppStore|x86.Build.0 = Release|Any CPU
		{73BEBC97-5FCA-4949-8715-768F190D9782}.Debug|Any CPU.ActiveCfg = Debug|Any CPU
		{73BEBC97-5FCA-4949-8715-768F190D9782}.Debug|Any CPU.Build.0 = Debug|Any CPU
		{73BEBC97-5FCA-4949-8715-768F190D9782}.Debug|ARM.ActiveCfg = Debug|Any CPU
		{73BEBC97-5FCA-4949-8715-768F190D9782}.Debug|ARM.Build.0 = Debug|Any CPU
		{73BEBC97-5FCA-4949-8715-768F190D9782}.Debug|iPhone.ActiveCfg = Debug|Any CPU
		{73BEBC97-5FCA-4949-8715-768F190D9782}.Debug|iPhone.Build.0 = Debug|Any CPU
		{73BEBC97-5FCA-4949-8715-768F190D9782}.Debug|iPhoneSimulator.ActiveCfg = Debug|Any CPU
		{73BEBC97-5FCA-4949-8715-768F190D9782}.Debug|iPhoneSimulator.Build.0 = Debug|Any CPU
		{73BEBC97-5FCA-4949-8715-768F190D9782}.Debug|x64.ActiveCfg = Debug|Any CPU
		{73BEBC97-5FCA-4949-8715-768F190D9782}.Debug|x64.Build.0 = Debug|Any CPU
		{73BEBC97-5FCA-4949-8715-768F190D9782}.Debug|x86.ActiveCfg = Debug|Any CPU
		{73BEBC97-5FCA-4949-8715-768F190D9782}.Debug|x86.Build.0 = Debug|Any CPU
		{73BEBC97-5FCA-4949-8715-768F190D9782}.Release|Any CPU.ActiveCfg = Release|Any CPU
		{73BEBC97-5FCA-4949-8715-768F190D9782}.Release|Any CPU.Build.0 = Release|Any CPU
		{73BEBC97-5FCA-4949-8715-768F190D9782}.Release|ARM.ActiveCfg = Release|Any CPU
		{73BEBC97-5FCA-4949-8715-768F190D9782}.Release|ARM.Build.0 = Release|Any CPU
		{73BEBC97-5FCA-4949-8715-768F190D9782}.Release|iPhone.ActiveCfg = Release|Any CPU
		{73BEBC97-5FCA-4949-8715-768F190D9782}.Release|iPhone.Build.0 = Release|Any CPU
		{73BEBC97-5FCA-4949-8715-768F190D9782}.Release|iPhoneSimulator.ActiveCfg = Release|Any CPU
		{73BEBC97-5FCA-4949-8715-768F190D9782}.Release|iPhoneSimulator.Build.0 = Release|Any CPU
		{73BEBC97-5FCA-4949-8715-768F190D9782}.Release|x64.ActiveCfg = Release|Any CPU
		{73BEBC97-5FCA-4949-8715-768F190D9782}.Release|x64.Build.0 = Release|Any CPU
		{73BEBC97-5FCA-4949-8715-768F190D9782}.Release|x86.ActiveCfg = Release|Any CPU
		{73BEBC97-5FCA-4949-8715-768F190D9782}.Release|x86.Build.0 = Release|Any CPU
		{251223E9-7F41-4F74-A853-CAC5C65FE675}.Ad-Hoc|Any CPU.ActiveCfg = Release|Any CPU
		{251223E9-7F41-4F74-A853-CAC5C65FE675}.Ad-Hoc|Any CPU.Build.0 = Release|Any CPU
		{251223E9-7F41-4F74-A853-CAC5C65FE675}.Ad-Hoc|ARM.ActiveCfg = Release|Any CPU
		{251223E9-7F41-4F74-A853-CAC5C65FE675}.Ad-Hoc|ARM.Build.0 = Release|Any CPU
		{251223E9-7F41-4F74-A853-CAC5C65FE675}.Ad-Hoc|iPhone.ActiveCfg = Release|Any CPU
		{251223E9-7F41-4F74-A853-CAC5C65FE675}.Ad-Hoc|iPhone.Build.0 = Release|Any CPU
		{251223E9-7F41-4F74-A853-CAC5C65FE675}.Ad-Hoc|iPhoneSimulator.ActiveCfg = Release|Any CPU
		{251223E9-7F41-4F74-A853-CAC5C65FE675}.Ad-Hoc|iPhoneSimulator.Build.0 = Release|Any CPU
		{251223E9-7F41-4F74-A853-CAC5C65FE675}.Ad-Hoc|x64.ActiveCfg = Release|Any CPU
		{251223E9-7F41-4F74-A853-CAC5C65FE675}.Ad-Hoc|x64.Build.0 = Release|Any CPU
		{251223E9-7F41-4F74-A853-CAC5C65FE675}.Ad-Hoc|x86.ActiveCfg = Release|Any CPU
		{251223E9-7F41-4F74-A853-CAC5C65FE675}.Ad-Hoc|x86.Build.0 = Release|Any CPU
		{251223E9-7F41-4F74-A853-CAC5C65FE675}.AppStore|Any CPU.ActiveCfg = Release|Any CPU
		{251223E9-7F41-4F74-A853-CAC5C65FE675}.AppStore|Any CPU.Build.0 = Release|Any CPU
		{251223E9-7F41-4F74-A853-CAC5C65FE675}.AppStore|ARM.ActiveCfg = Release|Any CPU
		{251223E9-7F41-4F74-A853-CAC5C65FE675}.AppStore|ARM.Build.0 = Release|Any CPU
		{251223E9-7F41-4F74-A853-CAC5C65FE675}.AppStore|iPhone.ActiveCfg = Release|Any CPU
		{251223E9-7F41-4F74-A853-CAC5C65FE675}.AppStore|iPhone.Build.0 = Release|Any CPU
		{251223E9-7F41-4F74-A853-CAC5C65FE675}.AppStore|iPhoneSimulator.ActiveCfg = Release|Any CPU
		{251223E9-7F41-4F74-A853-CAC5C65FE675}.AppStore|iPhoneSimulator.Build.0 = Release|Any CPU
		{251223E9-7F41-4F74-A853-CAC5C65FE675}.AppStore|x64.ActiveCfg = Release|Any CPU
		{251223E9-7F41-4F74-A853-CAC5C65FE675}.AppStore|x64.Build.0 = Release|Any CPU
		{251223E9-7F41-4F74-A853-CAC5C65FE675}.AppStore|x86.ActiveCfg = Release|Any CPU
		{251223E9-7F41-4F74-A853-CAC5C65FE675}.AppStore|x86.Build.0 = Release|Any CPU
		{251223E9-7F41-4F74-A853-CAC5C65FE675}.Debug|Any CPU.ActiveCfg = Debug|Any CPU
		{251223E9-7F41-4F74-A853-CAC5C65FE675}.Debug|Any CPU.Build.0 = Debug|Any CPU
		{251223E9-7F41-4F74-A853-CAC5C65FE675}.Debug|ARM.ActiveCfg = Debug|Any CPU
		{251223E9-7F41-4F74-A853-CAC5C65FE675}.Debug|ARM.Build.0 = Debug|Any CPU
		{251223E9-7F41-4F74-A853-CAC5C65FE675}.Debug|iPhone.ActiveCfg = Debug|Any CPU
		{251223E9-7F41-4F74-A853-CAC5C65FE675}.Debug|iPhone.Build.0 = Debug|Any CPU
		{251223E9-7F41-4F74-A853-CAC5C65FE675}.Debug|iPhoneSimulator.ActiveCfg = Debug|Any CPU
		{251223E9-7F41-4F74-A853-CAC5C65FE675}.Debug|iPhoneSimulator.Build.0 = Debug|Any CPU
		{251223E9-7F41-4F74-A853-CAC5C65FE675}.Debug|x64.ActiveCfg = Debug|Any CPU
		{251223E9-7F41-4F74-A853-CAC5C65FE675}.Debug|x64.Build.0 = Debug|Any CPU
		{251223E9-7F41-4F74-A853-CAC5C65FE675}.Debug|x86.ActiveCfg = Debug|Any CPU
		{251223E9-7F41-4F74-A853-CAC5C65FE675}.Debug|x86.Build.0 = Debug|Any CPU
		{251223E9-7F41-4F74-A853-CAC5C65FE675}.Release|Any CPU.ActiveCfg = Release|Any CPU
		{251223E9-7F41-4F74-A853-CAC5C65FE675}.Release|Any CPU.Build.0 = Release|Any CPU
		{251223E9-7F41-4F74-A853-CAC5C65FE675}.Release|ARM.ActiveCfg = Release|Any CPU
		{251223E9-7F41-4F74-A853-CAC5C65FE675}.Release|ARM.Build.0 = Release|Any CPU
		{251223E9-7F41-4F74-A853-CAC5C65FE675}.Release|iPhone.ActiveCfg = Release|Any CPU
		{251223E9-7F41-4F74-A853-CAC5C65FE675}.Release|iPhone.Build.0 = Release|Any CPU
		{251223E9-7F41-4F74-A853-CAC5C65FE675}.Release|iPhoneSimulator.ActiveCfg = Release|Any CPU
		{251223E9-7F41-4F74-A853-CAC5C65FE675}.Release|iPhoneSimulator.Build.0 = Release|Any CPU
		{251223E9-7F41-4F74-A853-CAC5C65FE675}.Release|x64.ActiveCfg = Release|Any CPU
		{251223E9-7F41-4F74-A853-CAC5C65FE675}.Release|x64.Build.0 = Release|Any CPU
		{251223E9-7F41-4F74-A853-CAC5C65FE675}.Release|x86.ActiveCfg = Release|Any CPU
		{251223E9-7F41-4F74-A853-CAC5C65FE675}.Release|x86.Build.0 = Release|Any CPU
		{E3BEEFA0-22BF-4D27-A8F3-4494F2468709}.Ad-Hoc|Any CPU.ActiveCfg = Release|Any CPU
		{E3BEEFA0-22BF-4D27-A8F3-4494F2468709}.Ad-Hoc|Any CPU.Build.0 = Release|Any CPU
		{E3BEEFA0-22BF-4D27-A8F3-4494F2468709}.Ad-Hoc|ARM.ActiveCfg = Release|Any CPU
		{E3BEEFA0-22BF-4D27-A8F3-4494F2468709}.Ad-Hoc|ARM.Build.0 = Release|Any CPU
		{E3BEEFA0-22BF-4D27-A8F3-4494F2468709}.Ad-Hoc|iPhone.ActiveCfg = Release|Any CPU
		{E3BEEFA0-22BF-4D27-A8F3-4494F2468709}.Ad-Hoc|iPhone.Build.0 = Release|Any CPU
		{E3BEEFA0-22BF-4D27-A8F3-4494F2468709}.Ad-Hoc|iPhoneSimulator.ActiveCfg = Release|Any CPU
		{E3BEEFA0-22BF-4D27-A8F3-4494F2468709}.Ad-Hoc|iPhoneSimulator.Build.0 = Release|Any CPU
		{E3BEEFA0-22BF-4D27-A8F3-4494F2468709}.Ad-Hoc|x64.ActiveCfg = Release|Any CPU
		{E3BEEFA0-22BF-4D27-A8F3-4494F2468709}.Ad-Hoc|x64.Build.0 = Release|Any CPU
		{E3BEEFA0-22BF-4D27-A8F3-4494F2468709}.Ad-Hoc|x86.ActiveCfg = Release|Any CPU
		{E3BEEFA0-22BF-4D27-A8F3-4494F2468709}.Ad-Hoc|x86.Build.0 = Release|Any CPU
		{E3BEEFA0-22BF-4D27-A8F3-4494F2468709}.AppStore|Any CPU.ActiveCfg = Release|Any CPU
		{E3BEEFA0-22BF-4D27-A8F3-4494F2468709}.AppStore|Any CPU.Build.0 = Release|Any CPU
		{E3BEEFA0-22BF-4D27-A8F3-4494F2468709}.AppStore|ARM.ActiveCfg = Release|Any CPU
		{E3BEEFA0-22BF-4D27-A8F3-4494F2468709}.AppStore|ARM.Build.0 = Release|Any CPU
		{E3BEEFA0-22BF-4D27-A8F3-4494F2468709}.AppStore|iPhone.ActiveCfg = Release|Any CPU
		{E3BEEFA0-22BF-4D27-A8F3-4494F2468709}.AppStore|iPhone.Build.0 = Release|Any CPU
		{E3BEEFA0-22BF-4D27-A8F3-4494F2468709}.AppStore|iPhoneSimulator.ActiveCfg = Release|Any CPU
		{E3BEEFA0-22BF-4D27-A8F3-4494F2468709}.AppStore|iPhoneSimulator.Build.0 = Release|Any CPU
		{E3BEEFA0-22BF-4D27-A8F3-4494F2468709}.AppStore|x64.ActiveCfg = Release|Any CPU
		{E3BEEFA0-22BF-4D27-A8F3-4494F2468709}.AppStore|x64.Build.0 = Release|Any CPU
		{E3BEEFA0-22BF-4D27-A8F3-4494F2468709}.AppStore|x86.ActiveCfg = Release|Any CPU
		{E3BEEFA0-22BF-4D27-A8F3-4494F2468709}.AppStore|x86.Build.0 = Release|Any CPU
		{E3BEEFA0-22BF-4D27-A8F3-4494F2468709}.Debug|Any CPU.ActiveCfg = Debug|Any CPU
		{E3BEEFA0-22BF-4D27-A8F3-4494F2468709}.Debug|Any CPU.Build.0 = Debug|Any CPU
		{E3BEEFA0-22BF-4D27-A8F3-4494F2468709}.Debug|ARM.ActiveCfg = Debug|Any CPU
		{E3BEEFA0-22BF-4D27-A8F3-4494F2468709}.Debug|ARM.Build.0 = Debug|Any CPU
		{E3BEEFA0-22BF-4D27-A8F3-4494F2468709}.Debug|iPhone.ActiveCfg = Debug|Any CPU
		{E3BEEFA0-22BF-4D27-A8F3-4494F2468709}.Debug|iPhone.Build.0 = Debug|Any CPU
		{E3BEEFA0-22BF-4D27-A8F3-4494F2468709}.Debug|iPhoneSimulator.ActiveCfg = Debug|Any CPU
		{E3BEEFA0-22BF-4D27-A8F3-4494F2468709}.Debug|iPhoneSimulator.Build.0 = Debug|Any CPU
		{E3BEEFA0-22BF-4D27-A8F3-4494F2468709}.Debug|x64.ActiveCfg = Debug|Any CPU
		{E3BEEFA0-22BF-4D27-A8F3-4494F2468709}.Debug|x64.Build.0 = Debug|Any CPU
		{E3BEEFA0-22BF-4D27-A8F3-4494F2468709}.Debug|x86.ActiveCfg = Debug|Any CPU
		{E3BEEFA0-22BF-4D27-A8F3-4494F2468709}.Debug|x86.Build.0 = Debug|Any CPU
		{E3BEEFA0-22BF-4D27-A8F3-4494F2468709}.Release|Any CPU.ActiveCfg = Release|Any CPU
		{E3BEEFA0-22BF-4D27-A8F3-4494F2468709}.Release|Any CPU.Build.0 = Release|Any CPU
		{E3BEEFA0-22BF-4D27-A8F3-4494F2468709}.Release|ARM.ActiveCfg = Release|Any CPU
		{E3BEEFA0-22BF-4D27-A8F3-4494F2468709}.Release|ARM.Build.0 = Release|Any CPU
		{E3BEEFA0-22BF-4D27-A8F3-4494F2468709}.Release|iPhone.ActiveCfg = Release|Any CPU
		{E3BEEFA0-22BF-4D27-A8F3-4494F2468709}.Release|iPhone.Build.0 = Release|Any CPU
		{E3BEEFA0-22BF-4D27-A8F3-4494F2468709}.Release|iPhoneSimulator.ActiveCfg = Release|Any CPU
		{E3BEEFA0-22BF-4D27-A8F3-4494F2468709}.Release|iPhoneSimulator.Build.0 = Release|Any CPU
		{E3BEEFA0-22BF-4D27-A8F3-4494F2468709}.Release|x64.ActiveCfg = Release|Any CPU
		{E3BEEFA0-22BF-4D27-A8F3-4494F2468709}.Release|x64.Build.0 = Release|Any CPU
		{E3BEEFA0-22BF-4D27-A8F3-4494F2468709}.Release|x86.ActiveCfg = Release|Any CPU
		{E3BEEFA0-22BF-4D27-A8F3-4494F2468709}.Release|x86.Build.0 = Release|Any CPU
		{6FBF0079-D2D9-4ED5-89C5-7CD4C4CA39D9}.Ad-Hoc|Any CPU.ActiveCfg = Release|Any CPU
		{6FBF0079-D2D9-4ED5-89C5-7CD4C4CA39D9}.Ad-Hoc|Any CPU.Build.0 = Release|Any CPU
		{6FBF0079-D2D9-4ED5-89C5-7CD4C4CA39D9}.Ad-Hoc|ARM.ActiveCfg = Release|Any CPU
		{6FBF0079-D2D9-4ED5-89C5-7CD4C4CA39D9}.Ad-Hoc|ARM.Build.0 = Release|Any CPU
		{6FBF0079-D2D9-4ED5-89C5-7CD4C4CA39D9}.Ad-Hoc|iPhone.ActiveCfg = Release|Any CPU
		{6FBF0079-D2D9-4ED5-89C5-7CD4C4CA39D9}.Ad-Hoc|iPhone.Build.0 = Release|Any CPU
		{6FBF0079-D2D9-4ED5-89C5-7CD4C4CA39D9}.Ad-Hoc|iPhoneSimulator.ActiveCfg = Release|Any CPU
		{6FBF0079-D2D9-4ED5-89C5-7CD4C4CA39D9}.Ad-Hoc|iPhoneSimulator.Build.0 = Release|Any CPU
		{6FBF0079-D2D9-4ED5-89C5-7CD4C4CA39D9}.Ad-Hoc|x64.ActiveCfg = Release|Any CPU
		{6FBF0079-D2D9-4ED5-89C5-7CD4C4CA39D9}.Ad-Hoc|x64.Build.0 = Release|Any CPU
		{6FBF0079-D2D9-4ED5-89C5-7CD4C4CA39D9}.Ad-Hoc|x86.ActiveCfg = Release|Any CPU
		{6FBF0079-D2D9-4ED5-89C5-7CD4C4CA39D9}.Ad-Hoc|x86.Build.0 = Release|Any CPU
		{6FBF0079-D2D9-4ED5-89C5-7CD4C4CA39D9}.AppStore|Any CPU.ActiveCfg = Release|Any CPU
		{6FBF0079-D2D9-4ED5-89C5-7CD4C4CA39D9}.AppStore|Any CPU.Build.0 = Release|Any CPU
		{6FBF0079-D2D9-4ED5-89C5-7CD4C4CA39D9}.AppStore|ARM.ActiveCfg = Release|Any CPU
		{6FBF0079-D2D9-4ED5-89C5-7CD4C4CA39D9}.AppStore|ARM.Build.0 = Release|Any CPU
		{6FBF0079-D2D9-4ED5-89C5-7CD4C4CA39D9}.AppStore|iPhone.ActiveCfg = Release|Any CPU
		{6FBF0079-D2D9-4ED5-89C5-7CD4C4CA39D9}.AppStore|iPhone.Build.0 = Release|Any CPU
		{6FBF0079-D2D9-4ED5-89C5-7CD4C4CA39D9}.AppStore|iPhoneSimulator.ActiveCfg = Release|Any CPU
		{6FBF0079-D2D9-4ED5-89C5-7CD4C4CA39D9}.AppStore|iPhoneSimulator.Build.0 = Release|Any CPU
		{6FBF0079-D2D9-4ED5-89C5-7CD4C4CA39D9}.AppStore|x64.ActiveCfg = Release|Any CPU
		{6FBF0079-D2D9-4ED5-89C5-7CD4C4CA39D9}.AppStore|x64.Build.0 = Release|Any CPU
		{6FBF0079-D2D9-4ED5-89C5-7CD4C4CA39D9}.AppStore|x86.ActiveCfg = Release|Any CPU
		{6FBF0079-D2D9-4ED5-89C5-7CD4C4CA39D9}.AppStore|x86.Build.0 = Release|Any CPU
		{6FBF0079-D2D9-4ED5-89C5-7CD4C4CA39D9}.Debug|Any CPU.ActiveCfg = Debug|Any CPU
		{6FBF0079-D2D9-4ED5-89C5-7CD4C4CA39D9}.Debug|Any CPU.Build.0 = Debug|Any CPU
		{6FBF0079-D2D9-4ED5-89C5-7CD4C4CA39D9}.Debug|ARM.ActiveCfg = Debug|Any CPU
		{6FBF0079-D2D9-4ED5-89C5-7CD4C4CA39D9}.Debug|ARM.Build.0 = Debug|Any CPU
		{6FBF0079-D2D9-4ED5-89C5-7CD4C4CA39D9}.Debug|iPhone.ActiveCfg = Debug|Any CPU
		{6FBF0079-D2D9-4ED5-89C5-7CD4C4CA39D9}.Debug|iPhone.Build.0 = Debug|Any CPU
		{6FBF0079-D2D9-4ED5-89C5-7CD4C4CA39D9}.Debug|iPhoneSimulator.ActiveCfg = Debug|Any CPU
		{6FBF0079-D2D9-4ED5-89C5-7CD4C4CA39D9}.Debug|iPhoneSimulator.Build.0 = Debug|Any CPU
		{6FBF0079-D2D9-4ED5-89C5-7CD4C4CA39D9}.Debug|x64.ActiveCfg = Debug|Any CPU
		{6FBF0079-D2D9-4ED5-89C5-7CD4C4CA39D9}.Debug|x64.Build.0 = Debug|Any CPU
		{6FBF0079-D2D9-4ED5-89C5-7CD4C4CA39D9}.Debug|x86.ActiveCfg = Debug|Any CPU
		{6FBF0079-D2D9-4ED5-89C5-7CD4C4CA39D9}.Debug|x86.Build.0 = Debug|Any CPU
		{6FBF0079-D2D9-4ED5-89C5-7CD4C4CA39D9}.Release|Any CPU.ActiveCfg = Release|Any CPU
		{6FBF0079-D2D9-4ED5-89C5-7CD4C4CA39D9}.Release|Any CPU.Build.0 = Release|Any CPU
		{6FBF0079-D2D9-4ED5-89C5-7CD4C4CA39D9}.Release|ARM.ActiveCfg = Release|Any CPU
		{6FBF0079-D2D9-4ED5-89C5-7CD4C4CA39D9}.Release|ARM.Build.0 = Release|Any CPU
		{6FBF0079-D2D9-4ED5-89C5-7CD4C4CA39D9}.Release|iPhone.ActiveCfg = Release|Any CPU
		{6FBF0079-D2D9-4ED5-89C5-7CD4C4CA39D9}.Release|iPhone.Build.0 = Release|Any CPU
		{6FBF0079-D2D9-4ED5-89C5-7CD4C4CA39D9}.Release|iPhoneSimulator.ActiveCfg = Release|Any CPU
		{6FBF0079-D2D9-4ED5-89C5-7CD4C4CA39D9}.Release|iPhoneSimulator.Build.0 = Release|Any CPU
		{6FBF0079-D2D9-4ED5-89C5-7CD4C4CA39D9}.Release|x64.ActiveCfg = Release|Any CPU
		{6FBF0079-D2D9-4ED5-89C5-7CD4C4CA39D9}.Release|x64.Build.0 = Release|Any CPU
		{6FBF0079-D2D9-4ED5-89C5-7CD4C4CA39D9}.Release|x86.ActiveCfg = Release|Any CPU
		{6FBF0079-D2D9-4ED5-89C5-7CD4C4CA39D9}.Release|x86.Build.0 = Release|Any CPU
		{87128651-0DE5-410B-AAFC-396591865ECB}.Ad-Hoc|Any CPU.ActiveCfg = Debug|Any CPU
		{87128651-0DE5-410B-AAFC-396591865ECB}.Ad-Hoc|Any CPU.Build.0 = Debug|Any CPU
		{87128651-0DE5-410B-AAFC-396591865ECB}.Ad-Hoc|ARM.ActiveCfg = Debug|Any CPU
		{87128651-0DE5-410B-AAFC-396591865ECB}.Ad-Hoc|ARM.Build.0 = Debug|Any CPU
		{87128651-0DE5-410B-AAFC-396591865ECB}.Ad-Hoc|iPhone.ActiveCfg = Debug|Any CPU
		{87128651-0DE5-410B-AAFC-396591865ECB}.Ad-Hoc|iPhone.Build.0 = Debug|Any CPU
		{87128651-0DE5-410B-AAFC-396591865ECB}.Ad-Hoc|iPhoneSimulator.ActiveCfg = Debug|Any CPU
		{87128651-0DE5-410B-AAFC-396591865ECB}.Ad-Hoc|iPhoneSimulator.Build.0 = Debug|Any CPU
		{87128651-0DE5-410B-AAFC-396591865ECB}.Ad-Hoc|x64.ActiveCfg = Debug|Any CPU
		{87128651-0DE5-410B-AAFC-396591865ECB}.Ad-Hoc|x64.Build.0 = Debug|Any CPU
		{87128651-0DE5-410B-AAFC-396591865ECB}.Ad-Hoc|x86.ActiveCfg = Debug|Any CPU
		{87128651-0DE5-410B-AAFC-396591865ECB}.Ad-Hoc|x86.Build.0 = Debug|Any CPU
		{87128651-0DE5-410B-AAFC-396591865ECB}.AppStore|Any CPU.ActiveCfg = Debug|Any CPU
		{87128651-0DE5-410B-AAFC-396591865ECB}.AppStore|Any CPU.Build.0 = Debug|Any CPU
		{87128651-0DE5-410B-AAFC-396591865ECB}.AppStore|ARM.ActiveCfg = Debug|Any CPU
		{87128651-0DE5-410B-AAFC-396591865ECB}.AppStore|ARM.Build.0 = Debug|Any CPU
		{87128651-0DE5-410B-AAFC-396591865ECB}.AppStore|iPhone.ActiveCfg = Debug|Any CPU
		{87128651-0DE5-410B-AAFC-396591865ECB}.AppStore|iPhone.Build.0 = Debug|Any CPU
		{87128651-0DE5-410B-AAFC-396591865ECB}.AppStore|iPhoneSimulator.ActiveCfg = Debug|Any CPU
		{87128651-0DE5-410B-AAFC-396591865ECB}.AppStore|iPhoneSimulator.Build.0 = Debug|Any CPU
		{87128651-0DE5-410B-AAFC-396591865ECB}.AppStore|x64.ActiveCfg = Debug|Any CPU
		{87128651-0DE5-410B-AAFC-396591865ECB}.AppStore|x64.Build.0 = Debug|Any CPU
		{87128651-0DE5-410B-AAFC-396591865ECB}.AppStore|x86.ActiveCfg = Debug|Any CPU
		{87128651-0DE5-410B-AAFC-396591865ECB}.AppStore|x86.Build.0 = Debug|Any CPU
		{87128651-0DE5-410B-AAFC-396591865ECB}.Debug|Any CPU.ActiveCfg = Debug|Any CPU
		{87128651-0DE5-410B-AAFC-396591865ECB}.Debug|Any CPU.Build.0 = Debug|Any CPU
		{87128651-0DE5-410B-AAFC-396591865ECB}.Debug|ARM.ActiveCfg = Debug|Any CPU
		{87128651-0DE5-410B-AAFC-396591865ECB}.Debug|ARM.Build.0 = Debug|Any CPU
		{87128651-0DE5-410B-AAFC-396591865ECB}.Debug|iPhone.ActiveCfg = Debug|Any CPU
		{87128651-0DE5-410B-AAFC-396591865ECB}.Debug|iPhone.Build.0 = Debug|Any CPU
		{87128651-0DE5-410B-AAFC-396591865ECB}.Debug|iPhoneSimulator.ActiveCfg = Debug|Any CPU
		{87128651-0DE5-410B-AAFC-396591865ECB}.Debug|iPhoneSimulator.Build.0 = Debug|Any CPU
		{87128651-0DE5-410B-AAFC-396591865ECB}.Debug|x64.ActiveCfg = Debug|Any CPU
		{87128651-0DE5-410B-AAFC-396591865ECB}.Debug|x64.Build.0 = Debug|Any CPU
		{87128651-0DE5-410B-AAFC-396591865ECB}.Debug|x86.ActiveCfg = Debug|Any CPU
		{87128651-0DE5-410B-AAFC-396591865ECB}.Debug|x86.Build.0 = Debug|Any CPU
		{87128651-0DE5-410B-AAFC-396591865ECB}.Release|Any CPU.ActiveCfg = Release|Any CPU
		{87128651-0DE5-410B-AAFC-396591865ECB}.Release|Any CPU.Build.0 = Release|Any CPU
		{87128651-0DE5-410B-AAFC-396591865ECB}.Release|ARM.ActiveCfg = Release|Any CPU
		{87128651-0DE5-410B-AAFC-396591865ECB}.Release|ARM.Build.0 = Release|Any CPU
		{87128651-0DE5-410B-AAFC-396591865ECB}.Release|iPhone.ActiveCfg = Release|Any CPU
		{87128651-0DE5-410B-AAFC-396591865ECB}.Release|iPhone.Build.0 = Release|Any CPU
		{87128651-0DE5-410B-AAFC-396591865ECB}.Release|iPhoneSimulator.ActiveCfg = Release|Any CPU
		{87128651-0DE5-410B-AAFC-396591865ECB}.Release|iPhoneSimulator.Build.0 = Release|Any CPU
		{87128651-0DE5-410B-AAFC-396591865ECB}.Release|x64.ActiveCfg = Release|Any CPU
		{87128651-0DE5-410B-AAFC-396591865ECB}.Release|x64.Build.0 = Release|Any CPU
		{87128651-0DE5-410B-AAFC-396591865ECB}.Release|x86.ActiveCfg = Release|Any CPU
		{87128651-0DE5-410B-AAFC-396591865ECB}.Release|x86.Build.0 = Release|Any CPU
		{24CE3C36-16B9-426D-AA0C-5961ECF8D88C}.Ad-Hoc|Any CPU.ActiveCfg = Release|Any CPU
		{24CE3C36-16B9-426D-AA0C-5961ECF8D88C}.Ad-Hoc|Any CPU.Build.0 = Release|Any CPU
		{24CE3C36-16B9-426D-AA0C-5961ECF8D88C}.Ad-Hoc|Any CPU.Deploy.0 = Release|Any CPU
		{24CE3C36-16B9-426D-AA0C-5961ECF8D88C}.Ad-Hoc|ARM.ActiveCfg = Release|Any CPU
		{24CE3C36-16B9-426D-AA0C-5961ECF8D88C}.Ad-Hoc|ARM.Build.0 = Release|Any CPU
		{24CE3C36-16B9-426D-AA0C-5961ECF8D88C}.Ad-Hoc|ARM.Deploy.0 = Release|Any CPU
		{24CE3C36-16B9-426D-AA0C-5961ECF8D88C}.Ad-Hoc|iPhone.ActiveCfg = Release|Any CPU
		{24CE3C36-16B9-426D-AA0C-5961ECF8D88C}.Ad-Hoc|iPhone.Build.0 = Release|Any CPU
		{24CE3C36-16B9-426D-AA0C-5961ECF8D88C}.Ad-Hoc|iPhone.Deploy.0 = Release|Any CPU
		{24CE3C36-16B9-426D-AA0C-5961ECF8D88C}.Ad-Hoc|iPhoneSimulator.ActiveCfg = Release|Any CPU
		{24CE3C36-16B9-426D-AA0C-5961ECF8D88C}.Ad-Hoc|iPhoneSimulator.Build.0 = Release|Any CPU
		{24CE3C36-16B9-426D-AA0C-5961ECF8D88C}.Ad-Hoc|iPhoneSimulator.Deploy.0 = Release|Any CPU
		{24CE3C36-16B9-426D-AA0C-5961ECF8D88C}.Ad-Hoc|x64.ActiveCfg = Release|Any CPU
		{24CE3C36-16B9-426D-AA0C-5961ECF8D88C}.Ad-Hoc|x64.Build.0 = Release|Any CPU
		{24CE3C36-16B9-426D-AA0C-5961ECF8D88C}.Ad-Hoc|x64.Deploy.0 = Release|Any CPU
		{24CE3C36-16B9-426D-AA0C-5961ECF8D88C}.Ad-Hoc|x86.ActiveCfg = Release|Any CPU
		{24CE3C36-16B9-426D-AA0C-5961ECF8D88C}.Ad-Hoc|x86.Build.0 = Release|Any CPU
		{24CE3C36-16B9-426D-AA0C-5961ECF8D88C}.Ad-Hoc|x86.Deploy.0 = Release|Any CPU
		{24CE3C36-16B9-426D-AA0C-5961ECF8D88C}.AppStore|Any CPU.ActiveCfg = Release|Any CPU
		{24CE3C36-16B9-426D-AA0C-5961ECF8D88C}.AppStore|Any CPU.Build.0 = Release|Any CPU
		{24CE3C36-16B9-426D-AA0C-5961ECF8D88C}.AppStore|Any CPU.Deploy.0 = Release|Any CPU
		{24CE3C36-16B9-426D-AA0C-5961ECF8D88C}.AppStore|ARM.ActiveCfg = Release|Any CPU
		{24CE3C36-16B9-426D-AA0C-5961ECF8D88C}.AppStore|ARM.Build.0 = Release|Any CPU
		{24CE3C36-16B9-426D-AA0C-5961ECF8D88C}.AppStore|ARM.Deploy.0 = Release|Any CPU
		{24CE3C36-16B9-426D-AA0C-5961ECF8D88C}.AppStore|iPhone.ActiveCfg = Release|Any CPU
		{24CE3C36-16B9-426D-AA0C-5961ECF8D88C}.AppStore|iPhone.Build.0 = Release|Any CPU
		{24CE3C36-16B9-426D-AA0C-5961ECF8D88C}.AppStore|iPhone.Deploy.0 = Release|Any CPU
		{24CE3C36-16B9-426D-AA0C-5961ECF8D88C}.AppStore|iPhoneSimulator.ActiveCfg = Release|Any CPU
		{24CE3C36-16B9-426D-AA0C-5961ECF8D88C}.AppStore|iPhoneSimulator.Build.0 = Release|Any CPU
		{24CE3C36-16B9-426D-AA0C-5961ECF8D88C}.AppStore|iPhoneSimulator.Deploy.0 = Release|Any CPU
		{24CE3C36-16B9-426D-AA0C-5961ECF8D88C}.AppStore|x64.ActiveCfg = Release|Any CPU
		{24CE3C36-16B9-426D-AA0C-5961ECF8D88C}.AppStore|x64.Build.0 = Release|Any CPU
		{24CE3C36-16B9-426D-AA0C-5961ECF8D88C}.AppStore|x64.Deploy.0 = Release|Any CPU
		{24CE3C36-16B9-426D-AA0C-5961ECF8D88C}.AppStore|x86.ActiveCfg = Release|Any CPU
		{24CE3C36-16B9-426D-AA0C-5961ECF8D88C}.AppStore|x86.Build.0 = Release|Any CPU
		{24CE3C36-16B9-426D-AA0C-5961ECF8D88C}.AppStore|x86.Deploy.0 = Release|Any CPU
		{24CE3C36-16B9-426D-AA0C-5961ECF8D88C}.Debug|Any CPU.ActiveCfg = Debug|Any CPU
		{24CE3C36-16B9-426D-AA0C-5961ECF8D88C}.Debug|Any CPU.Build.0 = Debug|Any CPU
		{24CE3C36-16B9-426D-AA0C-5961ECF8D88C}.Debug|Any CPU.Deploy.0 = Debug|Any CPU
		{24CE3C36-16B9-426D-AA0C-5961ECF8D88C}.Debug|ARM.ActiveCfg = Debug|Any CPU
		{24CE3C36-16B9-426D-AA0C-5961ECF8D88C}.Debug|ARM.Build.0 = Debug|Any CPU
		{24CE3C36-16B9-426D-AA0C-5961ECF8D88C}.Debug|ARM.Deploy.0 = Debug|Any CPU
		{24CE3C36-16B9-426D-AA0C-5961ECF8D88C}.Debug|iPhone.ActiveCfg = Debug|Any CPU
		{24CE3C36-16B9-426D-AA0C-5961ECF8D88C}.Debug|iPhone.Build.0 = Debug|Any CPU
		{24CE3C36-16B9-426D-AA0C-5961ECF8D88C}.Debug|iPhone.Deploy.0 = Debug|Any CPU
		{24CE3C36-16B9-426D-AA0C-5961ECF8D88C}.Debug|iPhoneSimulator.ActiveCfg = Debug|Any CPU
		{24CE3C36-16B9-426D-AA0C-5961ECF8D88C}.Debug|iPhoneSimulator.Build.0 = Debug|Any CPU
		{24CE3C36-16B9-426D-AA0C-5961ECF8D88C}.Debug|iPhoneSimulator.Deploy.0 = Debug|Any CPU
		{24CE3C36-16B9-426D-AA0C-5961ECF8D88C}.Debug|x64.ActiveCfg = Debug|Any CPU
		{24CE3C36-16B9-426D-AA0C-5961ECF8D88C}.Debug|x64.Build.0 = Debug|Any CPU
		{24CE3C36-16B9-426D-AA0C-5961ECF8D88C}.Debug|x64.Deploy.0 = Debug|Any CPU
		{24CE3C36-16B9-426D-AA0C-5961ECF8D88C}.Debug|x86.ActiveCfg = Debug|Any CPU
		{24CE3C36-16B9-426D-AA0C-5961ECF8D88C}.Debug|x86.Build.0 = Debug|Any CPU
		{24CE3C36-16B9-426D-AA0C-5961ECF8D88C}.Debug|x86.Deploy.0 = Debug|Any CPU
		{24CE3C36-16B9-426D-AA0C-5961ECF8D88C}.Release|Any CPU.ActiveCfg = Release|Any CPU
		{24CE3C36-16B9-426D-AA0C-5961ECF8D88C}.Release|Any CPU.Build.0 = Release|Any CPU
		{24CE3C36-16B9-426D-AA0C-5961ECF8D88C}.Release|Any CPU.Deploy.0 = Release|Any CPU
		{24CE3C36-16B9-426D-AA0C-5961ECF8D88C}.Release|ARM.ActiveCfg = Release|Any CPU
		{24CE3C36-16B9-426D-AA0C-5961ECF8D88C}.Release|ARM.Build.0 = Release|Any CPU
		{24CE3C36-16B9-426D-AA0C-5961ECF8D88C}.Release|ARM.Deploy.0 = Release|Any CPU
		{24CE3C36-16B9-426D-AA0C-5961ECF8D88C}.Release|iPhone.ActiveCfg = Release|Any CPU
		{24CE3C36-16B9-426D-AA0C-5961ECF8D88C}.Release|iPhone.Build.0 = Release|Any CPU
		{24CE3C36-16B9-426D-AA0C-5961ECF8D88C}.Release|iPhone.Deploy.0 = Release|Any CPU
		{24CE3C36-16B9-426D-AA0C-5961ECF8D88C}.Release|iPhoneSimulator.ActiveCfg = Release|Any CPU
		{24CE3C36-16B9-426D-AA0C-5961ECF8D88C}.Release|iPhoneSimulator.Build.0 = Release|Any CPU
		{24CE3C36-16B9-426D-AA0C-5961ECF8D88C}.Release|iPhoneSimulator.Deploy.0 = Release|Any CPU
		{24CE3C36-16B9-426D-AA0C-5961ECF8D88C}.Release|x64.ActiveCfg = Release|Any CPU
		{24CE3C36-16B9-426D-AA0C-5961ECF8D88C}.Release|x64.Build.0 = Release|Any CPU
		{24CE3C36-16B9-426D-AA0C-5961ECF8D88C}.Release|x64.Deploy.0 = Release|Any CPU
		{24CE3C36-16B9-426D-AA0C-5961ECF8D88C}.Release|x86.ActiveCfg = Release|Any CPU
		{24CE3C36-16B9-426D-AA0C-5961ECF8D88C}.Release|x86.Build.0 = Release|Any CPU
		{24CE3C36-16B9-426D-AA0C-5961ECF8D88C}.Release|x86.Deploy.0 = Release|Any CPU
		{2EFE2971-908B-41AD-A7DE-3F299D0DB765}.Ad-Hoc|Any CPU.ActiveCfg = Release|iPhone
		{2EFE2971-908B-41AD-A7DE-3F299D0DB765}.Ad-Hoc|Any CPU.Build.0 = Release|iPhone
		{2EFE2971-908B-41AD-A7DE-3F299D0DB765}.Ad-Hoc|ARM.ActiveCfg = Release|iPhone
		{2EFE2971-908B-41AD-A7DE-3F299D0DB765}.Ad-Hoc|ARM.Build.0 = Release|iPhone
		{2EFE2971-908B-41AD-A7DE-3F299D0DB765}.Ad-Hoc|iPhone.ActiveCfg = Release|iPhone
		{2EFE2971-908B-41AD-A7DE-3F299D0DB765}.Ad-Hoc|iPhone.Build.0 = Release|iPhone
		{2EFE2971-908B-41AD-A7DE-3F299D0DB765}.Ad-Hoc|iPhoneSimulator.ActiveCfg = Release|iPhoneSimulator
		{2EFE2971-908B-41AD-A7DE-3F299D0DB765}.Ad-Hoc|iPhoneSimulator.Build.0 = Release|iPhoneSimulator
		{2EFE2971-908B-41AD-A7DE-3F299D0DB765}.Ad-Hoc|x64.ActiveCfg = Release|iPhone
		{2EFE2971-908B-41AD-A7DE-3F299D0DB765}.Ad-Hoc|x64.Build.0 = Release|iPhone
		{2EFE2971-908B-41AD-A7DE-3F299D0DB765}.Ad-Hoc|x86.ActiveCfg = Release|iPhone
		{2EFE2971-908B-41AD-A7DE-3F299D0DB765}.Ad-Hoc|x86.Build.0 = Release|iPhone
		{2EFE2971-908B-41AD-A7DE-3F299D0DB765}.AppStore|Any CPU.ActiveCfg = Release|iPhone
		{2EFE2971-908B-41AD-A7DE-3F299D0DB765}.AppStore|Any CPU.Build.0 = Release|iPhone
		{2EFE2971-908B-41AD-A7DE-3F299D0DB765}.AppStore|ARM.ActiveCfg = Release|iPhone
		{2EFE2971-908B-41AD-A7DE-3F299D0DB765}.AppStore|ARM.Build.0 = Release|iPhone
		{2EFE2971-908B-41AD-A7DE-3F299D0DB765}.AppStore|iPhone.ActiveCfg = Release|iPhone
		{2EFE2971-908B-41AD-A7DE-3F299D0DB765}.AppStore|iPhone.Build.0 = Release|iPhone
		{2EFE2971-908B-41AD-A7DE-3F299D0DB765}.AppStore|iPhoneSimulator.ActiveCfg = Release|iPhoneSimulator
		{2EFE2971-908B-41AD-A7DE-3F299D0DB765}.AppStore|iPhoneSimulator.Build.0 = Release|iPhoneSimulator
		{2EFE2971-908B-41AD-A7DE-3F299D0DB765}.AppStore|x64.ActiveCfg = Release|iPhone
		{2EFE2971-908B-41AD-A7DE-3F299D0DB765}.AppStore|x64.Build.0 = Release|iPhone
		{2EFE2971-908B-41AD-A7DE-3F299D0DB765}.AppStore|x86.ActiveCfg = Release|iPhone
		{2EFE2971-908B-41AD-A7DE-3F299D0DB765}.AppStore|x86.Build.0 = Release|iPhone
		{2EFE2971-908B-41AD-A7DE-3F299D0DB765}.Debug|Any CPU.ActiveCfg = Debug|iPhone
		{2EFE2971-908B-41AD-A7DE-3F299D0DB765}.Debug|ARM.ActiveCfg = Debug|iPhone
		{2EFE2971-908B-41AD-A7DE-3F299D0DB765}.Debug|iPhone.ActiveCfg = Debug|iPhone
		{2EFE2971-908B-41AD-A7DE-3F299D0DB765}.Debug|iPhone.Build.0 = Debug|iPhone
		{2EFE2971-908B-41AD-A7DE-3F299D0DB765}.Debug|iPhoneSimulator.ActiveCfg = Debug|iPhoneSimulator
		{2EFE2971-908B-41AD-A7DE-3F299D0DB765}.Debug|iPhoneSimulator.Build.0 = Debug|iPhoneSimulator
		{2EFE2971-908B-41AD-A7DE-3F299D0DB765}.Debug|x64.ActiveCfg = Debug|iPhone
		{2EFE2971-908B-41AD-A7DE-3F299D0DB765}.Debug|x86.ActiveCfg = Debug|iPhone
		{2EFE2971-908B-41AD-A7DE-3F299D0DB765}.Release|Any CPU.ActiveCfg = Release|iPhone
		{2EFE2971-908B-41AD-A7DE-3F299D0DB765}.Release|ARM.ActiveCfg = Release|iPhone
		{2EFE2971-908B-41AD-A7DE-3F299D0DB765}.Release|iPhone.ActiveCfg = Release|iPhone
		{2EFE2971-908B-41AD-A7DE-3F299D0DB765}.Release|iPhone.Build.0 = Release|iPhone
		{2EFE2971-908B-41AD-A7DE-3F299D0DB765}.Release|iPhoneSimulator.ActiveCfg = Release|iPhoneSimulator
		{2EFE2971-908B-41AD-A7DE-3F299D0DB765}.Release|iPhoneSimulator.Build.0 = Release|iPhoneSimulator
		{2EFE2971-908B-41AD-A7DE-3F299D0DB765}.Release|x64.ActiveCfg = Release|iPhone
		{2EFE2971-908B-41AD-A7DE-3F299D0DB765}.Release|x86.ActiveCfg = Release|iPhone
		{907981AF-3F6C-4AA8-829D-C915C00759BA}.Ad-Hoc|Any CPU.ActiveCfg = Release|x86
		{907981AF-3F6C-4AA8-829D-C915C00759BA}.Ad-Hoc|Any CPU.Build.0 = Release|x86
		{907981AF-3F6C-4AA8-829D-C915C00759BA}.Ad-Hoc|Any CPU.Deploy.0 = Release|x86
		{907981AF-3F6C-4AA8-829D-C915C00759BA}.Ad-Hoc|ARM.ActiveCfg = Release|ARM
		{907981AF-3F6C-4AA8-829D-C915C00759BA}.Ad-Hoc|ARM.Build.0 = Release|ARM
		{907981AF-3F6C-4AA8-829D-C915C00759BA}.Ad-Hoc|ARM.Deploy.0 = Release|ARM
		{907981AF-3F6C-4AA8-829D-C915C00759BA}.Ad-Hoc|iPhone.ActiveCfg = Release|x86
		{907981AF-3F6C-4AA8-829D-C915C00759BA}.Ad-Hoc|iPhone.Build.0 = Release|x86
		{907981AF-3F6C-4AA8-829D-C915C00759BA}.Ad-Hoc|iPhone.Deploy.0 = Release|x86
		{907981AF-3F6C-4AA8-829D-C915C00759BA}.Ad-Hoc|iPhoneSimulator.ActiveCfg = Release|x86
		{907981AF-3F6C-4AA8-829D-C915C00759BA}.Ad-Hoc|iPhoneSimulator.Build.0 = Release|x86
		{907981AF-3F6C-4AA8-829D-C915C00759BA}.Ad-Hoc|iPhoneSimulator.Deploy.0 = Release|x86
		{907981AF-3F6C-4AA8-829D-C915C00759BA}.Ad-Hoc|x64.ActiveCfg = Release|x64
		{907981AF-3F6C-4AA8-829D-C915C00759BA}.Ad-Hoc|x64.Build.0 = Release|x64
		{907981AF-3F6C-4AA8-829D-C915C00759BA}.Ad-Hoc|x64.Deploy.0 = Release|x64
		{907981AF-3F6C-4AA8-829D-C915C00759BA}.Ad-Hoc|x86.ActiveCfg = Release|x86
		{907981AF-3F6C-4AA8-829D-C915C00759BA}.Ad-Hoc|x86.Build.0 = Release|x86
		{907981AF-3F6C-4AA8-829D-C915C00759BA}.Ad-Hoc|x86.Deploy.0 = Release|x86
		{907981AF-3F6C-4AA8-829D-C915C00759BA}.AppStore|Any CPU.ActiveCfg = Release|x86
		{907981AF-3F6C-4AA8-829D-C915C00759BA}.AppStore|Any CPU.Build.0 = Release|x86
		{907981AF-3F6C-4AA8-829D-C915C00759BA}.AppStore|Any CPU.Deploy.0 = Release|x86
		{907981AF-3F6C-4AA8-829D-C915C00759BA}.AppStore|ARM.ActiveCfg = Release|ARM
		{907981AF-3F6C-4AA8-829D-C915C00759BA}.AppStore|ARM.Build.0 = Release|ARM
		{907981AF-3F6C-4AA8-829D-C915C00759BA}.AppStore|ARM.Deploy.0 = Release|ARM
		{907981AF-3F6C-4AA8-829D-C915C00759BA}.AppStore|iPhone.ActiveCfg = Release|x86
		{907981AF-3F6C-4AA8-829D-C915C00759BA}.AppStore|iPhone.Build.0 = Release|x86
		{907981AF-3F6C-4AA8-829D-C915C00759BA}.AppStore|iPhone.Deploy.0 = Release|x86
		{907981AF-3F6C-4AA8-829D-C915C00759BA}.AppStore|iPhoneSimulator.ActiveCfg = Release|x86
		{907981AF-3F6C-4AA8-829D-C915C00759BA}.AppStore|iPhoneSimulator.Build.0 = Release|x86
		{907981AF-3F6C-4AA8-829D-C915C00759BA}.AppStore|iPhoneSimulator.Deploy.0 = Release|x86
		{907981AF-3F6C-4AA8-829D-C915C00759BA}.AppStore|x64.ActiveCfg = Release|x64
		{907981AF-3F6C-4AA8-829D-C915C00759BA}.AppStore|x64.Build.0 = Release|x64
		{907981AF-3F6C-4AA8-829D-C915C00759BA}.AppStore|x64.Deploy.0 = Release|x64
		{907981AF-3F6C-4AA8-829D-C915C00759BA}.AppStore|x86.ActiveCfg = Release|x86
		{907981AF-3F6C-4AA8-829D-C915C00759BA}.AppStore|x86.Build.0 = Release|x86
		{907981AF-3F6C-4AA8-829D-C915C00759BA}.AppStore|x86.Deploy.0 = Release|x86
		{907981AF-3F6C-4AA8-829D-C915C00759BA}.Debug|Any CPU.ActiveCfg = Debug|x86
		{907981AF-3F6C-4AA8-829D-C915C00759BA}.Debug|ARM.ActiveCfg = Debug|ARM
		{907981AF-3F6C-4AA8-829D-C915C00759BA}.Debug|ARM.Build.0 = Debug|ARM
		{907981AF-3F6C-4AA8-829D-C915C00759BA}.Debug|ARM.Deploy.0 = Debug|ARM
		{907981AF-3F6C-4AA8-829D-C915C00759BA}.Debug|iPhone.ActiveCfg = Debug|x86
		{907981AF-3F6C-4AA8-829D-C915C00759BA}.Debug|iPhoneSimulator.ActiveCfg = Debug|x86
		{907981AF-3F6C-4AA8-829D-C915C00759BA}.Debug|x64.ActiveCfg = Debug|x64
		{907981AF-3F6C-4AA8-829D-C915C00759BA}.Debug|x64.Build.0 = Debug|x64
		{907981AF-3F6C-4AA8-829D-C915C00759BA}.Debug|x64.Deploy.0 = Debug|x64
		{907981AF-3F6C-4AA8-829D-C915C00759BA}.Debug|x86.ActiveCfg = Debug|x86
		{907981AF-3F6C-4AA8-829D-C915C00759BA}.Debug|x86.Build.0 = Debug|x86
		{907981AF-3F6C-4AA8-829D-C915C00759BA}.Debug|x86.Deploy.0 = Debug|x86
		{907981AF-3F6C-4AA8-829D-C915C00759BA}.Release|Any CPU.ActiveCfg = Release|x86
		{907981AF-3F6C-4AA8-829D-C915C00759BA}.Release|ARM.ActiveCfg = Release|ARM
		{907981AF-3F6C-4AA8-829D-C915C00759BA}.Release|ARM.Build.0 = Release|ARM
		{907981AF-3F6C-4AA8-829D-C915C00759BA}.Release|ARM.Deploy.0 = Release|ARM
		{907981AF-3F6C-4AA8-829D-C915C00759BA}.Release|iPhone.ActiveCfg = Release|x86
		{907981AF-3F6C-4AA8-829D-C915C00759BA}.Release|iPhoneSimulator.ActiveCfg = Release|x86
		{907981AF-3F6C-4AA8-829D-C915C00759BA}.Release|x64.ActiveCfg = Release|x64
		{907981AF-3F6C-4AA8-829D-C915C00759BA}.Release|x64.Build.0 = Release|x64
		{907981AF-3F6C-4AA8-829D-C915C00759BA}.Release|x64.Deploy.0 = Release|x64
		{907981AF-3F6C-4AA8-829D-C915C00759BA}.Release|x86.ActiveCfg = Release|x86
		{907981AF-3F6C-4AA8-829D-C915C00759BA}.Release|x86.Build.0 = Release|x86
		{907981AF-3F6C-4AA8-829D-C915C00759BA}.Release|x86.Deploy.0 = Release|x86
	EndGlobalSection
	GlobalSection(SolutionProperties) = preSolution
		HideSolutionNode = FALSE
	EndGlobalSection
	GlobalSection(NestedProjects) = preSolution
		{434B42F2-13D5-4FB9-A973-C6D8342A8784} = {BFC0C107-A38B-49AB-8B86-1633C90F8A52}
		{F5045C53-082C-46F3-9277-A1AE37FE34BD} = {72793908-6808-413A-8608-BE58DC989F96}
		{F0003DA5-1307-44D9-A6CC-69F2CDBC1FC3} = {72793908-6808-413A-8608-BE58DC989F96}
		{73BEBC97-5FCA-4949-8715-768F190D9782} = {72793908-6808-413A-8608-BE58DC989F96}
		{251223E9-7F41-4F74-A853-CAC5C65FE675} = {ADAC1747-5E30-48ED-A01A-2F97365AFF29}
		{E3BEEFA0-22BF-4D27-A8F3-4494F2468709} = {27D17E96-8751-4EFD-BA87-6719FF58F256}
		{6FBF0079-D2D9-4ED5-89C5-7CD4C4CA39D9} = {27D17E96-8751-4EFD-BA87-6719FF58F256}
		{87128651-0DE5-410B-AAFC-396591865ECB} = {E457E313-1CCB-4BB8-AA97-618E1A672DCF}
		{24CE3C36-16B9-426D-AA0C-5961ECF8D88C} = {E457E313-1CCB-4BB8-AA97-618E1A672DCF}
		{2EFE2971-908B-41AD-A7DE-3F299D0DB765} = {E457E313-1CCB-4BB8-AA97-618E1A672DCF}
		{907981AF-3F6C-4AA8-829D-C915C00759BA} = {E457E313-1CCB-4BB8-AA97-618E1A672DCF}
	EndGlobalSection
	GlobalSection(ExtensibilityGlobals) = postSolution
		SolutionGuid = {0DC85EF8-0EB0-4E35-8BAB-AF629DB334B2}
	EndGlobalSection
EndGlobal
