
Microsoft Visual Studio Solution File, Format Version 12.00
# Visual Studio 15
VisualStudioVersion = 15.0.27703.2042
MinimumVisualStudioVersion = 10.0.40219.1
Project("{FAE04EC0-301F-11D3-BF4B-00C04F79EFBC}") = "Teste", "Teste\Teste.csproj", "{492308B7-4ABF-46E1-A1B7-52D51C5913C7}"
EndProject
Project("{FAE04EC0-301F-11D3-BF4B-00C04F79EFBC}") = "Teste.Tests", "Teste.Tests\Teste.Tests.csproj", "{A085FC12-461F-475B-A6B0-5EBA7B8068B7}"
EndProject
Project("{FAE04EC0-301F-11D3-BF4B-00C04F79EFBC}") = "WelicApp.Android", "WelicApp\WelicApp.Android\WelicApp.Android.csproj", "{D63D32B5-A0BD-42AB-961C-A230DD96F224}"
EndProject
Project("{FAE04EC0-301F-11D3-BF4B-00C04F79EFBC}") = "WelicApp.iOS", "WelicApp\WelicApp.iOS\WelicApp.iOS.csproj", "{823CBADE-A476-4DC6-9CFC-22973F163101}"
EndProject
Project("{FAE04EC0-301F-11D3-BF4B-00C04F79EFBC}") = "WelicApp.UWP", "WelicApp\WelicApp.UWP\WelicApp.UWP.csproj", "{F5C857AE-B52D-4B9F-8033-6AE528656406}"
EndProject
Project("{9A19103F-16F7-4668-BE54-9A1E7A4F7556}") = "WelicApp", "WelicApp\WelicApp\WelicApp.csproj", "{74411F69-1511-4DFC-9756-B7D38AD72312}"
EndProject
Project("{2150E333-8FDC-42A3-9474-1A3956D46DE8}") = "Mobile", "Mobile", "{E457E313-1CCB-4BB8-AA97-618E1A672DCF}"
EndProject
Project("{2150E333-8FDC-42A3-9474-1A3956D46DE8}") = "WebSite", "WebSite", "{27D17E96-8751-4EFD-BA87-6719FF58F256}"
EndProject
Project("{FAE04EC0-301F-11D3-BF4B-00C04F79EFBC}") = "Welic.Dominio", "Welic.Dominio\Welic.Dominio.csproj", "{434B42F2-13D5-4FB9-A973-C6D8342A8784}"
EndProject
Project("{FAE04EC0-301F-11D3-BF4B-00C04F79EFBC}") = "Welic.Repositorios", "Welic.Repositorios\Welic.Repositorios.csproj", "{F5045C53-082C-46F3-9277-A1AE37FE34BD}"
EndProject
Project("{2150E333-8FDC-42A3-9474-1A3956D46DE8}") = "API", "API", "{FF9189FF-BB78-4C34-8ED0-8FF8D4B81792}"
EndProject
Project("{FAE04EC0-301F-11D3-BF4B-00C04F79EFBC}") = "Welic.Api", "Welic.Api\Welic.Api.csproj", "{802B17BD-E713-4846-9BDE-406D155AD463}"
EndProject
Project("{FAE04EC0-301F-11D3-BF4B-00C04F79EFBC}") = "Welic.Api.Tests", "Welic.Api.Tests\Welic.Api.Tests.csproj", "{F2AE7B4E-AF05-45DE-81FC-1F259CBBA869}"
EndProject
Project("{2150E333-8FDC-42A3-9474-1A3956D46DE8}") = "Domains", "Domains", "{BFC0C107-A38B-49AB-8B86-1633C90F8A52}"
EndProject
Project("{2150E333-8FDC-42A3-9474-1A3956D46DE8}") = "Infra", "Infra", "{72793908-6808-413A-8608-BE58DC989F96}"
EndProject
Project("{FAE04EC0-301F-11D3-BF4B-00C04F79EFBC}") = "Welic.Infra", "Welic.Infra\Welic.Infra.csproj", "{F0003DA5-1307-44D9-A6CC-69F2CDBC1FC3}"
EndProject
Project("{FAE04EC0-301F-11D3-BF4B-00C04F79EFBC}") = "Welic.Servicos", "Servicos\Welic.Servicos.csproj", "{73BEBC97-5FCA-4949-8715-768F190D9782}"
EndProject
Project("{FAE04EC0-301F-11D3-BF4B-00C04F79EFBC}") = "Welic.WebSite", "Welic.WebSite\Welic.WebSite.csproj", "{8A91CA06-2401-430D-A46F-D5A4C815BD4D}"
EndProject
Project("{FAE04EC0-301F-11D3-BF4B-00C04F79EFBC}") = "Welic.WebSite.Tests", "Welic.WebSite.Tests\Welic.WebSite.Tests.csproj", "{FACAD0CD-0BC8-419A-8AB7-1BED3EBA67DB}"
EndProject
Global
	GlobalSection(SolutionConfigurationPlatforms) = preSolution
		Ad-Hoc|Any CPU = Ad-Hoc|Any CPU
		Ad-Hoc|ARM = Ad-Hoc|ARM
		Ad-Hoc|iPhone = Ad-Hoc|iPhone
		Ad-Hoc|iPhoneSimulator = Ad-Hoc|iPhoneSimulator
		Ad-Hoc|x64 = Ad-Hoc|x64
		Ad-Hoc|x86 = Ad-Hoc|x86
		AppStore|Any CPU = AppStore|Any CPU
		AppStore|ARM = AppStore|ARM
		AppStore|iPhone = AppStore|iPhone
		AppStore|iPhoneSimulator = AppStore|iPhoneSimulator
		AppStore|x64 = AppStore|x64
		AppStore|x86 = AppStore|x86
		Debug|Any CPU = Debug|Any CPU
		Debug|ARM = Debug|ARM
		Debug|iPhone = Debug|iPhone
		Debug|iPhoneSimulator = Debug|iPhoneSimulator
		Debug|x64 = Debug|x64
		Debug|x86 = Debug|x86
		Release|Any CPU = Release|Any CPU
		Release|ARM = Release|ARM
		Release|iPhone = Release|iPhone
		Release|iPhoneSimulator = Release|iPhoneSimulator
		Release|x64 = Release|x64
		Release|x86 = Release|x86
	EndGlobalSection
	GlobalSection(ProjectConfigurationPlatforms) = postSolution
		{492308B7-4ABF-46E1-A1B7-52D51C5913C7}.Ad-Hoc|Any CPU.ActiveCfg = Release|Any CPU
		{492308B7-4ABF-46E1-A1B7-52D51C5913C7}.Ad-Hoc|Any CPU.Build.0 = Release|Any CPU
		{492308B7-4ABF-46E1-A1B7-52D51C5913C7}.Ad-Hoc|ARM.ActiveCfg = Release|Any CPU
		{492308B7-4ABF-46E1-A1B7-52D51C5913C7}.Ad-Hoc|ARM.Build.0 = Release|Any CPU
		{492308B7-4ABF-46E1-A1B7-52D51C5913C7}.Ad-Hoc|iPhone.ActiveCfg = Release|Any CPU
		{492308B7-4ABF-46E1-A1B7-52D51C5913C7}.Ad-Hoc|iPhone.Build.0 = Release|Any CPU
		{492308B7-4ABF-46E1-A1B7-52D51C5913C7}.Ad-Hoc|iPhoneSimulator.ActiveCfg = Release|Any CPU
		{492308B7-4ABF-46E1-A1B7-52D51C5913C7}.Ad-Hoc|iPhoneSimulator.Build.0 = Release|Any CPU
		{492308B7-4ABF-46E1-A1B7-52D51C5913C7}.Ad-Hoc|x64.ActiveCfg = Release|Any CPU
		{492308B7-4ABF-46E1-A1B7-52D51C5913C7}.Ad-Hoc|x64.Build.0 = Release|Any CPU
		{492308B7-4ABF-46E1-A1B7-52D51C5913C7}.Ad-Hoc|x86.ActiveCfg = Release|Any CPU
		{492308B7-4ABF-46E1-A1B7-52D51C5913C7}.Ad-Hoc|x86.Build.0 = Release|Any CPU
		{492308B7-4ABF-46E1-A1B7-52D51C5913C7}.AppStore|Any CPU.ActiveCfg = Release|Any CPU
		{492308B7-4ABF-46E1-A1B7-52D51C5913C7}.AppStore|Any CPU.Build.0 = Release|Any CPU
		{492308B7-4ABF-46E1-A1B7-52D51C5913C7}.AppStore|ARM.ActiveCfg = Release|Any CPU
		{492308B7-4ABF-46E1-A1B7-52D51C5913C7}.AppStore|ARM.Build.0 = Release|Any CPU
		{492308B7-4ABF-46E1-A1B7-52D51C5913C7}.AppStore|iPhone.ActiveCfg = Release|Any CPU
		{492308B7-4ABF-46E1-A1B7-52D51C5913C7}.AppStore|iPhone.Build.0 = Release|Any CPU
		{492308B7-4ABF-46E1-A1B7-52D51C5913C7}.AppStore|iPhoneSimulator.ActiveCfg = Release|Any CPU
		{492308B7-4ABF-46E1-A1B7-52D51C5913C7}.AppStore|iPhoneSimulator.Build.0 = Release|Any CPU
		{492308B7-4ABF-46E1-A1B7-52D51C5913C7}.AppStore|x64.ActiveCfg = Release|Any CPU
		{492308B7-4ABF-46E1-A1B7-52D51C5913C7}.AppStore|x64.Build.0 = Release|Any CPU
		{492308B7-4ABF-46E1-A1B7-52D51C5913C7}.AppStore|x86.ActiveCfg = Release|Any CPU
		{492308B7-4ABF-46E1-A1B7-52D51C5913C7}.AppStore|x86.Build.0 = Release|Any CPU
		{492308B7-4ABF-46E1-A1B7-52D51C5913C7}.Debug|Any CPU.ActiveCfg = Debug|Any CPU
		{492308B7-4ABF-46E1-A1B7-52D51C5913C7}.Debug|Any CPU.Build.0 = Debug|Any CPU
		{492308B7-4ABF-46E1-A1B7-52D51C5913C7}.Debug|ARM.ActiveCfg = Debug|Any CPU
		{492308B7-4ABF-46E1-A1B7-52D51C5913C7}.Debug|ARM.Build.0 = Debug|Any CPU
		{492308B7-4ABF-46E1-A1B7-52D51C5913C7}.Debug|iPhone.ActiveCfg = Debug|Any CPU
		{492308B7-4ABF-46E1-A1B7-52D51C5913C7}.Debug|iPhone.Build.0 = Debug|Any CPU
		{492308B7-4ABF-46E1-A1B7-52D51C5913C7}.Debug|iPhoneSimulator.ActiveCfg = Debug|Any CPU
		{492308B7-4ABF-46E1-A1B7-52D51C5913C7}.Debug|iPhoneSimulator.Build.0 = Debug|Any CPU
		{492308B7-4ABF-46E1-A1B7-52D51C5913C7}.Debug|x64.ActiveCfg = Debug|Any CPU
		{492308B7-4ABF-46E1-A1B7-52D51C5913C7}.Debug|x64.Build.0 = Debug|Any CPU
		{492308B7-4ABF-46E1-A1B7-52D51C5913C7}.Debug|x86.ActiveCfg = Debug|Any CPU
		{492308B7-4ABF-46E1-A1B7-52D51C5913C7}.Debug|x86.Build.0 = Debug|Any CPU
		{492308B7-4ABF-46E1-A1B7-52D51C5913C7}.Release|Any CPU.ActiveCfg = Release|Any CPU
		{492308B7-4ABF-46E1-A1B7-52D51C5913C7}.Release|Any CPU.Build.0 = Release|Any CPU
		{492308B7-4ABF-46E1-A1B7-52D51C5913C7}.Release|ARM.ActiveCfg = Release|Any CPU
		{492308B7-4ABF-46E1-A1B7-52D51C5913C7}.Release|ARM.Build.0 = Release|Any CPU
		{492308B7-4ABF-46E1-A1B7-52D51C5913C7}.Release|iPhone.ActiveCfg = Release|Any CPU
		{492308B7-4ABF-46E1-A1B7-52D51C5913C7}.Release|iPhone.Build.0 = Release|Any CPU
		{492308B7-4ABF-46E1-A1B7-52D51C5913C7}.Release|iPhoneSimulator.ActiveCfg = Release|Any CPU
		{492308B7-4ABF-46E1-A1B7-52D51C5913C7}.Release|iPhoneSimulator.Build.0 = Release|Any CPU
		{492308B7-4ABF-46E1-A1B7-52D51C5913C7}.Release|x64.ActiveCfg = Release|Any CPU
		{492308B7-4ABF-46E1-A1B7-52D51C5913C7}.Release|x64.Build.0 = Release|Any CPU
		{492308B7-4ABF-46E1-A1B7-52D51C5913C7}.Release|x86.ActiveCfg = Release|Any CPU
		{492308B7-4ABF-46E1-A1B7-52D51C5913C7}.Release|x86.Build.0 = Release|Any CPU
		{A085FC12-461F-475B-A6B0-5EBA7B8068B7}.Ad-Hoc|Any CPU.ActiveCfg = Release|Any CPU
		{A085FC12-461F-475B-A6B0-5EBA7B8068B7}.Ad-Hoc|Any CPU.Build.0 = Release|Any CPU
		{A085FC12-461F-475B-A6B0-5EBA7B8068B7}.Ad-Hoc|ARM.ActiveCfg = Release|Any CPU
		{A085FC12-461F-475B-A6B0-5EBA7B8068B7}.Ad-Hoc|ARM.Build.0 = Release|Any CPU
		{A085FC12-461F-475B-A6B0-5EBA7B8068B7}.Ad-Hoc|iPhone.ActiveCfg = Release|Any CPU
		{A085FC12-461F-475B-A6B0-5EBA7B8068B7}.Ad-Hoc|iPhone.Build.0 = Release|Any CPU
		{A085FC12-461F-475B-A6B0-5EBA7B8068B7}.Ad-Hoc|iPhoneSimulator.ActiveCfg = Release|Any CPU
		{A085FC12-461F-475B-A6B0-5EBA7B8068B7}.Ad-Hoc|iPhoneSimulator.Build.0 = Release|Any CPU
		{A085FC12-461F-475B-A6B0-5EBA7B8068B7}.Ad-Hoc|x64.ActiveCfg = Release|Any CPU
		{A085FC12-461F-475B-A6B0-5EBA7B8068B7}.Ad-Hoc|x64.Build.0 = Release|Any CPU
		{A085FC12-461F-475B-A6B0-5EBA7B8068B7}.Ad-Hoc|x86.ActiveCfg = Release|Any CPU
		{A085FC12-461F-475B-A6B0-5EBA7B8068B7}.Ad-Hoc|x86.Build.0 = Release|Any CPU
		{A085FC12-461F-475B-A6B0-5EBA7B8068B7}.AppStore|Any CPU.ActiveCfg = Release|Any CPU
		{A085FC12-461F-475B-A6B0-5EBA7B8068B7}.AppStore|Any CPU.Build.0 = Release|Any CPU
		{A085FC12-461F-475B-A6B0-5EBA7B8068B7}.AppStore|ARM.ActiveCfg = Release|Any CPU
		{A085FC12-461F-475B-A6B0-5EBA7B8068B7}.AppStore|ARM.Build.0 = Release|Any CPU
		{A085FC12-461F-475B-A6B0-5EBA7B8068B7}.AppStore|iPhone.ActiveCfg = Release|Any CPU
		{A085FC12-461F-475B-A6B0-5EBA7B8068B7}.AppStore|iPhone.Build.0 = Release|Any CPU
		{A085FC12-461F-475B-A6B0-5EBA7B8068B7}.AppStore|iPhoneSimulator.ActiveCfg = Release|Any CPU
		{A085FC12-461F-475B-A6B0-5EBA7B8068B7}.AppStore|iPhoneSimulator.Build.0 = Release|Any CPU
		{A085FC12-461F-475B-A6B0-5EBA7B8068B7}.AppStore|x64.ActiveCfg = Release|Any CPU
		{A085FC12-461F-475B-A6B0-5EBA7B8068B7}.AppStore|x64.Build.0 = Release|Any CPU
		{A085FC12-461F-475B-A6B0-5EBA7B8068B7}.AppStore|x86.ActiveCfg = Release|Any CPU
		{A085FC12-461F-475B-A6B0-5EBA7B8068B7}.AppStore|x86.Build.0 = Release|Any CPU
		{A085FC12-461F-475B-A6B0-5EBA7B8068B7}.Debug|Any CPU.ActiveCfg = Debug|Any CPU
		{A085FC12-461F-475B-A6B0-5EBA7B8068B7}.Debug|ARM.ActiveCfg = Debug|Any CPU
		{A085FC12-461F-475B-A6B0-5EBA7B8068B7}.Debug|ARM.Build.0 = Debug|Any CPU
		{A085FC12-461F-475B-A6B0-5EBA7B8068B7}.Debug|iPhone.ActiveCfg = Debug|Any CPU
		{A085FC12-461F-475B-A6B0-5EBA7B8068B7}.Debug|iPhone.Build.0 = Debug|Any CPU
		{A085FC12-461F-475B-A6B0-5EBA7B8068B7}.Debug|iPhoneSimulator.ActiveCfg = Debug|Any CPU
		{A085FC12-461F-475B-A6B0-5EBA7B8068B7}.Debug|iPhoneSimulator.Build.0 = Debug|Any CPU
		{A085FC12-461F-475B-A6B0-5EBA7B8068B7}.Debug|x64.ActiveCfg = Debug|Any CPU
		{A085FC12-461F-475B-A6B0-5EBA7B8068B7}.Debug|x64.Build.0 = Debug|Any CPU
		{A085FC12-461F-475B-A6B0-5EBA7B8068B7}.Debug|x86.ActiveCfg = Debug|Any CPU
		{A085FC12-461F-475B-A6B0-5EBA7B8068B7}.Debug|x86.Build.0 = Debug|Any CPU
		{A085FC12-461F-475B-A6B0-5EBA7B8068B7}.Release|Any CPU.ActiveCfg = Release|Any CPU
		{A085FC12-461F-475B-A6B0-5EBA7B8068B7}.Release|Any CPU.Build.0 = Release|Any CPU
		{A085FC12-461F-475B-A6B0-5EBA7B8068B7}.Release|ARM.ActiveCfg = Release|Any CPU
		{A085FC12-461F-475B-A6B0-5EBA7B8068B7}.Release|ARM.Build.0 = Release|Any CPU
		{A085FC12-461F-475B-A6B0-5EBA7B8068B7}.Release|iPhone.ActiveCfg = Release|Any CPU
		{A085FC12-461F-475B-A6B0-5EBA7B8068B7}.Release|iPhone.Build.0 = Release|Any CPU
		{A085FC12-461F-475B-A6B0-5EBA7B8068B7}.Release|iPhoneSimulator.ActiveCfg = Release|Any CPU
		{A085FC12-461F-475B-A6B0-5EBA7B8068B7}.Release|iPhoneSimulator.Build.0 = Release|Any CPU
		{A085FC12-461F-475B-A6B0-5EBA7B8068B7}.Release|x64.ActiveCfg = Release|Any CPU
		{A085FC12-461F-475B-A6B0-5EBA7B8068B7}.Release|x64.Build.0 = Release|Any CPU
		{A085FC12-461F-475B-A6B0-5EBA7B8068B7}.Release|x86.ActiveCfg = Release|Any CPU
		{A085FC12-461F-475B-A6B0-5EBA7B8068B7}.Release|x86.Build.0 = Release|Any CPU
		{D63D32B5-A0BD-42AB-961C-A230DD96F224}.Ad-Hoc|Any CPU.ActiveCfg = Release|Any CPU
		{D63D32B5-A0BD-42AB-961C-A230DD96F224}.Ad-Hoc|Any CPU.Build.0 = Release|Any CPU
		{D63D32B5-A0BD-42AB-961C-A230DD96F224}.Ad-Hoc|Any CPU.Deploy.0 = Release|Any CPU
		{D63D32B5-A0BD-42AB-961C-A230DD96F224}.Ad-Hoc|ARM.ActiveCfg = Release|Any CPU
		{D63D32B5-A0BD-42AB-961C-A230DD96F224}.Ad-Hoc|ARM.Build.0 = Release|Any CPU
		{D63D32B5-A0BD-42AB-961C-A230DD96F224}.Ad-Hoc|ARM.Deploy.0 = Release|Any CPU
		{D63D32B5-A0BD-42AB-961C-A230DD96F224}.Ad-Hoc|iPhone.ActiveCfg = Release|Any CPU
		{D63D32B5-A0BD-42AB-961C-A230DD96F224}.Ad-Hoc|iPhone.Build.0 = Release|Any CPU
		{D63D32B5-A0BD-42AB-961C-A230DD96F224}.Ad-Hoc|iPhone.Deploy.0 = Release|Any CPU
		{D63D32B5-A0BD-42AB-961C-A230DD96F224}.Ad-Hoc|iPhoneSimulator.ActiveCfg = Release|Any CPU
		{D63D32B5-A0BD-42AB-961C-A230DD96F224}.Ad-Hoc|iPhoneSimulator.Build.0 = Release|Any CPU
		{D63D32B5-A0BD-42AB-961C-A230DD96F224}.Ad-Hoc|iPhoneSimulator.Deploy.0 = Release|Any CPU
		{D63D32B5-A0BD-42AB-961C-A230DD96F224}.Ad-Hoc|x64.ActiveCfg = Release|Any CPU
		{D63D32B5-A0BD-42AB-961C-A230DD96F224}.Ad-Hoc|x64.Build.0 = Release|Any CPU
		{D63D32B5-A0BD-42AB-961C-A230DD96F224}.Ad-Hoc|x64.Deploy.0 = Release|Any CPU
		{D63D32B5-A0BD-42AB-961C-A230DD96F224}.Ad-Hoc|x86.ActiveCfg = Release|Any CPU
		{D63D32B5-A0BD-42AB-961C-A230DD96F224}.Ad-Hoc|x86.Build.0 = Release|Any CPU
		{D63D32B5-A0BD-42AB-961C-A230DD96F224}.Ad-Hoc|x86.Deploy.0 = Release|Any CPU
		{D63D32B5-A0BD-42AB-961C-A230DD96F224}.AppStore|Any CPU.ActiveCfg = Release|Any CPU
		{D63D32B5-A0BD-42AB-961C-A230DD96F224}.AppStore|Any CPU.Build.0 = Release|Any CPU
		{D63D32B5-A0BD-42AB-961C-A230DD96F224}.AppStore|Any CPU.Deploy.0 = Release|Any CPU
		{D63D32B5-A0BD-42AB-961C-A230DD96F224}.AppStore|ARM.ActiveCfg = Release|Any CPU
		{D63D32B5-A0BD-42AB-961C-A230DD96F224}.AppStore|ARM.Build.0 = Release|Any CPU
		{D63D32B5-A0BD-42AB-961C-A230DD96F224}.AppStore|ARM.Deploy.0 = Release|Any CPU
		{D63D32B5-A0BD-42AB-961C-A230DD96F224}.AppStore|iPhone.ActiveCfg = Release|Any CPU
		{D63D32B5-A0BD-42AB-961C-A230DD96F224}.AppStore|iPhone.Build.0 = Release|Any CPU
		{D63D32B5-A0BD-42AB-961C-A230DD96F224}.AppStore|iPhone.Deploy.0 = Release|Any CPU
		{D63D32B5-A0BD-42AB-961C-A230DD96F224}.AppStore|iPhoneSimulator.ActiveCfg = Release|Any CPU
		{D63D32B5-A0BD-42AB-961C-A230DD96F224}.AppStore|iPhoneSimulator.Build.0 = Release|Any CPU
		{D63D32B5-A0BD-42AB-961C-A230DD96F224}.AppStore|iPhoneSimulator.Deploy.0 = Release|Any CPU
		{D63D32B5-A0BD-42AB-961C-A230DD96F224}.AppStore|x64.ActiveCfg = Release|Any CPU
		{D63D32B5-A0BD-42AB-961C-A230DD96F224}.AppStore|x64.Build.0 = Release|Any CPU
		{D63D32B5-A0BD-42AB-961C-A230DD96F224}.AppStore|x64.Deploy.0 = Release|Any CPU
		{D63D32B5-A0BD-42AB-961C-A230DD96F224}.AppStore|x86.ActiveCfg = Release|Any CPU
		{D63D32B5-A0BD-42AB-961C-A230DD96F224}.AppStore|x86.Build.0 = Release|Any CPU
		{D63D32B5-A0BD-42AB-961C-A230DD96F224}.AppStore|x86.Deploy.0 = Release|Any CPU
		{D63D32B5-A0BD-42AB-961C-A230DD96F224}.Debug|Any CPU.ActiveCfg = Debug|Any CPU
		{D63D32B5-A0BD-42AB-961C-A230DD96F224}.Debug|Any CPU.Build.0 = Debug|Any CPU
		{D63D32B5-A0BD-42AB-961C-A230DD96F224}.Debug|Any CPU.Deploy.0 = Debug|Any CPU
		{D63D32B5-A0BD-42AB-961C-A230DD96F224}.Debug|ARM.ActiveCfg = Debug|Any CPU
		{D63D32B5-A0BD-42AB-961C-A230DD96F224}.Debug|ARM.Build.0 = Debug|Any CPU
		{D63D32B5-A0BD-42AB-961C-A230DD96F224}.Debug|ARM.Deploy.0 = Debug|Any CPU
		{D63D32B5-A0BD-42AB-961C-A230DD96F224}.Debug|iPhone.ActiveCfg = Debug|Any CPU
		{D63D32B5-A0BD-42AB-961C-A230DD96F224}.Debug|iPhone.Build.0 = Debug|Any CPU
		{D63D32B5-A0BD-42AB-961C-A230DD96F224}.Debug|iPhone.Deploy.0 = Debug|Any CPU
		{D63D32B5-A0BD-42AB-961C-A230DD96F224}.Debug|iPhoneSimulator.ActiveCfg = Debug|Any CPU
		{D63D32B5-A0BD-42AB-961C-A230DD96F224}.Debug|iPhoneSimulator.Build.0 = Debug|Any CPU
		{D63D32B5-A0BD-42AB-961C-A230DD96F224}.Debug|iPhoneSimulator.Deploy.0 = Debug|Any CPU
		{D63D32B5-A0BD-42AB-961C-A230DD96F224}.Debug|x64.ActiveCfg = Debug|Any CPU
		{D63D32B5-A0BD-42AB-961C-A230DD96F224}.Debug|x64.Build.0 = Debug|Any CPU
		{D63D32B5-A0BD-42AB-961C-A230DD96F224}.Debug|x64.Deploy.0 = Debug|Any CPU
		{D63D32B5-A0BD-42AB-961C-A230DD96F224}.Debug|x86.ActiveCfg = Debug|Any CPU
		{D63D32B5-A0BD-42AB-961C-A230DD96F224}.Debug|x86.Build.0 = Debug|Any CPU
		{D63D32B5-A0BD-42AB-961C-A230DD96F224}.Debug|x86.Deploy.0 = Debug|Any CPU
		{D63D32B5-A0BD-42AB-961C-A230DD96F224}.Release|Any CPU.ActiveCfg = Release|Any CPU
		{D63D32B5-A0BD-42AB-961C-A230DD96F224}.Release|Any CPU.Build.0 = Release|Any CPU
		{D63D32B5-A0BD-42AB-961C-A230DD96F224}.Release|Any CPU.Deploy.0 = Release|Any CPU
		{D63D32B5-A0BD-42AB-961C-A230DD96F224}.Release|ARM.ActiveCfg = Release|Any CPU
		{D63D32B5-A0BD-42AB-961C-A230DD96F224}.Release|ARM.Build.0 = Release|Any CPU
		{D63D32B5-A0BD-42AB-961C-A230DD96F224}.Release|ARM.Deploy.0 = Release|Any CPU
		{D63D32B5-A0BD-42AB-961C-A230DD96F224}.Release|iPhone.ActiveCfg = Release|Any CPU
		{D63D32B5-A0BD-42AB-961C-A230DD96F224}.Release|iPhone.Build.0 = Release|Any CPU
		{D63D32B5-A0BD-42AB-961C-A230DD96F224}.Release|iPhone.Deploy.0 = Release|Any CPU
		{D63D32B5-A0BD-42AB-961C-A230DD96F224}.Release|iPhoneSimulator.ActiveCfg = Release|Any CPU
		{D63D32B5-A0BD-42AB-961C-A230DD96F224}.Release|iPhoneSimulator.Build.0 = Release|Any CPU
		{D63D32B5-A0BD-42AB-961C-A230DD96F224}.Release|iPhoneSimulator.Deploy.0 = Release|Any CPU
		{D63D32B5-A0BD-42AB-961C-A230DD96F224}.Release|x64.ActiveCfg = Release|Any CPU
		{D63D32B5-A0BD-42AB-961C-A230DD96F224}.Release|x64.Build.0 = Release|Any CPU
		{D63D32B5-A0BD-42AB-961C-A230DD96F224}.Release|x64.Deploy.0 = Release|Any CPU
		{D63D32B5-A0BD-42AB-961C-A230DD96F224}.Release|x86.ActiveCfg = Release|Any CPU
		{D63D32B5-A0BD-42AB-961C-A230DD96F224}.Release|x86.Build.0 = Release|Any CPU
		{D63D32B5-A0BD-42AB-961C-A230DD96F224}.Release|x86.Deploy.0 = Release|Any CPU
		{823CBADE-A476-4DC6-9CFC-22973F163101}.Ad-Hoc|Any CPU.ActiveCfg = Ad-Hoc|iPhone
		{823CBADE-A476-4DC6-9CFC-22973F163101}.Ad-Hoc|ARM.ActiveCfg = Ad-Hoc|iPhone
		{823CBADE-A476-4DC6-9CFC-22973F163101}.Ad-Hoc|iPhone.ActiveCfg = Ad-Hoc|iPhone
		{823CBADE-A476-4DC6-9CFC-22973F163101}.Ad-Hoc|iPhone.Build.0 = Ad-Hoc|iPhone
		{823CBADE-A476-4DC6-9CFC-22973F163101}.Ad-Hoc|iPhoneSimulator.ActiveCfg = Ad-Hoc|iPhoneSimulator
		{823CBADE-A476-4DC6-9CFC-22973F163101}.Ad-Hoc|iPhoneSimulator.Build.0 = Ad-Hoc|iPhoneSimulator
		{823CBADE-A476-4DC6-9CFC-22973F163101}.Ad-Hoc|x64.ActiveCfg = Ad-Hoc|iPhone
		{823CBADE-A476-4DC6-9CFC-22973F163101}.Ad-Hoc|x86.ActiveCfg = Ad-Hoc|iPhone
		{823CBADE-A476-4DC6-9CFC-22973F163101}.AppStore|Any CPU.ActiveCfg = AppStore|iPhone
		{823CBADE-A476-4DC6-9CFC-22973F163101}.AppStore|ARM.ActiveCfg = AppStore|iPhone
		{823CBADE-A476-4DC6-9CFC-22973F163101}.AppStore|iPhone.ActiveCfg = AppStore|iPhone
		{823CBADE-A476-4DC6-9CFC-22973F163101}.AppStore|iPhone.Build.0 = AppStore|iPhone
		{823CBADE-A476-4DC6-9CFC-22973F163101}.AppStore|iPhoneSimulator.ActiveCfg = AppStore|iPhoneSimulator
		{823CBADE-A476-4DC6-9CFC-22973F163101}.AppStore|iPhoneSimulator.Build.0 = AppStore|iPhoneSimulator
		{823CBADE-A476-4DC6-9CFC-22973F163101}.AppStore|x64.ActiveCfg = AppStore|iPhone
		{823CBADE-A476-4DC6-9CFC-22973F163101}.AppStore|x86.ActiveCfg = AppStore|iPhone
		{823CBADE-A476-4DC6-9CFC-22973F163101}.Debug|Any CPU.ActiveCfg = Debug|iPhone
		{823CBADE-A476-4DC6-9CFC-22973F163101}.Debug|ARM.ActiveCfg = Debug|iPhone
		{823CBADE-A476-4DC6-9CFC-22973F163101}.Debug|iPhone.ActiveCfg = Debug|iPhone
		{823CBADE-A476-4DC6-9CFC-22973F163101}.Debug|iPhone.Build.0 = Debug|iPhone
		{823CBADE-A476-4DC6-9CFC-22973F163101}.Debug|iPhoneSimulator.ActiveCfg = Debug|iPhoneSimulator
		{823CBADE-A476-4DC6-9CFC-22973F163101}.Debug|iPhoneSimulator.Build.0 = Debug|iPhoneSimulator
		{823CBADE-A476-4DC6-9CFC-22973F163101}.Debug|x64.ActiveCfg = Debug|iPhone
		{823CBADE-A476-4DC6-9CFC-22973F163101}.Debug|x86.ActiveCfg = Debug|iPhone
		{823CBADE-A476-4DC6-9CFC-22973F163101}.Release|Any CPU.ActiveCfg = Release|iPhone
		{823CBADE-A476-4DC6-9CFC-22973F163101}.Release|ARM.ActiveCfg = Release|iPhone
		{823CBADE-A476-4DC6-9CFC-22973F163101}.Release|iPhone.ActiveCfg = Release|iPhone
		{823CBADE-A476-4DC6-9CFC-22973F163101}.Release|iPhone.Build.0 = Release|iPhone
		{823CBADE-A476-4DC6-9CFC-22973F163101}.Release|iPhoneSimulator.ActiveCfg = Release|iPhoneSimulator
		{823CBADE-A476-4DC6-9CFC-22973F163101}.Release|iPhoneSimulator.Build.0 = Release|iPhoneSimulator
		{823CBADE-A476-4DC6-9CFC-22973F163101}.Release|x64.ActiveCfg = Release|iPhone
		{823CBADE-A476-4DC6-9CFC-22973F163101}.Release|x86.ActiveCfg = Release|iPhone
		{F5C857AE-B52D-4B9F-8033-6AE528656406}.Ad-Hoc|Any CPU.ActiveCfg = Release|x86
		{F5C857AE-B52D-4B9F-8033-6AE528656406}.Ad-Hoc|Any CPU.Build.0 = Release|x86
		{F5C857AE-B52D-4B9F-8033-6AE528656406}.Ad-Hoc|Any CPU.Deploy.0 = Release|x86
		{F5C857AE-B52D-4B9F-8033-6AE528656406}.Ad-Hoc|ARM.ActiveCfg = Release|ARM
		{F5C857AE-B52D-4B9F-8033-6AE528656406}.Ad-Hoc|ARM.Build.0 = Release|ARM
		{F5C857AE-B52D-4B9F-8033-6AE528656406}.Ad-Hoc|ARM.Deploy.0 = Release|ARM
		{F5C857AE-B52D-4B9F-8033-6AE528656406}.Ad-Hoc|iPhone.ActiveCfg = Release|x86
		{F5C857AE-B52D-4B9F-8033-6AE528656406}.Ad-Hoc|iPhone.Build.0 = Release|x86
		{F5C857AE-B52D-4B9F-8033-6AE528656406}.Ad-Hoc|iPhone.Deploy.0 = Release|x86
		{F5C857AE-B52D-4B9F-8033-6AE528656406}.Ad-Hoc|iPhoneSimulator.ActiveCfg = Release|x86
		{F5C857AE-B52D-4B9F-8033-6AE528656406}.Ad-Hoc|iPhoneSimulator.Build.0 = Release|x86
		{F5C857AE-B52D-4B9F-8033-6AE528656406}.Ad-Hoc|iPhoneSimulator.Deploy.0 = Release|x86
		{F5C857AE-B52D-4B9F-8033-6AE528656406}.Ad-Hoc|x64.ActiveCfg = Release|x64
		{F5C857AE-B52D-4B9F-8033-6AE528656406}.Ad-Hoc|x64.Build.0 = Release|x64
		{F5C857AE-B52D-4B9F-8033-6AE528656406}.Ad-Hoc|x64.Deploy.0 = Release|x64
		{F5C857AE-B52D-4B9F-8033-6AE528656406}.Ad-Hoc|x86.ActiveCfg = Release|x86
		{F5C857AE-B52D-4B9F-8033-6AE528656406}.Ad-Hoc|x86.Build.0 = Release|x86
		{F5C857AE-B52D-4B9F-8033-6AE528656406}.Ad-Hoc|x86.Deploy.0 = Release|x86
		{F5C857AE-B52D-4B9F-8033-6AE528656406}.AppStore|Any CPU.ActiveCfg = Release|x86
		{F5C857AE-B52D-4B9F-8033-6AE528656406}.AppStore|Any CPU.Build.0 = Release|x86
		{F5C857AE-B52D-4B9F-8033-6AE528656406}.AppStore|Any CPU.Deploy.0 = Release|x86
		{F5C857AE-B52D-4B9F-8033-6AE528656406}.AppStore|ARM.ActiveCfg = Release|ARM
		{F5C857AE-B52D-4B9F-8033-6AE528656406}.AppStore|ARM.Build.0 = Release|ARM
		{F5C857AE-B52D-4B9F-8033-6AE528656406}.AppStore|ARM.Deploy.0 = Release|ARM
		{F5C857AE-B52D-4B9F-8033-6AE528656406}.AppStore|iPhone.ActiveCfg = Release|x86
		{F5C857AE-B52D-4B9F-8033-6AE528656406}.AppStore|iPhone.Build.0 = Release|x86
		{F5C857AE-B52D-4B9F-8033-6AE528656406}.AppStore|iPhone.Deploy.0 = Release|x86
		{F5C857AE-B52D-4B9F-8033-6AE528656406}.AppStore|iPhoneSimulator.ActiveCfg = Release|x86
		{F5C857AE-B52D-4B9F-8033-6AE528656406}.AppStore|iPhoneSimulator.Build.0 = Release|x86
		{F5C857AE-B52D-4B9F-8033-6AE528656406}.AppStore|iPhoneSimulator.Deploy.0 = Release|x86
		{F5C857AE-B52D-4B9F-8033-6AE528656406}.AppStore|x64.ActiveCfg = Release|x64
		{F5C857AE-B52D-4B9F-8033-6AE528656406}.AppStore|x64.Build.0 = Release|x64
		{F5C857AE-B52D-4B9F-8033-6AE528656406}.AppStore|x64.Deploy.0 = Release|x64
		{F5C857AE-B52D-4B9F-8033-6AE528656406}.AppStore|x86.ActiveCfg = Release|x86
		{F5C857AE-B52D-4B9F-8033-6AE528656406}.AppStore|x86.Build.0 = Release|x86
		{F5C857AE-B52D-4B9F-8033-6AE528656406}.AppStore|x86.Deploy.0 = Release|x86
		{F5C857AE-B52D-4B9F-8033-6AE528656406}.Debug|Any CPU.ActiveCfg = Debug|x86
		{F5C857AE-B52D-4B9F-8033-6AE528656406}.Debug|ARM.ActiveCfg = Debug|ARM
		{F5C857AE-B52D-4B9F-8033-6AE528656406}.Debug|ARM.Build.0 = Debug|ARM
		{F5C857AE-B52D-4B9F-8033-6AE528656406}.Debug|ARM.Deploy.0 = Debug|ARM
		{F5C857AE-B52D-4B9F-8033-6AE528656406}.Debug|iPhone.ActiveCfg = Debug|x86
		{F5C857AE-B52D-4B9F-8033-6AE528656406}.Debug|iPhoneSimulator.ActiveCfg = Debug|x86
		{F5C857AE-B52D-4B9F-8033-6AE528656406}.Debug|x64.ActiveCfg = Debug|x64
		{F5C857AE-B52D-4B9F-8033-6AE528656406}.Debug|x64.Build.0 = Debug|x64
		{F5C857AE-B52D-4B9F-8033-6AE528656406}.Debug|x64.Deploy.0 = Debug|x64
		{F5C857AE-B52D-4B9F-8033-6AE528656406}.Debug|x86.ActiveCfg = Debug|x86
		{F5C857AE-B52D-4B9F-8033-6AE528656406}.Debug|x86.Build.0 = Debug|x86
		{F5C857AE-B52D-4B9F-8033-6AE528656406}.Debug|x86.Deploy.0 = Debug|x86
		{F5C857AE-B52D-4B9F-8033-6AE528656406}.Release|Any CPU.ActiveCfg = Release|x86
		{F5C857AE-B52D-4B9F-8033-6AE528656406}.Release|ARM.ActiveCfg = Release|ARM
		{F5C857AE-B52D-4B9F-8033-6AE528656406}.Release|ARM.Build.0 = Release|ARM
		{F5C857AE-B52D-4B9F-8033-6AE528656406}.Release|ARM.Deploy.0 = Release|ARM
		{F5C857AE-B52D-4B9F-8033-6AE528656406}.Release|iPhone.ActiveCfg = Release|x86
		{F5C857AE-B52D-4B9F-8033-6AE528656406}.Release|iPhoneSimulator.ActiveCfg = Release|x86
		{F5C857AE-B52D-4B9F-8033-6AE528656406}.Release|x64.ActiveCfg = Release|x64
		{F5C857AE-B52D-4B9F-8033-6AE528656406}.Release|x64.Build.0 = Release|x64
		{F5C857AE-B52D-4B9F-8033-6AE528656406}.Release|x64.Deploy.0 = Release|x64
		{F5C857AE-B52D-4B9F-8033-6AE528656406}.Release|x86.ActiveCfg = Release|x86
		{F5C857AE-B52D-4B9F-8033-6AE528656406}.Release|x86.Build.0 = Release|x86
		{F5C857AE-B52D-4B9F-8033-6AE528656406}.Release|x86.Deploy.0 = Release|x86
		{74411F69-1511-4DFC-9756-B7D38AD72312}.Ad-Hoc|Any CPU.ActiveCfg = Debug|Any CPU
		{74411F69-1511-4DFC-9756-B7D38AD72312}.Ad-Hoc|Any CPU.Build.0 = Debug|Any CPU
		{74411F69-1511-4DFC-9756-B7D38AD72312}.Ad-Hoc|ARM.ActiveCfg = Debug|Any CPU
		{74411F69-1511-4DFC-9756-B7D38AD72312}.Ad-Hoc|ARM.Build.0 = Debug|Any CPU
		{74411F69-1511-4DFC-9756-B7D38AD72312}.Ad-Hoc|iPhone.ActiveCfg = Debug|Any CPU
		{74411F69-1511-4DFC-9756-B7D38AD72312}.Ad-Hoc|iPhone.Build.0 = Debug|Any CPU
		{74411F69-1511-4DFC-9756-B7D38AD72312}.Ad-Hoc|iPhoneSimulator.ActiveCfg = Debug|Any CPU
		{74411F69-1511-4DFC-9756-B7D38AD72312}.Ad-Hoc|iPhoneSimulator.Build.0 = Debug|Any CPU
		{74411F69-1511-4DFC-9756-B7D38AD72312}.Ad-Hoc|x64.ActiveCfg = Debug|Any CPU
		{74411F69-1511-4DFC-9756-B7D38AD72312}.Ad-Hoc|x64.Build.0 = Debug|Any CPU
		{74411F69-1511-4DFC-9756-B7D38AD72312}.Ad-Hoc|x86.ActiveCfg = Debug|Any CPU
		{74411F69-1511-4DFC-9756-B7D38AD72312}.Ad-Hoc|x86.Build.0 = Debug|Any CPU
		{74411F69-1511-4DFC-9756-B7D38AD72312}.AppStore|Any CPU.ActiveCfg = Debug|Any CPU
		{74411F69-1511-4DFC-9756-B7D38AD72312}.AppStore|Any CPU.Build.0 = Debug|Any CPU
		{74411F69-1511-4DFC-9756-B7D38AD72312}.AppStore|ARM.ActiveCfg = Debug|Any CPU
		{74411F69-1511-4DFC-9756-B7D38AD72312}.AppStore|ARM.Build.0 = Debug|Any CPU
		{74411F69-1511-4DFC-9756-B7D38AD72312}.AppStore|iPhone.ActiveCfg = Debug|Any CPU
		{74411F69-1511-4DFC-9756-B7D38AD72312}.AppStore|iPhone.Build.0 = Debug|Any CPU
		{74411F69-1511-4DFC-9756-B7D38AD72312}.AppStore|iPhoneSimulator.ActiveCfg = Debug|Any CPU
		{74411F69-1511-4DFC-9756-B7D38AD72312}.AppStore|iPhoneSimulator.Build.0 = Debug|Any CPU
		{74411F69-1511-4DFC-9756-B7D38AD72312}.AppStore|x64.ActiveCfg = Debug|Any CPU
		{74411F69-1511-4DFC-9756-B7D38AD72312}.AppStore|x64.Build.0 = Debug|Any CPU
		{74411F69-1511-4DFC-9756-B7D38AD72312}.AppStore|x86.ActiveCfg = Debug|Any CPU
		{74411F69-1511-4DFC-9756-B7D38AD72312}.AppStore|x86.Build.0 = Debug|Any CPU
		{74411F69-1511-4DFC-9756-B7D38AD72312}.Debug|Any CPU.ActiveCfg = Debug|Any CPU
		{74411F69-1511-4DFC-9756-B7D38AD72312}.Debug|Any CPU.Build.0 = Debug|Any CPU
		{74411F69-1511-4DFC-9756-B7D38AD72312}.Debug|ARM.ActiveCfg = Debug|Any CPU
		{74411F69-1511-4DFC-9756-B7D38AD72312}.Debug|ARM.Build.0 = Debug|Any CPU
		{74411F69-1511-4DFC-9756-B7D38AD72312}.Debug|iPhone.ActiveCfg = Debug|Any CPU
		{74411F69-1511-4DFC-9756-B7D38AD72312}.Debug|iPhone.Build.0 = Debug|Any CPU
		{74411F69-1511-4DFC-9756-B7D38AD72312}.Debug|iPhoneSimulator.ActiveCfg = Debug|Any CPU
		{74411F69-1511-4DFC-9756-B7D38AD72312}.Debug|iPhoneSimulator.Build.0 = Debug|Any CPU
		{74411F69-1511-4DFC-9756-B7D38AD72312}.Debug|x64.ActiveCfg = Debug|Any CPU
		{74411F69-1511-4DFC-9756-B7D38AD72312}.Debug|x64.Build.0 = Debug|Any CPU
		{74411F69-1511-4DFC-9756-B7D38AD72312}.Debug|x86.ActiveCfg = Debug|Any CPU
		{74411F69-1511-4DFC-9756-B7D38AD72312}.Debug|x86.Build.0 = Debug|Any CPU
		{74411F69-1511-4DFC-9756-B7D38AD72312}.Release|Any CPU.ActiveCfg = Release|Any CPU
		{74411F69-1511-4DFC-9756-B7D38AD72312}.Release|Any CPU.Build.0 = Release|Any CPU
		{74411F69-1511-4DFC-9756-B7D38AD72312}.Release|ARM.ActiveCfg = Release|Any CPU
		{74411F69-1511-4DFC-9756-B7D38AD72312}.Release|ARM.Build.0 = Release|Any CPU
		{74411F69-1511-4DFC-9756-B7D38AD72312}.Release|iPhone.ActiveCfg = Release|Any CPU
		{74411F69-1511-4DFC-9756-B7D38AD72312}.Release|iPhone.Build.0 = Release|Any CPU
		{74411F69-1511-4DFC-9756-B7D38AD72312}.Release|iPhoneSimulator.ActiveCfg = Release|Any CPU
		{74411F69-1511-4DFC-9756-B7D38AD72312}.Release|iPhoneSimulator.Build.0 = Release|Any CPU
		{74411F69-1511-4DFC-9756-B7D38AD72312}.Release|x64.ActiveCfg = Release|Any CPU
		{74411F69-1511-4DFC-9756-B7D38AD72312}.Release|x64.Build.0 = Release|Any CPU
		{74411F69-1511-4DFC-9756-B7D38AD72312}.Release|x86.ActiveCfg = Release|Any CPU
		{74411F69-1511-4DFC-9756-B7D38AD72312}.Release|x86.Build.0 = Release|Any CPU
		{434B42F2-13D5-4FB9-A973-C6D8342A8784}.Ad-Hoc|Any CPU.ActiveCfg = Release|Any CPU
		{434B42F2-13D5-4FB9-A973-C6D8342A8784}.Ad-Hoc|Any CPU.Build.0 = Release|Any CPU
		{434B42F2-13D5-4FB9-A973-C6D8342A8784}.Ad-Hoc|ARM.ActiveCfg = Release|Any CPU
		{434B42F2-13D5-4FB9-A973-C6D8342A8784}.Ad-Hoc|ARM.Build.0 = Release|Any CPU
		{434B42F2-13D5-4FB9-A973-C6D8342A8784}.Ad-Hoc|iPhone.ActiveCfg = Release|Any CPU
		{434B42F2-13D5-4FB9-A973-C6D8342A8784}.Ad-Hoc|iPhone.Build.0 = Release|Any CPU
		{434B42F2-13D5-4FB9-A973-C6D8342A8784}.Ad-Hoc|iPhoneSimulator.ActiveCfg = Release|Any CPU
		{434B42F2-13D5-4FB9-A973-C6D8342A8784}.Ad-Hoc|iPhoneSimulator.Build.0 = Release|Any CPU
		{434B42F2-13D5-4FB9-A973-C6D8342A8784}.Ad-Hoc|x64.ActiveCfg = Release|Any CPU
		{434B42F2-13D5-4FB9-A973-C6D8342A8784}.Ad-Hoc|x64.Build.0 = Release|Any CPU
		{434B42F2-13D5-4FB9-A973-C6D8342A8784}.Ad-Hoc|x86.ActiveCfg = Release|Any CPU
		{434B42F2-13D5-4FB9-A973-C6D8342A8784}.Ad-Hoc|x86.Build.0 = Release|Any CPU
		{434B42F2-13D5-4FB9-A973-C6D8342A8784}.AppStore|Any CPU.ActiveCfg = Release|Any CPU
		{434B42F2-13D5-4FB9-A973-C6D8342A8784}.AppStore|Any CPU.Build.0 = Release|Any CPU
		{434B42F2-13D5-4FB9-A973-C6D8342A8784}.AppStore|ARM.ActiveCfg = Release|Any CPU
		{434B42F2-13D5-4FB9-A973-C6D8342A8784}.AppStore|ARM.Build.0 = Release|Any CPU
		{434B42F2-13D5-4FB9-A973-C6D8342A8784}.AppStore|iPhone.ActiveCfg = Release|Any CPU
		{434B42F2-13D5-4FB9-A973-C6D8342A8784}.AppStore|iPhone.Build.0 = Release|Any CPU
		{434B42F2-13D5-4FB9-A973-C6D8342A8784}.AppStore|iPhoneSimulator.ActiveCfg = Release|Any CPU
		{434B42F2-13D5-4FB9-A973-C6D8342A8784}.AppStore|iPhoneSimulator.Build.0 = Release|Any CPU
		{434B42F2-13D5-4FB9-A973-C6D8342A8784}.AppStore|x64.ActiveCfg = Release|Any CPU
		{434B42F2-13D5-4FB9-A973-C6D8342A8784}.AppStore|x64.Build.0 = Release|Any CPU
		{434B42F2-13D5-4FB9-A973-C6D8342A8784}.AppStore|x86.ActiveCfg = Release|Any CPU
		{434B42F2-13D5-4FB9-A973-C6D8342A8784}.AppStore|x86.Build.0 = Release|Any CPU
		{434B42F2-13D5-4FB9-A973-C6D8342A8784}.Debug|Any CPU.ActiveCfg = Debug|Any CPU
		{434B42F2-13D5-4FB9-A973-C6D8342A8784}.Debug|Any CPU.Build.0 = Debug|Any CPU
		{434B42F2-13D5-4FB9-A973-C6D8342A8784}.Debug|ARM.ActiveCfg = Debug|Any CPU
		{434B42F2-13D5-4FB9-A973-C6D8342A8784}.Debug|ARM.Build.0 = Debug|Any CPU
		{434B42F2-13D5-4FB9-A973-C6D8342A8784}.Debug|iPhone.ActiveCfg = Debug|Any CPU
		{434B42F2-13D5-4FB9-A973-C6D8342A8784}.Debug|iPhone.Build.0 = Debug|Any CPU
		{434B42F2-13D5-4FB9-A973-C6D8342A8784}.Debug|iPhoneSimulator.ActiveCfg = Debug|Any CPU
		{434B42F2-13D5-4FB9-A973-C6D8342A8784}.Debug|iPhoneSimulator.Build.0 = Debug|Any CPU
		{434B42F2-13D5-4FB9-A973-C6D8342A8784}.Debug|x64.ActiveCfg = Debug|Any CPU
		{434B42F2-13D5-4FB9-A973-C6D8342A8784}.Debug|x64.Build.0 = Debug|Any CPU
		{434B42F2-13D5-4FB9-A973-C6D8342A8784}.Debug|x86.ActiveCfg = Debug|Any CPU
		{434B42F2-13D5-4FB9-A973-C6D8342A8784}.Debug|x86.Build.0 = Debug|Any CPU
		{434B42F2-13D5-4FB9-A973-C6D8342A8784}.Release|Any CPU.ActiveCfg = Release|Any CPU
		{434B42F2-13D5-4FB9-A973-C6D8342A8784}.Release|Any CPU.Build.0 = Release|Any CPU
		{434B42F2-13D5-4FB9-A973-C6D8342A8784}.Release|ARM.ActiveCfg = Release|Any CPU
		{434B42F2-13D5-4FB9-A973-C6D8342A8784}.Release|ARM.Build.0 = Release|Any CPU
		{434B42F2-13D5-4FB9-A973-C6D8342A8784}.Release|iPhone.ActiveCfg = Release|Any CPU
		{434B42F2-13D5-4FB9-A973-C6D8342A8784}.Release|iPhone.Build.0 = Release|Any CPU
		{434B42F2-13D5-4FB9-A973-C6D8342A8784}.Release|iPhoneSimulator.ActiveCfg = Release|Any CPU
		{434B42F2-13D5-4FB9-A973-C6D8342A8784}.Release|iPhoneSimulator.Build.0 = Release|Any CPU
		{434B42F2-13D5-4FB9-A973-C6D8342A8784}.Release|x64.ActiveCfg = Release|Any CPU
		{434B42F2-13D5-4FB9-A973-C6D8342A8784}.Release|x64.Build.0 = Release|Any CPU
		{434B42F2-13D5-4FB9-A973-C6D8342A8784}.Release|x86.ActiveCfg = Release|Any CPU
		{434B42F2-13D5-4FB9-A973-C6D8342A8784}.Release|x86.Build.0 = Release|Any CPU
		{F5045C53-082C-46F3-9277-A1AE37FE34BD}.Ad-Hoc|Any CPU.ActiveCfg = Release|Any CPU
		{F5045C53-082C-46F3-9277-A1AE37FE34BD}.Ad-Hoc|Any CPU.Build.0 = Release|Any CPU
		{F5045C53-082C-46F3-9277-A1AE37FE34BD}.Ad-Hoc|ARM.ActiveCfg = Release|Any CPU
		{F5045C53-082C-46F3-9277-A1AE37FE34BD}.Ad-Hoc|ARM.Build.0 = Release|Any CPU
		{F5045C53-082C-46F3-9277-A1AE37FE34BD}.Ad-Hoc|iPhone.ActiveCfg = Release|Any CPU
		{F5045C53-082C-46F3-9277-A1AE37FE34BD}.Ad-Hoc|iPhone.Build.0 = Release|Any CPU
		{F5045C53-082C-46F3-9277-A1AE37FE34BD}.Ad-Hoc|iPhoneSimulator.ActiveCfg = Release|Any CPU
		{F5045C53-082C-46F3-9277-A1AE37FE34BD}.Ad-Hoc|iPhoneSimulator.Build.0 = Release|Any CPU
		{F5045C53-082C-46F3-9277-A1AE37FE34BD}.Ad-Hoc|x64.ActiveCfg = Release|Any CPU
		{F5045C53-082C-46F3-9277-A1AE37FE34BD}.Ad-Hoc|x64.Build.0 = Release|Any CPU
		{F5045C53-082C-46F3-9277-A1AE37FE34BD}.Ad-Hoc|x86.ActiveCfg = Release|Any CPU
		{F5045C53-082C-46F3-9277-A1AE37FE34BD}.Ad-Hoc|x86.Build.0 = Release|Any CPU
		{F5045C53-082C-46F3-9277-A1AE37FE34BD}.AppStore|Any CPU.ActiveCfg = Release|Any CPU
		{F5045C53-082C-46F3-9277-A1AE37FE34BD}.AppStore|Any CPU.Build.0 = Release|Any CPU
		{F5045C53-082C-46F3-9277-A1AE37FE34BD}.AppStore|ARM.ActiveCfg = Release|Any CPU
		{F5045C53-082C-46F3-9277-A1AE37FE34BD}.AppStore|ARM.Build.0 = Release|Any CPU
		{F5045C53-082C-46F3-9277-A1AE37FE34BD}.AppStore|iPhone.ActiveCfg = Release|Any CPU
		{F5045C53-082C-46F3-9277-A1AE37FE34BD}.AppStore|iPhone.Build.0 = Release|Any CPU
		{F5045C53-082C-46F3-9277-A1AE37FE34BD}.AppStore|iPhoneSimulator.ActiveCfg = Release|Any CPU
		{F5045C53-082C-46F3-9277-A1AE37FE34BD}.AppStore|iPhoneSimulator.Build.0 = Release|Any CPU
		{F5045C53-082C-46F3-9277-A1AE37FE34BD}.AppStore|x64.ActiveCfg = Release|Any CPU
		{F5045C53-082C-46F3-9277-A1AE37FE34BD}.AppStore|x64.Build.0 = Release|Any CPU
		{F5045C53-082C-46F3-9277-A1AE37FE34BD}.AppStore|x86.ActiveCfg = Release|Any CPU
		{F5045C53-082C-46F3-9277-A1AE37FE34BD}.AppStore|x86.Build.0 = Release|Any CPU
		{F5045C53-082C-46F3-9277-A1AE37FE34BD}.Debug|Any CPU.ActiveCfg = Debug|Any CPU
		{F5045C53-082C-46F3-9277-A1AE37FE34BD}.Debug|Any CPU.Build.0 = Debug|Any CPU
		{F5045C53-082C-46F3-9277-A1AE37FE34BD}.Debug|ARM.ActiveCfg = Debug|Any CPU
		{F5045C53-082C-46F3-9277-A1AE37FE34BD}.Debug|ARM.Build.0 = Debug|Any CPU
		{F5045C53-082C-46F3-9277-A1AE37FE34BD}.Debug|iPhone.ActiveCfg = Debug|Any CPU
		{F5045C53-082C-46F3-9277-A1AE37FE34BD}.Debug|iPhone.Build.0 = Debug|Any CPU
		{F5045C53-082C-46F3-9277-A1AE37FE34BD}.Debug|iPhoneSimulator.ActiveCfg = Debug|Any CPU
		{F5045C53-082C-46F3-9277-A1AE37FE34BD}.Debug|iPhoneSimulator.Build.0 = Debug|Any CPU
		{F5045C53-082C-46F3-9277-A1AE37FE34BD}.Debug|x64.ActiveCfg = Debug|Any CPU
		{F5045C53-082C-46F3-9277-A1AE37FE34BD}.Debug|x64.Build.0 = Debug|Any CPU
		{F5045C53-082C-46F3-9277-A1AE37FE34BD}.Debug|x86.ActiveCfg = Debug|Any CPU
		{F5045C53-082C-46F3-9277-A1AE37FE34BD}.Debug|x86.Build.0 = Debug|Any CPU
		{F5045C53-082C-46F3-9277-A1AE37FE34BD}.Release|Any CPU.ActiveCfg = Release|Any CPU
		{F5045C53-082C-46F3-9277-A1AE37FE34BD}.Release|Any CPU.Build.0 = Release|Any CPU
		{F5045C53-082C-46F3-9277-A1AE37FE34BD}.Release|ARM.ActiveCfg = Release|Any CPU
		{F5045C53-082C-46F3-9277-A1AE37FE34BD}.Release|ARM.Build.0 = Release|Any CPU
		{F5045C53-082C-46F3-9277-A1AE37FE34BD}.Release|iPhone.ActiveCfg = Release|Any CPU
		{F5045C53-082C-46F3-9277-A1AE37FE34BD}.Release|iPhone.Build.0 = Release|Any CPU
		{F5045C53-082C-46F3-9277-A1AE37FE34BD}.Release|iPhoneSimulator.ActiveCfg = Release|Any CPU
		{F5045C53-082C-46F3-9277-A1AE37FE34BD}.Release|iPhoneSimulator.Build.0 = Release|Any CPU
		{F5045C53-082C-46F3-9277-A1AE37FE34BD}.Release|x64.ActiveCfg = Release|Any CPU
		{F5045C53-082C-46F3-9277-A1AE37FE34BD}.Release|x64.Build.0 = Release|Any CPU
		{F5045C53-082C-46F3-9277-A1AE37FE34BD}.Release|x86.ActiveCfg = Release|Any CPU
		{F5045C53-082C-46F3-9277-A1AE37FE34BD}.Release|x86.Build.0 = Release|Any CPU
		{802B17BD-E713-4846-9BDE-406D155AD463}.Ad-Hoc|Any CPU.ActiveCfg = Release|Any CPU
		{802B17BD-E713-4846-9BDE-406D155AD463}.Ad-Hoc|Any CPU.Build.0 = Release|Any CPU
		{802B17BD-E713-4846-9BDE-406D155AD463}.Ad-Hoc|ARM.ActiveCfg = Release|Any CPU
		{802B17BD-E713-4846-9BDE-406D155AD463}.Ad-Hoc|ARM.Build.0 = Release|Any CPU
		{802B17BD-E713-4846-9BDE-406D155AD463}.Ad-Hoc|iPhone.ActiveCfg = Release|Any CPU
		{802B17BD-E713-4846-9BDE-406D155AD463}.Ad-Hoc|iPhone.Build.0 = Release|Any CPU
		{802B17BD-E713-4846-9BDE-406D155AD463}.Ad-Hoc|iPhoneSimulator.ActiveCfg = Release|Any CPU
		{802B17BD-E713-4846-9BDE-406D155AD463}.Ad-Hoc|iPhoneSimulator.Build.0 = Release|Any CPU
		{802B17BD-E713-4846-9BDE-406D155AD463}.Ad-Hoc|x64.ActiveCfg = Release|Any CPU
		{802B17BD-E713-4846-9BDE-406D155AD463}.Ad-Hoc|x64.Build.0 = Release|Any CPU
		{802B17BD-E713-4846-9BDE-406D155AD463}.Ad-Hoc|x86.ActiveCfg = Release|Any CPU
		{802B17BD-E713-4846-9BDE-406D155AD463}.Ad-Hoc|x86.Build.0 = Release|Any CPU
		{802B17BD-E713-4846-9BDE-406D155AD463}.AppStore|Any CPU.ActiveCfg = Release|Any CPU
		{802B17BD-E713-4846-9BDE-406D155AD463}.AppStore|Any CPU.Build.0 = Release|Any CPU
		{802B17BD-E713-4846-9BDE-406D155AD463}.AppStore|ARM.ActiveCfg = Release|Any CPU
		{802B17BD-E713-4846-9BDE-406D155AD463}.AppStore|ARM.Build.0 = Release|Any CPU
		{802B17BD-E713-4846-9BDE-406D155AD463}.AppStore|iPhone.ActiveCfg = Release|Any CPU
		{802B17BD-E713-4846-9BDE-406D155AD463}.AppStore|iPhone.Build.0 = Release|Any CPU
		{802B17BD-E713-4846-9BDE-406D155AD463}.AppStore|iPhoneSimulator.ActiveCfg = Release|Any CPU
		{802B17BD-E713-4846-9BDE-406D155AD463}.AppStore|iPhoneSimulator.Build.0 = Release|Any CPU
		{802B17BD-E713-4846-9BDE-406D155AD463}.AppStore|x64.ActiveCfg = Release|Any CPU
		{802B17BD-E713-4846-9BDE-406D155AD463}.AppStore|x64.Build.0 = Release|Any CPU
		{802B17BD-E713-4846-9BDE-406D155AD463}.AppStore|x86.ActiveCfg = Release|Any CPU
		{802B17BD-E713-4846-9BDE-406D155AD463}.AppStore|x86.Build.0 = Release|Any CPU
		{802B17BD-E713-4846-9BDE-406D155AD463}.Debug|Any CPU.ActiveCfg = Debug|Any CPU
		{802B17BD-E713-4846-9BDE-406D155AD463}.Debug|Any CPU.Build.0 = Debug|Any CPU
		{802B17BD-E713-4846-9BDE-406D155AD463}.Debug|ARM.ActiveCfg = Debug|Any CPU
		{802B17BD-E713-4846-9BDE-406D155AD463}.Debug|ARM.Build.0 = Debug|Any CPU
		{802B17BD-E713-4846-9BDE-406D155AD463}.Debug|iPhone.ActiveCfg = Debug|Any CPU
		{802B17BD-E713-4846-9BDE-406D155AD463}.Debug|iPhone.Build.0 = Debug|Any CPU
		{802B17BD-E713-4846-9BDE-406D155AD463}.Debug|iPhoneSimulator.ActiveCfg = Debug|Any CPU
		{802B17BD-E713-4846-9BDE-406D155AD463}.Debug|iPhoneSimulator.Build.0 = Debug|Any CPU
		{802B17BD-E713-4846-9BDE-406D155AD463}.Debug|x64.ActiveCfg = Debug|Any CPU
		{802B17BD-E713-4846-9BDE-406D155AD463}.Debug|x64.Build.0 = Debug|Any CPU
		{802B17BD-E713-4846-9BDE-406D155AD463}.Debug|x86.ActiveCfg = Debug|Any CPU
		{802B17BD-E713-4846-9BDE-406D155AD463}.Debug|x86.Build.0 = Debug|Any CPU
		{802B17BD-E713-4846-9BDE-406D155AD463}.Release|Any CPU.ActiveCfg = Release|Any CPU
		{802B17BD-E713-4846-9BDE-406D155AD463}.Release|Any CPU.Build.0 = Release|Any CPU
		{802B17BD-E713-4846-9BDE-406D155AD463}.Release|ARM.ActiveCfg = Release|Any CPU
		{802B17BD-E713-4846-9BDE-406D155AD463}.Release|ARM.Build.0 = Release|Any CPU
		{802B17BD-E713-4846-9BDE-406D155AD463}.Release|iPhone.ActiveCfg = Release|Any CPU
		{802B17BD-E713-4846-9BDE-406D155AD463}.Release|iPhone.Build.0 = Release|Any CPU
		{802B17BD-E713-4846-9BDE-406D155AD463}.Release|iPhoneSimulator.ActiveCfg = Release|Any CPU
		{802B17BD-E713-4846-9BDE-406D155AD463}.Release|iPhoneSimulator.Build.0 = Release|Any CPU
		{802B17BD-E713-4846-9BDE-406D155AD463}.Release|x64.ActiveCfg = Release|Any CPU
		{802B17BD-E713-4846-9BDE-406D155AD463}.Release|x64.Build.0 = Release|Any CPU
		{802B17BD-E713-4846-9BDE-406D155AD463}.Release|x86.ActiveCfg = Release|Any CPU
		{802B17BD-E713-4846-9BDE-406D155AD463}.Release|x86.Build.0 = Release|Any CPU
		{F2AE7B4E-AF05-45DE-81FC-1F259CBBA869}.Ad-Hoc|Any CPU.ActiveCfg = Release|Any CPU
		{F2AE7B4E-AF05-45DE-81FC-1F259CBBA869}.Ad-Hoc|Any CPU.Build.0 = Release|Any CPU
		{F2AE7B4E-AF05-45DE-81FC-1F259CBBA869}.Ad-Hoc|ARM.ActiveCfg = Release|Any CPU
		{F2AE7B4E-AF05-45DE-81FC-1F259CBBA869}.Ad-Hoc|ARM.Build.0 = Release|Any CPU
		{F2AE7B4E-AF05-45DE-81FC-1F259CBBA869}.Ad-Hoc|iPhone.ActiveCfg = Release|Any CPU
		{F2AE7B4E-AF05-45DE-81FC-1F259CBBA869}.Ad-Hoc|iPhone.Build.0 = Release|Any CPU
		{F2AE7B4E-AF05-45DE-81FC-1F259CBBA869}.Ad-Hoc|iPhoneSimulator.ActiveCfg = Release|Any CPU
		{F2AE7B4E-AF05-45DE-81FC-1F259CBBA869}.Ad-Hoc|iPhoneSimulator.Build.0 = Release|Any CPU
		{F2AE7B4E-AF05-45DE-81FC-1F259CBBA869}.Ad-Hoc|x64.ActiveCfg = Release|Any CPU
		{F2AE7B4E-AF05-45DE-81FC-1F259CBBA869}.Ad-Hoc|x64.Build.0 = Release|Any CPU
		{F2AE7B4E-AF05-45DE-81FC-1F259CBBA869}.Ad-Hoc|x86.ActiveCfg = Release|Any CPU
		{F2AE7B4E-AF05-45DE-81FC-1F259CBBA869}.Ad-Hoc|x86.Build.0 = Release|Any CPU
		{F2AE7B4E-AF05-45DE-81FC-1F259CBBA869}.AppStore|Any CPU.ActiveCfg = Release|Any CPU
		{F2AE7B4E-AF05-45DE-81FC-1F259CBBA869}.AppStore|Any CPU.Build.0 = Release|Any CPU
		{F2AE7B4E-AF05-45DE-81FC-1F259CBBA869}.AppStore|ARM.ActiveCfg = Release|Any CPU
		{F2AE7B4E-AF05-45DE-81FC-1F259CBBA869}.AppStore|ARM.Build.0 = Release|Any CPU
		{F2AE7B4E-AF05-45DE-81FC-1F259CBBA869}.AppStore|iPhone.ActiveCfg = Release|Any CPU
		{F2AE7B4E-AF05-45DE-81FC-1F259CBBA869}.AppStore|iPhone.Build.0 = Release|Any CPU
		{F2AE7B4E-AF05-45DE-81FC-1F259CBBA869}.AppStore|iPhoneSimulator.ActiveCfg = Release|Any CPU
		{F2AE7B4E-AF05-45DE-81FC-1F259CBBA869}.AppStore|iPhoneSimulator.Build.0 = Release|Any CPU
		{F2AE7B4E-AF05-45DE-81FC-1F259CBBA869}.AppStore|x64.ActiveCfg = Release|Any CPU
		{F2AE7B4E-AF05-45DE-81FC-1F259CBBA869}.AppStore|x64.Build.0 = Release|Any CPU
		{F2AE7B4E-AF05-45DE-81FC-1F259CBBA869}.AppStore|x86.ActiveCfg = Release|Any CPU
		{F2AE7B4E-AF05-45DE-81FC-1F259CBBA869}.AppStore|x86.Build.0 = Release|Any CPU
		{F2AE7B4E-AF05-45DE-81FC-1F259CBBA869}.Debug|Any CPU.ActiveCfg = Debug|Any CPU
		{F2AE7B4E-AF05-45DE-81FC-1F259CBBA869}.Debug|ARM.ActiveCfg = Debug|Any CPU
		{F2AE7B4E-AF05-45DE-81FC-1F259CBBA869}.Debug|ARM.Build.0 = Debug|Any CPU
		{F2AE7B4E-AF05-45DE-81FC-1F259CBBA869}.Debug|iPhone.ActiveCfg = Debug|Any CPU
		{F2AE7B4E-AF05-45DE-81FC-1F259CBBA869}.Debug|iPhone.Build.0 = Debug|Any CPU
		{F2AE7B4E-AF05-45DE-81FC-1F259CBBA869}.Debug|iPhoneSimulator.ActiveCfg = Debug|Any CPU
		{F2AE7B4E-AF05-45DE-81FC-1F259CBBA869}.Debug|iPhoneSimulator.Build.0 = Debug|Any CPU
		{F2AE7B4E-AF05-45DE-81FC-1F259CBBA869}.Debug|x64.ActiveCfg = Debug|Any CPU
		{F2AE7B4E-AF05-45DE-81FC-1F259CBBA869}.Debug|x64.Build.0 = Debug|Any CPU
		{F2AE7B4E-AF05-45DE-81FC-1F259CBBA869}.Debug|x86.ActiveCfg = Debug|Any CPU
		{F2AE7B4E-AF05-45DE-81FC-1F259CBBA869}.Debug|x86.Build.0 = Debug|Any CPU
		{F2AE7B4E-AF05-45DE-81FC-1F259CBBA869}.Release|Any CPU.ActiveCfg = Release|Any CPU
		{F2AE7B4E-AF05-45DE-81FC-1F259CBBA869}.Release|Any CPU.Build.0 = Release|Any CPU
		{F2AE7B4E-AF05-45DE-81FC-1F259CBBA869}.Release|ARM.ActiveCfg = Release|Any CPU
		{F2AE7B4E-AF05-45DE-81FC-1F259CBBA869}.Release|ARM.Build.0 = Release|Any CPU
		{F2AE7B4E-AF05-45DE-81FC-1F259CBBA869}.Release|iPhone.ActiveCfg = Release|Any CPU
		{F2AE7B4E-AF05-45DE-81FC-1F259CBBA869}.Release|iPhone.Build.0 = Release|Any CPU
		{F2AE7B4E-AF05-45DE-81FC-1F259CBBA869}.Release|iPhoneSimulator.ActiveCfg = Release|Any CPU
		{F2AE7B4E-AF05-45DE-81FC-1F259CBBA869}.Release|iPhoneSimulator.Build.0 = Release|Any CPU
		{F2AE7B4E-AF05-45DE-81FC-1F259CBBA869}.Release|x64.ActiveCfg = Release|Any CPU
		{F2AE7B4E-AF05-45DE-81FC-1F259CBBA869}.Release|x64.Build.0 = Release|Any CPU
		{F2AE7B4E-AF05-45DE-81FC-1F259CBBA869}.Release|x86.ActiveCfg = Release|Any CPU
		{F2AE7B4E-AF05-45DE-81FC-1F259CBBA869}.Release|x86.Build.0 = Release|Any CPU
		{F0003DA5-1307-44D9-A6CC-69F2CDBC1FC3}.Ad-Hoc|Any CPU.ActiveCfg = Release|Any CPU
		{F0003DA5-1307-44D9-A6CC-69F2CDBC1FC3}.Ad-Hoc|Any CPU.Build.0 = Release|Any CPU
		{F0003DA5-1307-44D9-A6CC-69F2CDBC1FC3}.Ad-Hoc|ARM.ActiveCfg = Release|Any CPU
		{F0003DA5-1307-44D9-A6CC-69F2CDBC1FC3}.Ad-Hoc|ARM.Build.0 = Release|Any CPU
		{F0003DA5-1307-44D9-A6CC-69F2CDBC1FC3}.Ad-Hoc|iPhone.ActiveCfg = Release|Any CPU
		{F0003DA5-1307-44D9-A6CC-69F2CDBC1FC3}.Ad-Hoc|iPhone.Build.0 = Release|Any CPU
		{F0003DA5-1307-44D9-A6CC-69F2CDBC1FC3}.Ad-Hoc|iPhoneSimulator.ActiveCfg = Release|Any CPU
		{F0003DA5-1307-44D9-A6CC-69F2CDBC1FC3}.Ad-Hoc|iPhoneSimulator.Build.0 = Release|Any CPU
		{F0003DA5-1307-44D9-A6CC-69F2CDBC1FC3}.Ad-Hoc|x64.ActiveCfg = Release|Any CPU
		{F0003DA5-1307-44D9-A6CC-69F2CDBC1FC3}.Ad-Hoc|x64.Build.0 = Release|Any CPU
		{F0003DA5-1307-44D9-A6CC-69F2CDBC1FC3}.Ad-Hoc|x86.ActiveCfg = Release|Any CPU
		{F0003DA5-1307-44D9-A6CC-69F2CDBC1FC3}.Ad-Hoc|x86.Build.0 = Release|Any CPU
		{F0003DA5-1307-44D9-A6CC-69F2CDBC1FC3}.AppStore|Any CPU.ActiveCfg = Release|Any CPU
		{F0003DA5-1307-44D9-A6CC-69F2CDBC1FC3}.AppStore|Any CPU.Build.0 = Release|Any CPU
		{F0003DA5-1307-44D9-A6CC-69F2CDBC1FC3}.AppStore|ARM.ActiveCfg = Release|Any CPU
		{F0003DA5-1307-44D9-A6CC-69F2CDBC1FC3}.AppStore|ARM.Build.0 = Release|Any CPU
		{F0003DA5-1307-44D9-A6CC-69F2CDBC1FC3}.AppStore|iPhone.ActiveCfg = Release|Any CPU
		{F0003DA5-1307-44D9-A6CC-69F2CDBC1FC3}.AppStore|iPhone.Build.0 = Release|Any CPU
		{F0003DA5-1307-44D9-A6CC-69F2CDBC1FC3}.AppStore|iPhoneSimulator.ActiveCfg = Release|Any CPU
		{F0003DA5-1307-44D9-A6CC-69F2CDBC1FC3}.AppStore|iPhoneSimulator.Build.0 = Release|Any CPU
		{F0003DA5-1307-44D9-A6CC-69F2CDBC1FC3}.AppStore|x64.ActiveCfg = Release|Any CPU
		{F0003DA5-1307-44D9-A6CC-69F2CDBC1FC3}.AppStore|x64.Build.0 = Release|Any CPU
		{F0003DA5-1307-44D9-A6CC-69F2CDBC1FC3}.AppStore|x86.ActiveCfg = Release|Any CPU
		{F0003DA5-1307-44D9-A6CC-69F2CDBC1FC3}.AppStore|x86.Build.0 = Release|Any CPU
		{F0003DA5-1307-44D9-A6CC-69F2CDBC1FC3}.Debug|Any CPU.ActiveCfg = Debug|Any CPU
		{F0003DA5-1307-44D9-A6CC-69F2CDBC1FC3}.Debug|Any CPU.Build.0 = Debug|Any CPU
		{F0003DA5-1307-44D9-A6CC-69F2CDBC1FC3}.Debug|ARM.ActiveCfg = Debug|Any CPU
		{F0003DA5-1307-44D9-A6CC-69F2CDBC1FC3}.Debug|ARM.Build.0 = Debug|Any CPU
		{F0003DA5-1307-44D9-A6CC-69F2CDBC1FC3}.Debug|iPhone.ActiveCfg = Debug|Any CPU
		{F0003DA5-1307-44D9-A6CC-69F2CDBC1FC3}.Debug|iPhone.Build.0 = Debug|Any CPU
		{F0003DA5-1307-44D9-A6CC-69F2CDBC1FC3}.Debug|iPhoneSimulator.ActiveCfg = Debug|Any CPU
		{F0003DA5-1307-44D9-A6CC-69F2CDBC1FC3}.Debug|iPhoneSimulator.Build.0 = Debug|Any CPU
		{F0003DA5-1307-44D9-A6CC-69F2CDBC1FC3}.Debug|x64.ActiveCfg = Debug|Any CPU
		{F0003DA5-1307-44D9-A6CC-69F2CDBC1FC3}.Debug|x64.Build.0 = Debug|Any CPU
		{F0003DA5-1307-44D9-A6CC-69F2CDBC1FC3}.Debug|x86.ActiveCfg = Debug|Any CPU
		{F0003DA5-1307-44D9-A6CC-69F2CDBC1FC3}.Debug|x86.Build.0 = Debug|Any CPU
		{F0003DA5-1307-44D9-A6CC-69F2CDBC1FC3}.Release|Any CPU.ActiveCfg = Release|Any CPU
		{F0003DA5-1307-44D9-A6CC-69F2CDBC1FC3}.Release|Any CPU.Build.0 = Release|Any CPU
		{F0003DA5-1307-44D9-A6CC-69F2CDBC1FC3}.Release|ARM.ActiveCfg = Release|Any CPU
		{F0003DA5-1307-44D9-A6CC-69F2CDBC1FC3}.Release|ARM.Build.0 = Release|Any CPU
		{F0003DA5-1307-44D9-A6CC-69F2CDBC1FC3}.Release|iPhone.ActiveCfg = Release|Any CPU
		{F0003DA5-1307-44D9-A6CC-69F2CDBC1FC3}.Release|iPhone.Build.0 = Release|Any CPU
		{F0003DA5-1307-44D9-A6CC-69F2CDBC1FC3}.Release|iPhoneSimulator.ActiveCfg = Release|Any CPU
		{F0003DA5-1307-44D9-A6CC-69F2CDBC1FC3}.Release|iPhoneSimulator.Build.0 = Release|Any CPU
		{F0003DA5-1307-44D9-A6CC-69F2CDBC1FC3}.Release|x64.ActiveCfg = Release|Any CPU
		{F0003DA5-1307-44D9-A6CC-69F2CDBC1FC3}.Release|x64.Build.0 = Release|Any CPU
		{F0003DA5-1307-44D9-A6CC-69F2CDBC1FC3}.Release|x86.ActiveCfg = Release|Any CPU
		{F0003DA5-1307-44D9-A6CC-69F2CDBC1FC3}.Release|x86.Build.0 = Release|Any CPU
		{73BEBC97-5FCA-4949-8715-768F190D9782}.Ad-Hoc|Any CPU.ActiveCfg = Release|Any CPU
		{73BEBC97-5FCA-4949-8715-768F190D9782}.Ad-Hoc|Any CPU.Build.0 = Release|Any CPU
		{73BEBC97-5FCA-4949-8715-768F190D9782}.Ad-Hoc|ARM.ActiveCfg = Release|Any CPU
		{73BEBC97-5FCA-4949-8715-768F190D9782}.Ad-Hoc|ARM.Build.0 = Release|Any CPU
		{73BEBC97-5FCA-4949-8715-768F190D9782}.Ad-Hoc|iPhone.ActiveCfg = Release|Any CPU
		{73BEBC97-5FCA-4949-8715-768F190D9782}.Ad-Hoc|iPhone.Build.0 = Release|Any CPU
		{73BEBC97-5FCA-4949-8715-768F190D9782}.Ad-Hoc|iPhoneSimulator.ActiveCfg = Release|Any CPU
		{73BEBC97-5FCA-4949-8715-768F190D9782}.Ad-Hoc|iPhoneSimulator.Build.0 = Release|Any CPU
		{73BEBC97-5FCA-4949-8715-768F190D9782}.Ad-Hoc|x64.ActiveCfg = Release|Any CPU
		{73BEBC97-5FCA-4949-8715-768F190D9782}.Ad-Hoc|x64.Build.0 = Release|Any CPU
		{73BEBC97-5FCA-4949-8715-768F190D9782}.Ad-Hoc|x86.ActiveCfg = Release|Any CPU
		{73BEBC97-5FCA-4949-8715-768F190D9782}.Ad-Hoc|x86.Build.0 = Release|Any CPU
		{73BEBC97-5FCA-4949-8715-768F190D9782}.AppStore|Any CPU.ActiveCfg = Release|Any CPU
		{73BEBC97-5FCA-4949-8715-768F190D9782}.AppStore|Any CPU.Build.0 = Release|Any CPU
		{73BEBC97-5FCA-4949-8715-768F190D9782}.AppStore|ARM.ActiveCfg = Release|Any CPU
		{73BEBC97-5FCA-4949-8715-768F190D9782}.AppStore|ARM.Build.0 = Release|Any CPU
		{73BEBC97-5FCA-4949-8715-768F190D9782}.AppStore|iPhone.ActiveCfg = Release|Any CPU
		{73BEBC97-5FCA-4949-8715-768F190D9782}.AppStore|iPhone.Build.0 = Release|Any CPU
		{73BEBC97-5FCA-4949-8715-768F190D9782}.AppStore|iPhoneSimulator.ActiveCfg = Release|Any CPU
		{73BEBC97-5FCA-4949-8715-768F190D9782}.AppStore|iPhoneSimulator.Build.0 = Release|Any CPU
		{73BEBC97-5FCA-4949-8715-768F190D9782}.AppStore|x64.ActiveCfg = Release|Any CPU
		{73BEBC97-5FCA-4949-8715-768F190D9782}.AppStore|x64.Build.0 = Release|Any CPU
		{73BEBC97-5FCA-4949-8715-768F190D9782}.AppStore|x86.ActiveCfg = Release|Any CPU
		{73BEBC97-5FCA-4949-8715-768F190D9782}.AppStore|x86.Build.0 = Release|Any CPU
		{73BEBC97-5FCA-4949-8715-768F190D9782}.Debug|Any CPU.ActiveCfg = Debug|Any CPU
		{73BEBC97-5FCA-4949-8715-768F190D9782}.Debug|Any CPU.Build.0 = Debug|Any CPU
		{73BEBC97-5FCA-4949-8715-768F190D9782}.Debug|ARM.ActiveCfg = Debug|Any CPU
		{73BEBC97-5FCA-4949-8715-768F190D9782}.Debug|ARM.Build.0 = Debug|Any CPU
		{73BEBC97-5FCA-4949-8715-768F190D9782}.Debug|iPhone.ActiveCfg = Debug|Any CPU
		{73BEBC97-5FCA-4949-8715-768F190D9782}.Debug|iPhone.Build.0 = Debug|Any CPU
		{73BEBC97-5FCA-4949-8715-768F190D9782}.Debug|iPhoneSimulator.ActiveCfg = Debug|Any CPU
		{73BEBC97-5FCA-4949-8715-768F190D9782}.Debug|iPhoneSimulator.Build.0 = Debug|Any CPU
		{73BEBC97-5FCA-4949-8715-768F190D9782}.Debug|x64.ActiveCfg = Debug|Any CPU
		{73BEBC97-5FCA-4949-8715-768F190D9782}.Debug|x64.Build.0 = Debug|Any CPU
		{73BEBC97-5FCA-4949-8715-768F190D9782}.Debug|x86.ActiveCfg = Debug|Any CPU
		{73BEBC97-5FCA-4949-8715-768F190D9782}.Debug|x86.Build.0 = Debug|Any CPU
		{73BEBC97-5FCA-4949-8715-768F190D9782}.Release|Any CPU.ActiveCfg = Release|Any CPU
		{73BEBC97-5FCA-4949-8715-768F190D9782}.Release|Any CPU.Build.0 = Release|Any CPU
		{73BEBC97-5FCA-4949-8715-768F190D9782}.Release|ARM.ActiveCfg = Release|Any CPU
		{73BEBC97-5FCA-4949-8715-768F190D9782}.Release|ARM.Build.0 = Release|Any CPU
		{73BEBC97-5FCA-4949-8715-768F190D9782}.Release|iPhone.ActiveCfg = Release|Any CPU
		{73BEBC97-5FCA-4949-8715-768F190D9782}.Release|iPhone.Build.0 = Release|Any CPU
		{73BEBC97-5FCA-4949-8715-768F190D9782}.Release|iPhoneSimulator.ActiveCfg = Release|Any CPU
		{73BEBC97-5FCA-4949-8715-768F190D9782}.Release|iPhoneSimulator.Build.0 = Release|Any CPU
		{73BEBC97-5FCA-4949-8715-768F190D9782}.Release|x64.ActiveCfg = Release|Any CPU
		{73BEBC97-5FCA-4949-8715-768F190D9782}.Release|x64.Build.0 = Release|Any CPU
		{73BEBC97-5FCA-4949-8715-768F190D9782}.Release|x86.ActiveCfg = Release|Any CPU
		{73BEBC97-5FCA-4949-8715-768F190D9782}.Release|x86.Build.0 = Release|Any CPU
		{8A91CA06-2401-430D-A46F-D5A4C815BD4D}.Ad-Hoc|Any CPU.ActiveCfg = Release|Any CPU
		{8A91CA06-2401-430D-A46F-D5A4C815BD4D}.Ad-Hoc|Any CPU.Build.0 = Release|Any CPU
		{8A91CA06-2401-430D-A46F-D5A4C815BD4D}.Ad-Hoc|ARM.ActiveCfg = Release|Any CPU
		{8A91CA06-2401-430D-A46F-D5A4C815BD4D}.Ad-Hoc|ARM.Build.0 = Release|Any CPU
		{8A91CA06-2401-430D-A46F-D5A4C815BD4D}.Ad-Hoc|iPhone.ActiveCfg = Release|Any CPU
		{8A91CA06-2401-430D-A46F-D5A4C815BD4D}.Ad-Hoc|iPhone.Build.0 = Release|Any CPU
		{8A91CA06-2401-430D-A46F-D5A4C815BD4D}.Ad-Hoc|iPhoneSimulator.ActiveCfg = Release|Any CPU
		{8A91CA06-2401-430D-A46F-D5A4C815BD4D}.Ad-Hoc|iPhoneSimulator.Build.0 = Release|Any CPU
		{8A91CA06-2401-430D-A46F-D5A4C815BD4D}.Ad-Hoc|x64.ActiveCfg = Release|Any CPU
		{8A91CA06-2401-430D-A46F-D5A4C815BD4D}.Ad-Hoc|x64.Build.0 = Release|Any CPU
		{8A91CA06-2401-430D-A46F-D5A4C815BD4D}.Ad-Hoc|x86.ActiveCfg = Release|Any CPU
		{8A91CA06-2401-430D-A46F-D5A4C815BD4D}.Ad-Hoc|x86.Build.0 = Release|Any CPU
		{8A91CA06-2401-430D-A46F-D5A4C815BD4D}.AppStore|Any CPU.ActiveCfg = Release|Any CPU
		{8A91CA06-2401-430D-A46F-D5A4C815BD4D}.AppStore|Any CPU.Build.0 = Release|Any CPU
		{8A91CA06-2401-430D-A46F-D5A4C815BD4D}.AppStore|ARM.ActiveCfg = Release|Any CPU
		{8A91CA06-2401-430D-A46F-D5A4C815BD4D}.AppStore|ARM.Build.0 = Release|Any CPU
		{8A91CA06-2401-430D-A46F-D5A4C815BD4D}.AppStore|iPhone.ActiveCfg = Release|Any CPU
		{8A91CA06-2401-430D-A46F-D5A4C815BD4D}.AppStore|iPhone.Build.0 = Release|Any CPU
		{8A91CA06-2401-430D-A46F-D5A4C815BD4D}.AppStore|iPhoneSimulator.ActiveCfg = Release|Any CPU
		{8A91CA06-2401-430D-A46F-D5A4C815BD4D}.AppStore|iPhoneSimulator.Build.0 = Release|Any CPU
		{8A91CA06-2401-430D-A46F-D5A4C815BD4D}.AppStore|x64.ActiveCfg = Release|Any CPU
		{8A91CA06-2401-430D-A46F-D5A4C815BD4D}.AppStore|x64.Build.0 = Release|Any CPU
		{8A91CA06-2401-430D-A46F-D5A4C815BD4D}.AppStore|x86.ActiveCfg = Release|Any CPU
		{8A91CA06-2401-430D-A46F-D5A4C815BD4D}.AppStore|x86.Build.0 = Release|Any CPU
		{8A91CA06-2401-430D-A46F-D5A4C815BD4D}.Debug|Any CPU.ActiveCfg = Debug|Any CPU
		{8A91CA06-2401-430D-A46F-D5A4C815BD4D}.Debug|Any CPU.Build.0 = Debug|Any CPU
		{8A91CA06-2401-430D-A46F-D5A4C815BD4D}.Debug|ARM.ActiveCfg = Debug|Any CPU
		{8A91CA06-2401-430D-A46F-D5A4C815BD4D}.Debug|ARM.Build.0 = Debug|Any CPU
		{8A91CA06-2401-430D-A46F-D5A4C815BD4D}.Debug|iPhone.ActiveCfg = Debug|Any CPU
		{8A91CA06-2401-430D-A46F-D5A4C815BD4D}.Debug|iPhone.Build.0 = Debug|Any CPU
		{8A91CA06-2401-430D-A46F-D5A4C815BD4D}.Debug|iPhoneSimulator.ActiveCfg = Debug|Any CPU
		{8A91CA06-2401-430D-A46F-D5A4C815BD4D}.Debug|iPhoneSimulator.Build.0 = Debug|Any CPU
		{8A91CA06-2401-430D-A46F-D5A4C815BD4D}.Debug|x64.ActiveCfg = Debug|Any CPU
		{8A91CA06-2401-430D-A46F-D5A4C815BD4D}.Debug|x64.Build.0 = Debug|Any CPU
		{8A91CA06-2401-430D-A46F-D5A4C815BD4D}.Debug|x86.ActiveCfg = Debug|Any CPU
		{8A91CA06-2401-430D-A46F-D5A4C815BD4D}.Debug|x86.Build.0 = Debug|Any CPU
		{8A91CA06-2401-430D-A46F-D5A4C815BD4D}.Release|Any CPU.ActiveCfg = Release|Any CPU
		{8A91CA06-2401-430D-A46F-D5A4C815BD4D}.Release|Any CPU.Build.0 = Release|Any CPU
		{8A91CA06-2401-430D-A46F-D5A4C815BD4D}.Release|ARM.ActiveCfg = Release|Any CPU
		{8A91CA06-2401-430D-A46F-D5A4C815BD4D}.Release|ARM.Build.0 = Release|Any CPU
		{8A91CA06-2401-430D-A46F-D5A4C815BD4D}.Release|iPhone.ActiveCfg = Release|Any CPU
		{8A91CA06-2401-430D-A46F-D5A4C815BD4D}.Release|iPhone.Build.0 = Release|Any CPU
		{8A91CA06-2401-430D-A46F-D5A4C815BD4D}.Release|iPhoneSimulator.ActiveCfg = Release|Any CPU
		{8A91CA06-2401-430D-A46F-D5A4C815BD4D}.Release|iPhoneSimulator.Build.0 = Release|Any CPU
		{8A91CA06-2401-430D-A46F-D5A4C815BD4D}.Release|x64.ActiveCfg = Release|Any CPU
		{8A91CA06-2401-430D-A46F-D5A4C815BD4D}.Release|x64.Build.0 = Release|Any CPU
		{8A91CA06-2401-430D-A46F-D5A4C815BD4D}.Release|x86.ActiveCfg = Release|Any CPU
		{8A91CA06-2401-430D-A46F-D5A4C815BD4D}.Release|x86.Build.0 = Release|Any CPU
		{FACAD0CD-0BC8-419A-8AB7-1BED3EBA67DB}.Ad-Hoc|Any CPU.ActiveCfg = Release|Any CPU
		{FACAD0CD-0BC8-419A-8AB7-1BED3EBA67DB}.Ad-Hoc|Any CPU.Build.0 = Release|Any CPU
		{FACAD0CD-0BC8-419A-8AB7-1BED3EBA67DB}.Ad-Hoc|ARM.ActiveCfg = Release|Any CPU
		{FACAD0CD-0BC8-419A-8AB7-1BED3EBA67DB}.Ad-Hoc|ARM.Build.0 = Release|Any CPU
		{FACAD0CD-0BC8-419A-8AB7-1BED3EBA67DB}.Ad-Hoc|iPhone.ActiveCfg = Release|Any CPU
		{FACAD0CD-0BC8-419A-8AB7-1BED3EBA67DB}.Ad-Hoc|iPhone.Build.0 = Release|Any CPU
		{FACAD0CD-0BC8-419A-8AB7-1BED3EBA67DB}.Ad-Hoc|iPhoneSimulator.ActiveCfg = Release|Any CPU
		{FACAD0CD-0BC8-419A-8AB7-1BED3EBA67DB}.Ad-Hoc|iPhoneSimulator.Build.0 = Release|Any CPU
		{FACAD0CD-0BC8-419A-8AB7-1BED3EBA67DB}.Ad-Hoc|x64.ActiveCfg = Release|Any CPU
		{FACAD0CD-0BC8-419A-8AB7-1BED3EBA67DB}.Ad-Hoc|x64.Build.0 = Release|Any CPU
		{FACAD0CD-0BC8-419A-8AB7-1BED3EBA67DB}.Ad-Hoc|x86.ActiveCfg = Release|Any CPU
		{FACAD0CD-0BC8-419A-8AB7-1BED3EBA67DB}.Ad-Hoc|x86.Build.0 = Release|Any CPU
		{FACAD0CD-0BC8-419A-8AB7-1BED3EBA67DB}.AppStore|Any CPU.ActiveCfg = Release|Any CPU
		{FACAD0CD-0BC8-419A-8AB7-1BED3EBA67DB}.AppStore|Any CPU.Build.0 = Release|Any CPU
		{FACAD0CD-0BC8-419A-8AB7-1BED3EBA67DB}.AppStore|ARM.ActiveCfg = Release|Any CPU
		{FACAD0CD-0BC8-419A-8AB7-1BED3EBA67DB}.AppStore|ARM.Build.0 = Release|Any CPU
		{FACAD0CD-0BC8-419A-8AB7-1BED3EBA67DB}.AppStore|iPhone.ActiveCfg = Release|Any CPU
		{FACAD0CD-0BC8-419A-8AB7-1BED3EBA67DB}.AppStore|iPhone.Build.0 = Release|Any CPU
		{FACAD0CD-0BC8-419A-8AB7-1BED3EBA67DB}.AppStore|iPhoneSimulator.ActiveCfg = Release|Any CPU
		{FACAD0CD-0BC8-419A-8AB7-1BED3EBA67DB}.AppStore|iPhoneSimulator.Build.0 = Release|Any CPU
		{FACAD0CD-0BC8-419A-8AB7-1BED3EBA67DB}.AppStore|x64.ActiveCfg = Release|Any CPU
		{FACAD0CD-0BC8-419A-8AB7-1BED3EBA67DB}.AppStore|x64.Build.0 = Release|Any CPU
		{FACAD0CD-0BC8-419A-8AB7-1BED3EBA67DB}.AppStore|x86.ActiveCfg = Release|Any CPU
		{FACAD0CD-0BC8-419A-8AB7-1BED3EBA67DB}.AppStore|x86.Build.0 = Release|Any CPU
		{FACAD0CD-0BC8-419A-8AB7-1BED3EBA67DB}.Debug|Any CPU.ActiveCfg = Debug|Any CPU
		{FACAD0CD-0BC8-419A-8AB7-1BED3EBA67DB}.Debug|ARM.ActiveCfg = Debug|Any CPU
		{FACAD0CD-0BC8-419A-8AB7-1BED3EBA67DB}.Debug|ARM.Build.0 = Debug|Any CPU
		{FACAD0CD-0BC8-419A-8AB7-1BED3EBA67DB}.Debug|iPhone.ActiveCfg = Debug|Any CPU
		{FACAD0CD-0BC8-419A-8AB7-1BED3EBA67DB}.Debug|iPhone.Build.0 = Debug|Any CPU
		{FACAD0CD-0BC8-419A-8AB7-1BED3EBA67DB}.Debug|iPhoneSimulator.ActiveCfg = Debug|Any CPU
		{FACAD0CD-0BC8-419A-8AB7-1BED3EBA67DB}.Debug|iPhoneSimulator.Build.0 = Debug|Any CPU
		{FACAD0CD-0BC8-419A-8AB7-1BED3EBA67DB}.Debug|x64.ActiveCfg = Debug|Any CPU
		{FACAD0CD-0BC8-419A-8AB7-1BED3EBA67DB}.Debug|x64.Build.0 = Debug|Any CPU
		{FACAD0CD-0BC8-419A-8AB7-1BED3EBA67DB}.Debug|x86.ActiveCfg = Debug|Any CPU
		{FACAD0CD-0BC8-419A-8AB7-1BED3EBA67DB}.Debug|x86.Build.0 = Debug|Any CPU
		{FACAD0CD-0BC8-419A-8AB7-1BED3EBA67DB}.Release|Any CPU.ActiveCfg = Release|Any CPU
		{FACAD0CD-0BC8-419A-8AB7-1BED3EBA67DB}.Release|Any CPU.Build.0 = Release|Any CPU
		{FACAD0CD-0BC8-419A-8AB7-1BED3EBA67DB}.Release|ARM.ActiveCfg = Release|Any CPU
		{FACAD0CD-0BC8-419A-8AB7-1BED3EBA67DB}.Release|ARM.Build.0 = Release|Any CPU
		{FACAD0CD-0BC8-419A-8AB7-1BED3EBA67DB}.Release|iPhone.ActiveCfg = Release|Any CPU
		{FACAD0CD-0BC8-419A-8AB7-1BED3EBA67DB}.Release|iPhone.Build.0 = Release|Any CPU
		{FACAD0CD-0BC8-419A-8AB7-1BED3EBA67DB}.Release|iPhoneSimulator.ActiveCfg = Release|Any CPU
		{FACAD0CD-0BC8-419A-8AB7-1BED3EBA67DB}.Release|iPhoneSimulator.Build.0 = Release|Any CPU
		{FACAD0CD-0BC8-419A-8AB7-1BED3EBA67DB}.Release|x64.ActiveCfg = Release|Any CPU
		{FACAD0CD-0BC8-419A-8AB7-1BED3EBA67DB}.Release|x64.Build.0 = Release|Any CPU
		{FACAD0CD-0BC8-419A-8AB7-1BED3EBA67DB}.Release|x86.ActiveCfg = Release|Any CPU
		{FACAD0CD-0BC8-419A-8AB7-1BED3EBA67DB}.Release|x86.Build.0 = Release|Any CPU
	EndGlobalSection
	GlobalSection(SolutionProperties) = preSolution
		HideSolutionNode = FALSE
	EndGlobalSection
	GlobalSection(NestedProjects) = preSolution
		{492308B7-4ABF-46E1-A1B7-52D51C5913C7} = {27D17E96-8751-4EFD-BA87-6719FF58F256}
		{A085FC12-461F-475B-A6B0-5EBA7B8068B7} = {27D17E96-8751-4EFD-BA87-6719FF58F256}
		{D63D32B5-A0BD-42AB-961C-A230DD96F224} = {E457E313-1CCB-4BB8-AA97-618E1A672DCF}
		{823CBADE-A476-4DC6-9CFC-22973F163101} = {E457E313-1CCB-4BB8-AA97-618E1A672DCF}
		{F5C857AE-B52D-4B9F-8033-6AE528656406} = {E457E313-1CCB-4BB8-AA97-618E1A672DCF}
		{74411F69-1511-4DFC-9756-B7D38AD72312} = {E457E313-1CCB-4BB8-AA97-618E1A672DCF}
		{434B42F2-13D5-4FB9-A973-C6D8342A8784} = {BFC0C107-A38B-49AB-8B86-1633C90F8A52}
		{F5045C53-082C-46F3-9277-A1AE37FE34BD} = {72793908-6808-413A-8608-BE58DC989F96}
		{802B17BD-E713-4846-9BDE-406D155AD463} = {FF9189FF-BB78-4C34-8ED0-8FF8D4B81792}
		{F2AE7B4E-AF05-45DE-81FC-1F259CBBA869} = {FF9189FF-BB78-4C34-8ED0-8FF8D4B81792}
		{F0003DA5-1307-44D9-A6CC-69F2CDBC1FC3} = {72793908-6808-413A-8608-BE58DC989F96}
		{73BEBC97-5FCA-4949-8715-768F190D9782} = {72793908-6808-413A-8608-BE58DC989F96}
		{8A91CA06-2401-430D-A46F-D5A4C815BD4D} = {27D17E96-8751-4EFD-BA87-6719FF58F256}
		{FACAD0CD-0BC8-419A-8AB7-1BED3EBA67DB} = {27D17E96-8751-4EFD-BA87-6719FF58F256}
	EndGlobalSection
	GlobalSection(ExtensibilityGlobals) = postSolution
		SolutionGuid = {0DC85EF8-0EB0-4E35-8BAB-AF629DB334B2}
	EndGlobalSection
EndGlobal
