
Microsoft Visual Studio Solution File, Format Version 12.00
# Visual Studio 15
VisualStudioVersion = 15.0.27703.2042
MinimumVisualStudioVersion = 10.0.40219.1
Project("{FAE04EC0-301F-11D3-BF4B-00C04F79EFBC}") = "Teste", "Teste\Teste.csproj", "{492308B7-4ABF-46E1-A1B7-52D51C5913C7}"
EndProject
Project("{FAE04EC0-301F-11D3-BF4B-00C04F79EFBC}") = "Teste.Tests", "Teste.Tests\Teste.Tests.csproj", "{A085FC12-461F-475B-A6B0-5EBA7B8068B7}"
EndProject
Project("{FAE04EC0-301F-11D3-BF4B-00C04F79EFBC}") = "WelicApp.Android", "WelicApp\WelicApp.Android\WelicApp.Android.csproj", "{D63D32B5-A0BD-42AB-961C-A230DD96F224}"
EndProject
Project("{FAE04EC0-301F-11D3-BF4B-00C04F79EFBC}") = "WelicApp.iOS", "WelicApp\WelicApp.iOS\WelicApp.iOS.csproj", "{823CBADE-A476-4DC6-9CFC-22973F163101}"
EndProject
Project("{FAE04EC0-301F-11D3-BF4B-00C04F79EFBC}") = "WelicApp.UWP", "WelicApp\WelicApp.UWP\WelicApp.UWP.csproj", "{F5C857AE-B52D-4B9F-8033-6AE528656406}"
EndProject
Project("{9A19103F-16F7-4668-BE54-9A1E7A4F7556}") = "WelicApp", "WelicApp\WelicApp\WelicApp.csproj", "{74411F69-1511-4DFC-9756-B7D38AD72312}"
EndProject
Project("{2150E333-8FDC-42A3-9474-1A3956D46DE8}") = "Mobile", "Mobile", "{E457E313-1CCB-4BB8-AA97-618E1A672DCF}"
EndProject
Project("{2150E333-8FDC-42A3-9474-1A3956D46DE8}") = "WebSite", "WebSite", "{27D17E96-8751-4EFD-BA87-6719FF58F256}"
EndProject
Project("{FAE04EC0-301F-11D3-BF4B-00C04F79EFBC}") = "Welic.Web", "Welic.Web\Welic.Web.csproj", "{A6F17D6E-FC84-4DA3-8E21-54D0A05DFEAB}"
EndProject
Project("{FAE04EC0-301F-11D3-BF4B-00C04F79EFBC}") = "Welic.Web.Tests", "Welic.Web.Tests\Welic.Web.Tests.csproj", "{11B8508A-1F4F-43C3-B84E-27D5D79AD825}"
EndProject
Global
	GlobalSection(SolutionConfigurationPlatforms) = preSolution
		Ad-Hoc|Any CPU = Ad-Hoc|Any CPU
		Ad-Hoc|ARM = Ad-Hoc|ARM
		Ad-Hoc|iPhone = Ad-Hoc|iPhone
		Ad-Hoc|iPhoneSimulator = Ad-Hoc|iPhoneSimulator
		Ad-Hoc|x64 = Ad-Hoc|x64
		Ad-Hoc|x86 = Ad-Hoc|x86
		AppStore|Any CPU = AppStore|Any CPU
		AppStore|ARM = AppStore|ARM
		AppStore|iPhone = AppStore|iPhone
		AppStore|iPhoneSimulator = AppStore|iPhoneSimulator
		AppStore|x64 = AppStore|x64
		AppStore|x86 = AppStore|x86
		Debug|Any CPU = Debug|Any CPU
		Debug|ARM = Debug|ARM
		Debug|iPhone = Debug|iPhone
		Debug|iPhoneSimulator = Debug|iPhoneSimulator
		Debug|x64 = Debug|x64
		Debug|x86 = Debug|x86
		Release|Any CPU = Release|Any CPU
		Release|ARM = Release|ARM
		Release|iPhone = Release|iPhone
		Release|iPhoneSimulator = Release|iPhoneSimulator
		Release|x64 = Release|x64
		Release|x86 = Release|x86
	EndGlobalSection
	GlobalSection(ProjectConfigurationPlatforms) = postSolution
		{492308B7-4ABF-46E1-A1B7-52D51C5913C7}.Ad-Hoc|Any CPU.ActiveCfg = Release|Any CPU
		{492308B7-4ABF-46E1-A1B7-52D51C5913C7}.Ad-Hoc|Any CPU.Build.0 = Release|Any CPU
		{492308B7-4ABF-46E1-A1B7-52D51C5913C7}.Ad-Hoc|ARM.ActiveCfg = Release|Any CPU
		{492308B7-4ABF-46E1-A1B7-52D51C5913C7}.Ad-Hoc|ARM.Build.0 = Release|Any CPU
		{492308B7-4ABF-46E1-A1B7-52D51C5913C7}.Ad-Hoc|iPhone.ActiveCfg = Release|Any CPU
		{492308B7-4ABF-46E1-A1B7-52D51C5913C7}.Ad-Hoc|iPhone.Build.0 = Release|Any CPU
		{492308B7-4ABF-46E1-A1B7-52D51C5913C7}.Ad-Hoc|iPhoneSimulator.ActiveCfg = Release|Any CPU
		{492308B7-4ABF-46E1-A1B7-52D51C5913C7}.Ad-Hoc|iPhoneSimulator.Build.0 = Release|Any CPU
		{492308B7-4ABF-46E1-A1B7-52D51C5913C7}.Ad-Hoc|x64.ActiveCfg = Release|Any CPU
		{492308B7-4ABF-46E1-A1B7-52D51C5913C7}.Ad-Hoc|x64.Build.0 = Release|Any CPU
		{492308B7-4ABF-46E1-A1B7-52D51C5913C7}.Ad-Hoc|x86.ActiveCfg = Release|Any CPU
		{492308B7-4ABF-46E1-A1B7-52D51C5913C7}.Ad-Hoc|x86.Build.0 = Release|Any CPU
		{492308B7-4ABF-46E1-A1B7-52D51C5913C7}.AppStore|Any CPU.ActiveCfg = Release|Any CPU
		{492308B7-4ABF-46E1-A1B7-52D51C5913C7}.AppStore|Any CPU.Build.0 = Release|Any CPU
		{492308B7-4ABF-46E1-A1B7-52D51C5913C7}.AppStore|ARM.ActiveCfg = Release|Any CPU
		{492308B7-4ABF-46E1-A1B7-52D51C5913C7}.AppStore|ARM.Build.0 = Release|Any CPU
		{492308B7-4ABF-46E1-A1B7-52D51C5913C7}.AppStore|iPhone.ActiveCfg = Release|Any CPU
		{492308B7-4ABF-46E1-A1B7-52D51C5913C7}.AppStore|iPhone.Build.0 = Release|Any CPU
		{492308B7-4ABF-46E1-A1B7-52D51C5913C7}.AppStore|iPhoneSimulator.ActiveCfg = Release|Any CPU
		{492308B7-4ABF-46E1-A1B7-52D51C5913C7}.AppStore|iPhoneSimulator.Build.0 = Release|Any CPU
		{492308B7-4ABF-46E1-A1B7-52D51C5913C7}.AppStore|x64.ActiveCfg = Release|Any CPU
		{492308B7-4ABF-46E1-A1B7-52D51C5913C7}.AppStore|x64.Build.0 = Release|Any CPU
		{492308B7-4ABF-46E1-A1B7-52D51C5913C7}.AppStore|x86.ActiveCfg = Release|Any CPU
		{492308B7-4ABF-46E1-A1B7-52D51C5913C7}.AppStore|x86.Build.0 = Release|Any CPU
		{492308B7-4ABF-46E1-A1B7-52D51C5913C7}.Debug|Any CPU.ActiveCfg = Debug|Any CPU
		{492308B7-4ABF-46E1-A1B7-52D51C5913C7}.Debug|Any CPU.Build.0 = Debug|Any CPU
		{492308B7-4ABF-46E1-A1B7-52D51C5913C7}.Debug|ARM.ActiveCfg = Debug|Any CPU
		{492308B7-4ABF-46E1-A1B7-52D51C5913C7}.Debug|ARM.Build.0 = Debug|Any CPU
		{492308B7-4ABF-46E1-A1B7-52D51C5913C7}.Debug|iPhone.ActiveCfg = Debug|Any CPU
		{492308B7-4ABF-46E1-A1B7-52D51C5913C7}.Debug|iPhone.Build.0 = Debug|Any CPU
		{492308B7-4ABF-46E1-A1B7-52D51C5913C7}.Debug|iPhoneSimulator.ActiveCfg = Debug|Any CPU
		{492308B7-4ABF-46E1-A1B7-52D51C5913C7}.Debug|iPhoneSimulator.Build.0 = Debug|Any CPU
		{492308B7-4ABF-46E1-A1B7-52D51C5913C7}.Debug|x64.ActiveCfg = Debug|Any CPU
		{492308B7-4ABF-46E1-A1B7-52D51C5913C7}.Debug|x64.Build.0 = Debug|Any CPU
		{492308B7-4ABF-46E1-A1B7-52D51C5913C7}.Debug|x86.ActiveCfg = Debug|Any CPU
		{492308B7-4ABF-46E1-A1B7-52D51C5913C7}.Debug|x86.Build.0 = Debug|Any CPU
		{492308B7-4ABF-46E1-A1B7-52D51C5913C7}.Release|Any CPU.ActiveCfg = Release|Any CPU
		{492308B7-4ABF-46E1-A1B7-52D51C5913C7}.Release|Any CPU.Build.0 = Release|Any CPU
		{492308B7-4ABF-46E1-A1B7-52D51C5913C7}.Release|ARM.ActiveCfg = Release|Any CPU
		{492308B7-4ABF-46E1-A1B7-52D51C5913C7}.Release|ARM.Build.0 = Release|Any CPU
		{492308B7-4ABF-46E1-A1B7-52D51C5913C7}.Release|iPhone.ActiveCfg = Release|Any CPU
		{492308B7-4ABF-46E1-A1B7-52D51C5913C7}.Release|iPhone.Build.0 = Release|Any CPU
		{492308B7-4ABF-46E1-A1B7-52D51C5913C7}.Release|iPhoneSimulator.ActiveCfg = Release|Any CPU
		{492308B7-4ABF-46E1-A1B7-52D51C5913C7}.Release|iPhoneSimulator.Build.0 = Release|Any CPU
		{492308B7-4ABF-46E1-A1B7-52D51C5913C7}.Release|x64.ActiveCfg = Release|Any CPU
		{492308B7-4ABF-46E1-A1B7-52D51C5913C7}.Release|x64.Build.0 = Release|Any CPU
		{492308B7-4ABF-46E1-A1B7-52D51C5913C7}.Release|x86.ActiveCfg = Release|Any CPU
		{492308B7-4ABF-46E1-A1B7-52D51C5913C7}.Release|x86.Build.0 = Release|Any CPU
		{A085FC12-461F-475B-A6B0-5EBA7B8068B7}.Ad-Hoc|Any CPU.ActiveCfg = Release|Any CPU
		{A085FC12-461F-475B-A6B0-5EBA7B8068B7}.Ad-Hoc|Any CPU.Build.0 = Release|Any CPU
		{A085FC12-461F-475B-A6B0-5EBA7B8068B7}.Ad-Hoc|ARM.ActiveCfg = Release|Any CPU
		{A085FC12-461F-475B-A6B0-5EBA7B8068B7}.Ad-Hoc|ARM.Build.0 = Release|Any CPU
		{A085FC12-461F-475B-A6B0-5EBA7B8068B7}.Ad-Hoc|iPhone.ActiveCfg = Release|Any CPU
		{A085FC12-461F-475B-A6B0-5EBA7B8068B7}.Ad-Hoc|iPhone.Build.0 = Release|Any CPU
		{A085FC12-461F-475B-A6B0-5EBA7B8068B7}.Ad-Hoc|iPhoneSimulator.ActiveCfg = Release|Any CPU
		{A085FC12-461F-475B-A6B0-5EBA7B8068B7}.Ad-Hoc|iPhoneSimulator.Build.0 = Release|Any CPU
		{A085FC12-461F-475B-A6B0-5EBA7B8068B7}.Ad-Hoc|x64.ActiveCfg = Release|Any CPU
		{A085FC12-461F-475B-A6B0-5EBA7B8068B7}.Ad-Hoc|x64.Build.0 = Release|Any CPU
		{A085FC12-461F-475B-A6B0-5EBA7B8068B7}.Ad-Hoc|x86.ActiveCfg = Release|Any CPU
		{A085FC12-461F-475B-A6B0-5EBA7B8068B7}.Ad-Hoc|x86.Build.0 = Release|Any CPU
		{A085FC12-461F-475B-A6B0-5EBA7B8068B7}.AppStore|Any CPU.ActiveCfg = Release|Any CPU
		{A085FC12-461F-475B-A6B0-5EBA7B8068B7}.AppStore|Any CPU.Build.0 = Release|Any CPU
		{A085FC12-461F-475B-A6B0-5EBA7B8068B7}.AppStore|ARM.ActiveCfg = Release|Any CPU
		{A085FC12-461F-475B-A6B0-5EBA7B8068B7}.AppStore|ARM.Build.0 = Release|Any CPU
		{A085FC12-461F-475B-A6B0-5EBA7B8068B7}.AppStore|iPhone.ActiveCfg = Release|Any CPU
		{A085FC12-461F-475B-A6B0-5EBA7B8068B7}.AppStore|iPhone.Build.0 = Release|Any CPU
		{A085FC12-461F-475B-A6B0-5EBA7B8068B7}.AppStore|iPhoneSimulator.ActiveCfg = Release|Any CPU
		{A085FC12-461F-475B-A6B0-5EBA7B8068B7}.AppStore|iPhoneSimulator.Build.0 = Release|Any CPU
		{A085FC12-461F-475B-A6B0-5EBA7B8068B7}.AppStore|x64.ActiveCfg = Release|Any CPU
		{A085FC12-461F-475B-A6B0-5EBA7B8068B7}.AppStore|x64.Build.0 = Release|Any CPU
		{A085FC12-461F-475B-A6B0-5EBA7B8068B7}.AppStore|x86.ActiveCfg = Release|Any CPU
		{A085FC12-461F-475B-A6B0-5EBA7B8068B7}.AppStore|x86.Build.0 = Release|Any CPU
		{A085FC12-461F-475B-A6B0-5EBA7B8068B7}.Debug|Any CPU.ActiveCfg = Debug|Any CPU
		{A085FC12-461F-475B-A6B0-5EBA7B8068B7}.Debug|Any CPU.Build.0 = Debug|Any CPU
		{A085FC12-461F-475B-A6B0-5EBA7B8068B7}.Debug|ARM.ActiveCfg = Debug|Any CPU
		{A085FC12-461F-475B-A6B0-5EBA7B8068B7}.Debug|ARM.Build.0 = Debug|Any CPU
		{A085FC12-461F-475B-A6B0-5EBA7B8068B7}.Debug|iPhone.ActiveCfg = Debug|Any CPU
		{A085FC12-461F-475B-A6B0-5EBA7B8068B7}.Debug|iPhone.Build.0 = Debug|Any CPU
		{A085FC12-461F-475B-A6B0-5EBA7B8068B7}.Debug|iPhoneSimulator.ActiveCfg = Debug|Any CPU
		{A085FC12-461F-475B-A6B0-5EBA7B8068B7}.Debug|iPhoneSimulator.Build.0 = Debug|Any CPU
		{A085FC12-461F-475B-A6B0-5EBA7B8068B7}.Debug|x64.ActiveCfg = Debug|Any CPU
		{A085FC12-461F-475B-A6B0-5EBA7B8068B7}.Debug|x64.Build.0 = Debug|Any CPU
		{A085FC12-461F-475B-A6B0-5EBA7B8068B7}.Debug|x86.ActiveCfg = Debug|Any CPU
		{A085FC12-461F-475B-A6B0-5EBA7B8068B7}.Debug|x86.Build.0 = Debug|Any CPU
		{A085FC12-461F-475B-A6B0-5EBA7B8068B7}.Release|Any CPU.ActiveCfg = Release|Any CPU
		{A085FC12-461F-475B-A6B0-5EBA7B8068B7}.Release|Any CPU.Build.0 = Release|Any CPU
		{A085FC12-461F-475B-A6B0-5EBA7B8068B7}.Release|ARM.ActiveCfg = Release|Any CPU
		{A085FC12-461F-475B-A6B0-5EBA7B8068B7}.Release|ARM.Build.0 = Release|Any CPU
		{A085FC12-461F-475B-A6B0-5EBA7B8068B7}.Release|iPhone.ActiveCfg = Release|Any CPU
		{A085FC12-461F-475B-A6B0-5EBA7B8068B7}.Release|iPhone.Build.0 = Release|Any CPU
		{A085FC12-461F-475B-A6B0-5EBA7B8068B7}.Release|iPhoneSimulator.ActiveCfg = Release|Any CPU
		{A085FC12-461F-475B-A6B0-5EBA7B8068B7}.Release|iPhoneSimulator.Build.0 = Release|Any CPU
		{A085FC12-461F-475B-A6B0-5EBA7B8068B7}.Release|x64.ActiveCfg = Release|Any CPU
		{A085FC12-461F-475B-A6B0-5EBA7B8068B7}.Release|x64.Build.0 = Release|Any CPU
		{A085FC12-461F-475B-A6B0-5EBA7B8068B7}.Release|x86.ActiveCfg = Release|Any CPU
		{A085FC12-461F-475B-A6B0-5EBA7B8068B7}.Release|x86.Build.0 = Release|Any CPU
		{D63D32B5-A0BD-42AB-961C-A230DD96F224}.Ad-Hoc|Any CPU.ActiveCfg = Release|Any CPU
		{D63D32B5-A0BD-42AB-961C-A230DD96F224}.Ad-Hoc|Any CPU.Build.0 = Release|Any CPU
		{D63D32B5-A0BD-42AB-961C-A230DD96F224}.Ad-Hoc|Any CPU.Deploy.0 = Release|Any CPU
		{D63D32B5-A0BD-42AB-961C-A230DD96F224}.Ad-Hoc|ARM.ActiveCfg = Release|Any CPU
		{D63D32B5-A0BD-42AB-961C-A230DD96F224}.Ad-Hoc|ARM.Build.0 = Release|Any CPU
		{D63D32B5-A0BD-42AB-961C-A230DD96F224}.Ad-Hoc|ARM.Deploy.0 = Release|Any CPU
		{D63D32B5-A0BD-42AB-961C-A230DD96F224}.Ad-Hoc|iPhone.ActiveCfg = Release|Any CPU
		{D63D32B5-A0BD-42AB-961C-A230DD96F224}.Ad-Hoc|iPhone.Build.0 = Release|Any CPU
		{D63D32B5-A0BD-42AB-961C-A230DD96F224}.Ad-Hoc|iPhone.Deploy.0 = Release|Any CPU
		{D63D32B5-A0BD-42AB-961C-A230DD96F224}.Ad-Hoc|iPhoneSimulator.ActiveCfg = Release|Any CPU
		{D63D32B5-A0BD-42AB-961C-A230DD96F224}.Ad-Hoc|iPhoneSimulator.Build.0 = Release|Any CPU
		{D63D32B5-A0BD-42AB-961C-A230DD96F224}.Ad-Hoc|iPhoneSimulator.Deploy.0 = Release|Any CPU
		{D63D32B5-A0BD-42AB-961C-A230DD96F224}.Ad-Hoc|x64.ActiveCfg = Release|Any CPU
		{D63D32B5-A0BD-42AB-961C-A230DD96F224}.Ad-Hoc|x64.Build.0 = Release|Any CPU
		{D63D32B5-A0BD-42AB-961C-A230DD96F224}.Ad-Hoc|x64.Deploy.0 = Release|Any CPU
		{D63D32B5-A0BD-42AB-961C-A230DD96F224}.Ad-Hoc|x86.ActiveCfg = Release|Any CPU
		{D63D32B5-A0BD-42AB-961C-A230DD96F224}.Ad-Hoc|x86.Build.0 = Release|Any CPU
		{D63D32B5-A0BD-42AB-961C-A230DD96F224}.Ad-Hoc|x86.Deploy.0 = Release|Any CPU
		{D63D32B5-A0BD-42AB-961C-A230DD96F224}.AppStore|Any CPU.ActiveCfg = Release|Any CPU
		{D63D32B5-A0BD-42AB-961C-A230DD96F224}.AppStore|Any CPU.Build.0 = Release|Any CPU
		{D63D32B5-A0BD-42AB-961C-A230DD96F224}.AppStore|Any CPU.Deploy.0 = Release|Any CPU
		{D63D32B5-A0BD-42AB-961C-A230DD96F224}.AppStore|ARM.ActiveCfg = Release|Any CPU
		{D63D32B5-A0BD-42AB-961C-A230DD96F224}.AppStore|ARM.Build.0 = Release|Any CPU
		{D63D32B5-A0BD-42AB-961C-A230DD96F224}.AppStore|ARM.Deploy.0 = Release|Any CPU
		{D63D32B5-A0BD-42AB-961C-A230DD96F224}.AppStore|iPhone.ActiveCfg = Release|Any CPU
		{D63D32B5-A0BD-42AB-961C-A230DD96F224}.AppStore|iPhone.Build.0 = Release|Any CPU
		{D63D32B5-A0BD-42AB-961C-A230DD96F224}.AppStore|iPhone.Deploy.0 = Release|Any CPU
		{D63D32B5-A0BD-42AB-961C-A230DD96F224}.AppStore|iPhoneSimulator.ActiveCfg = Release|Any CPU
		{D63D32B5-A0BD-42AB-961C-A230DD96F224}.AppStore|iPhoneSimulator.Build.0 = Release|Any CPU
		{D63D32B5-A0BD-42AB-961C-A230DD96F224}.AppStore|iPhoneSimulator.Deploy.0 = Release|Any CPU
		{D63D32B5-A0BD-42AB-961C-A230DD96F224}.AppStore|x64.ActiveCfg = Release|Any CPU
		{D63D32B5-A0BD-42AB-961C-A230DD96F224}.AppStore|x64.Build.0 = Release|Any CPU
		{D63D32B5-A0BD-42AB-961C-A230DD96F224}.AppStore|x64.Deploy.0 = Release|Any CPU
		{D63D32B5-A0BD-42AB-961C-A230DD96F224}.AppStore|x86.ActiveCfg = Release|Any CPU
		{D63D32B5-A0BD-42AB-961C-A230DD96F224}.AppStore|x86.Build.0 = Release|Any CPU
		{D63D32B5-A0BD-42AB-961C-A230DD96F224}.AppStore|x86.Deploy.0 = Release|Any CPU
		{D63D32B5-A0BD-42AB-961C-A230DD96F224}.Debug|Any CPU.ActiveCfg = Debug|Any CPU
		{D63D32B5-A0BD-42AB-961C-A230DD96F224}.Debug|Any CPU.Build.0 = Debug|Any CPU
		{D63D32B5-A0BD-42AB-961C-A230DD96F224}.Debug|Any CPU.Deploy.0 = Debug|Any CPU
		{D63D32B5-A0BD-42AB-961C-A230DD96F224}.Debug|ARM.ActiveCfg = Debug|Any CPU
		{D63D32B5-A0BD-42AB-961C-A230DD96F224}.Debug|ARM.Build.0 = Debug|Any CPU
		{D63D32B5-A0BD-42AB-961C-A230DD96F224}.Debug|ARM.Deploy.0 = Debug|Any CPU
		{D63D32B5-A0BD-42AB-961C-A230DD96F224}.Debug|iPhone.ActiveCfg = Debug|Any CPU
		{D63D32B5-A0BD-42AB-961C-A230DD96F224}.Debug|iPhone.Build.0 = Debug|Any CPU
		{D63D32B5-A0BD-42AB-961C-A230DD96F224}.Debug|iPhone.Deploy.0 = Debug|Any CPU
		{D63D32B5-A0BD-42AB-961C-A230DD96F224}.Debug|iPhoneSimulator.ActiveCfg = Debug|Any CPU
		{D63D32B5-A0BD-42AB-961C-A230DD96F224}.Debug|iPhoneSimulator.Build.0 = Debug|Any CPU
		{D63D32B5-A0BD-42AB-961C-A230DD96F224}.Debug|iPhoneSimulator.Deploy.0 = Debug|Any CPU
		{D63D32B5-A0BD-42AB-961C-A230DD96F224}.Debug|x64.ActiveCfg = Debug|Any CPU
		{D63D32B5-A0BD-42AB-961C-A230DD96F224}.Debug|x64.Build.0 = Debug|Any CPU
		{D63D32B5-A0BD-42AB-961C-A230DD96F224}.Debug|x64.Deploy.0 = Debug|Any CPU
		{D63D32B5-A0BD-42AB-961C-A230DD96F224}.Debug|x86.ActiveCfg = Debug|Any CPU
		{D63D32B5-A0BD-42AB-961C-A230DD96F224}.Debug|x86.Build.0 = Debug|Any CPU
		{D63D32B5-A0BD-42AB-961C-A230DD96F224}.Debug|x86.Deploy.0 = Debug|Any CPU
		{D63D32B5-A0BD-42AB-961C-A230DD96F224}.Release|Any CPU.ActiveCfg = Release|Any CPU
		{D63D32B5-A0BD-42AB-961C-A230DD96F224}.Release|Any CPU.Build.0 = Release|Any CPU
		{D63D32B5-A0BD-42AB-961C-A230DD96F224}.Release|Any CPU.Deploy.0 = Release|Any CPU
		{D63D32B5-A0BD-42AB-961C-A230DD96F224}.Release|ARM.ActiveCfg = Release|Any CPU
		{D63D32B5-A0BD-42AB-961C-A230DD96F224}.Release|ARM.Build.0 = Release|Any CPU
		{D63D32B5-A0BD-42AB-961C-A230DD96F224}.Release|ARM.Deploy.0 = Release|Any CPU
		{D63D32B5-A0BD-42AB-961C-A230DD96F224}.Release|iPhone.ActiveCfg = Release|Any CPU
		{D63D32B5-A0BD-42AB-961C-A230DD96F224}.Release|iPhone.Build.0 = Release|Any CPU
		{D63D32B5-A0BD-42AB-961C-A230DD96F224}.Release|iPhone.Deploy.0 = Release|Any CPU
		{D63D32B5-A0BD-42AB-961C-A230DD96F224}.Release|iPhoneSimulator.ActiveCfg = Release|Any CPU
		{D63D32B5-A0BD-42AB-961C-A230DD96F224}.Release|iPhoneSimulator.Build.0 = Release|Any CPU
		{D63D32B5-A0BD-42AB-961C-A230DD96F224}.Release|iPhoneSimulator.Deploy.0 = Release|Any CPU
		{D63D32B5-A0BD-42AB-961C-A230DD96F224}.Release|x64.ActiveCfg = Release|Any CPU
		{D63D32B5-A0BD-42AB-961C-A230DD96F224}.Release|x64.Build.0 = Release|Any CPU
		{D63D32B5-A0BD-42AB-961C-A230DD96F224}.Release|x64.Deploy.0 = Release|Any CPU
		{D63D32B5-A0BD-42AB-961C-A230DD96F224}.Release|x86.ActiveCfg = Release|Any CPU
		{D63D32B5-A0BD-42AB-961C-A230DD96F224}.Release|x86.Build.0 = Release|Any CPU
		{D63D32B5-A0BD-42AB-961C-A230DD96F224}.Release|x86.Deploy.0 = Release|Any CPU
		{823CBADE-A476-4DC6-9CFC-22973F163101}.Ad-Hoc|Any CPU.ActiveCfg = Ad-Hoc|iPhone
		{823CBADE-A476-4DC6-9CFC-22973F163101}.Ad-Hoc|ARM.ActiveCfg = Ad-Hoc|iPhone
		{823CBADE-A476-4DC6-9CFC-22973F163101}.Ad-Hoc|iPhone.ActiveCfg = Ad-Hoc|iPhone
		{823CBADE-A476-4DC6-9CFC-22973F163101}.Ad-Hoc|iPhone.Build.0 = Ad-Hoc|iPhone
		{823CBADE-A476-4DC6-9CFC-22973F163101}.Ad-Hoc|iPhoneSimulator.ActiveCfg = Ad-Hoc|iPhoneSimulator
		{823CBADE-A476-4DC6-9CFC-22973F163101}.Ad-Hoc|iPhoneSimulator.Build.0 = Ad-Hoc|iPhoneSimulator
		{823CBADE-A476-4DC6-9CFC-22973F163101}.Ad-Hoc|x64.ActiveCfg = Ad-Hoc|iPhone
		{823CBADE-A476-4DC6-9CFC-22973F163101}.Ad-Hoc|x86.ActiveCfg = Ad-Hoc|iPhone
		{823CBADE-A476-4DC6-9CFC-22973F163101}.AppStore|Any CPU.ActiveCfg = AppStore|iPhone
		{823CBADE-A476-4DC6-9CFC-22973F163101}.AppStore|ARM.ActiveCfg = AppStore|iPhone
		{823CBADE-A476-4DC6-9CFC-22973F163101}.AppStore|iPhone.ActiveCfg = AppStore|iPhone
		{823CBADE-A476-4DC6-9CFC-22973F163101}.AppStore|iPhone.Build.0 = AppStore|iPhone
		{823CBADE-A476-4DC6-9CFC-22973F163101}.AppStore|iPhoneSimulator.ActiveCfg = AppStore|iPhoneSimulator
		{823CBADE-A476-4DC6-9CFC-22973F163101}.AppStore|iPhoneSimulator.Build.0 = AppStore|iPhoneSimulator
		{823CBADE-A476-4DC6-9CFC-22973F163101}.AppStore|x64.ActiveCfg = AppStore|iPhone
		{823CBADE-A476-4DC6-9CFC-22973F163101}.AppStore|x86.ActiveCfg = AppStore|iPhone
		{823CBADE-A476-4DC6-9CFC-22973F163101}.Debug|Any CPU.ActiveCfg = Debug|iPhone
		{823CBADE-A476-4DC6-9CFC-22973F163101}.Debug|ARM.ActiveCfg = Debug|iPhone
		{823CBADE-A476-4DC6-9CFC-22973F163101}.Debug|iPhone.ActiveCfg = Debug|iPhone
		{823CBADE-A476-4DC6-9CFC-22973F163101}.Debug|iPhone.Build.0 = Debug|iPhone
		{823CBADE-A476-4DC6-9CFC-22973F163101}.Debug|iPhoneSimulator.ActiveCfg = Debug|iPhoneSimulator
		{823CBADE-A476-4DC6-9CFC-22973F163101}.Debug|iPhoneSimulator.Build.0 = Debug|iPhoneSimulator
		{823CBADE-A476-4DC6-9CFC-22973F163101}.Debug|x64.ActiveCfg = Debug|iPhone
		{823CBADE-A476-4DC6-9CFC-22973F163101}.Debug|x86.ActiveCfg = Debug|iPhone
		{823CBADE-A476-4DC6-9CFC-22973F163101}.Release|Any CPU.ActiveCfg = Release|iPhone
		{823CBADE-A476-4DC6-9CFC-22973F163101}.Release|ARM.ActiveCfg = Release|iPhone
		{823CBADE-A476-4DC6-9CFC-22973F163101}.Release|iPhone.ActiveCfg = Release|iPhone
		{823CBADE-A476-4DC6-9CFC-22973F163101}.Release|iPhone.Build.0 = Release|iPhone
		{823CBADE-A476-4DC6-9CFC-22973F163101}.Release|iPhoneSimulator.ActiveCfg = Release|iPhoneSimulator
		{823CBADE-A476-4DC6-9CFC-22973F163101}.Release|iPhoneSimulator.Build.0 = Release|iPhoneSimulator
		{823CBADE-A476-4DC6-9CFC-22973F163101}.Release|x64.ActiveCfg = Release|iPhone
		{823CBADE-A476-4DC6-9CFC-22973F163101}.Release|x86.ActiveCfg = Release|iPhone
		{F5C857AE-B52D-4B9F-8033-6AE528656406}.Ad-Hoc|Any CPU.ActiveCfg = Release|x86
		{F5C857AE-B52D-4B9F-8033-6AE528656406}.Ad-Hoc|Any CPU.Build.0 = Release|x86
		{F5C857AE-B52D-4B9F-8033-6AE528656406}.Ad-Hoc|Any CPU.Deploy.0 = Release|x86
		{F5C857AE-B52D-4B9F-8033-6AE528656406}.Ad-Hoc|ARM.ActiveCfg = Release|ARM
		{F5C857AE-B52D-4B9F-8033-6AE528656406}.Ad-Hoc|ARM.Build.0 = Release|ARM
		{F5C857AE-B52D-4B9F-8033-6AE528656406}.Ad-Hoc|ARM.Deploy.0 = Release|ARM
		{F5C857AE-B52D-4B9F-8033-6AE528656406}.Ad-Hoc|iPhone.ActiveCfg = Release|x86
		{F5C857AE-B52D-4B9F-8033-6AE528656406}.Ad-Hoc|iPhone.Build.0 = Release|x86
		{F5C857AE-B52D-4B9F-8033-6AE528656406}.Ad-Hoc|iPhone.Deploy.0 = Release|x86
		{F5C857AE-B52D-4B9F-8033-6AE528656406}.Ad-Hoc|iPhoneSimulator.ActiveCfg = Release|x86
		{F5C857AE-B52D-4B9F-8033-6AE528656406}.Ad-Hoc|iPhoneSimulator.Build.0 = Release|x86
		{F5C857AE-B52D-4B9F-8033-6AE528656406}.Ad-Hoc|iPhoneSimulator.Deploy.0 = Release|x86
		{F5C857AE-B52D-4B9F-8033-6AE528656406}.Ad-Hoc|x64.ActiveCfg = Release|x64
		{F5C857AE-B52D-4B9F-8033-6AE528656406}.Ad-Hoc|x64.Build.0 = Release|x64
		{F5C857AE-B52D-4B9F-8033-6AE528656406}.Ad-Hoc|x64.Deploy.0 = Release|x64
		{F5C857AE-B52D-4B9F-8033-6AE528656406}.Ad-Hoc|x86.ActiveCfg = Release|x86
		{F5C857AE-B52D-4B9F-8033-6AE528656406}.Ad-Hoc|x86.Build.0 = Release|x86
		{F5C857AE-B52D-4B9F-8033-6AE528656406}.Ad-Hoc|x86.Deploy.0 = Release|x86
		{F5C857AE-B52D-4B9F-8033-6AE528656406}.AppStore|Any CPU.ActiveCfg = Release|x86
		{F5C857AE-B52D-4B9F-8033-6AE528656406}.AppStore|Any CPU.Build.0 = Release|x86
		{F5C857AE-B52D-4B9F-8033-6AE528656406}.AppStore|Any CPU.Deploy.0 = Release|x86
		{F5C857AE-B52D-4B9F-8033-6AE528656406}.AppStore|ARM.ActiveCfg = Release|ARM
		{F5C857AE-B52D-4B9F-8033-6AE528656406}.AppStore|ARM.Build.0 = Release|ARM
		{F5C857AE-B52D-4B9F-8033-6AE528656406}.AppStore|ARM.Deploy.0 = Release|ARM
		{F5C857AE-B52D-4B9F-8033-6AE528656406}.AppStore|iPhone.ActiveCfg = Release|x86
		{F5C857AE-B52D-4B9F-8033-6AE528656406}.AppStore|iPhone.Build.0 = Release|x86
		{F5C857AE-B52D-4B9F-8033-6AE528656406}.AppStore|iPhone.Deploy.0 = Release|x86
		{F5C857AE-B52D-4B9F-8033-6AE528656406}.AppStore|iPhoneSimulator.ActiveCfg = Release|x86
		{F5C857AE-B52D-4B9F-8033-6AE528656406}.AppStore|iPhoneSimulator.Build.0 = Release|x86
		{F5C857AE-B52D-4B9F-8033-6AE528656406}.AppStore|iPhoneSimulator.Deploy.0 = Release|x86
		{F5C857AE-B52D-4B9F-8033-6AE528656406}.AppStore|x64.ActiveCfg = Release|x64
		{F5C857AE-B52D-4B9F-8033-6AE528656406}.AppStore|x64.Build.0 = Release|x64
		{F5C857AE-B52D-4B9F-8033-6AE528656406}.AppStore|x64.Deploy.0 = Release|x64
		{F5C857AE-B52D-4B9F-8033-6AE528656406}.AppStore|x86.ActiveCfg = Release|x86
		{F5C857AE-B52D-4B9F-8033-6AE528656406}.AppStore|x86.Build.0 = Release|x86
		{F5C857AE-B52D-4B9F-8033-6AE528656406}.AppStore|x86.Deploy.0 = Release|x86
		{F5C857AE-B52D-4B9F-8033-6AE528656406}.Debug|Any CPU.ActiveCfg = Debug|x86
		{F5C857AE-B52D-4B9F-8033-6AE528656406}.Debug|ARM.ActiveCfg = Debug|ARM
		{F5C857AE-B52D-4B9F-8033-6AE528656406}.Debug|ARM.Build.0 = Debug|ARM
		{F5C857AE-B52D-4B9F-8033-6AE528656406}.Debug|ARM.Deploy.0 = Debug|ARM
		{F5C857AE-B52D-4B9F-8033-6AE528656406}.Debug|iPhone.ActiveCfg = Debug|x86
		{F5C857AE-B52D-4B9F-8033-6AE528656406}.Debug|iPhoneSimulator.ActiveCfg = Debug|x86
		{F5C857AE-B52D-4B9F-8033-6AE528656406}.Debug|x64.ActiveCfg = Debug|x64
		{F5C857AE-B52D-4B9F-8033-6AE528656406}.Debug|x64.Build.0 = Debug|x64
		{F5C857AE-B52D-4B9F-8033-6AE528656406}.Debug|x64.Deploy.0 = Debug|x64
		{F5C857AE-B52D-4B9F-8033-6AE528656406}.Debug|x86.ActiveCfg = Debug|x86
		{F5C857AE-B52D-4B9F-8033-6AE528656406}.Debug|x86.Build.0 = Debug|x86
		{F5C857AE-B52D-4B9F-8033-6AE528656406}.Debug|x86.Deploy.0 = Debug|x86
		{F5C857AE-B52D-4B9F-8033-6AE528656406}.Release|Any CPU.ActiveCfg = Release|x86
		{F5C857AE-B52D-4B9F-8033-6AE528656406}.Release|ARM.ActiveCfg = Release|ARM
		{F5C857AE-B52D-4B9F-8033-6AE528656406}.Release|ARM.Build.0 = Release|ARM
		{F5C857AE-B52D-4B9F-8033-6AE528656406}.Release|ARM.Deploy.0 = Release|ARM
		{F5C857AE-B52D-4B9F-8033-6AE528656406}.Release|iPhone.ActiveCfg = Release|x86
		{F5C857AE-B52D-4B9F-8033-6AE528656406}.Release|iPhoneSimulator.ActiveCfg = Release|x86
		{F5C857AE-B52D-4B9F-8033-6AE528656406}.Release|x64.ActiveCfg = Release|x64
		{F5C857AE-B52D-4B9F-8033-6AE528656406}.Release|x64.Build.0 = Release|x64
		{F5C857AE-B52D-4B9F-8033-6AE528656406}.Release|x64.Deploy.0 = Release|x64
		{F5C857AE-B52D-4B9F-8033-6AE528656406}.Release|x86.ActiveCfg = Release|x86
		{F5C857AE-B52D-4B9F-8033-6AE528656406}.Release|x86.Build.0 = Release|x86
		{F5C857AE-B52D-4B9F-8033-6AE528656406}.Release|x86.Deploy.0 = Release|x86
		{74411F69-1511-4DFC-9756-B7D38AD72312}.Ad-Hoc|Any CPU.ActiveCfg = Debug|Any CPU
		{74411F69-1511-4DFC-9756-B7D38AD72312}.Ad-Hoc|Any CPU.Build.0 = Debug|Any CPU
		{74411F69-1511-4DFC-9756-B7D38AD72312}.Ad-Hoc|ARM.ActiveCfg = Debug|Any CPU
		{74411F69-1511-4DFC-9756-B7D38AD72312}.Ad-Hoc|ARM.Build.0 = Debug|Any CPU
		{74411F69-1511-4DFC-9756-B7D38AD72312}.Ad-Hoc|iPhone.ActiveCfg = Debug|Any CPU
		{74411F69-1511-4DFC-9756-B7D38AD72312}.Ad-Hoc|iPhone.Build.0 = Debug|Any CPU
		{74411F69-1511-4DFC-9756-B7D38AD72312}.Ad-Hoc|iPhoneSimulator.ActiveCfg = Debug|Any CPU
		{74411F69-1511-4DFC-9756-B7D38AD72312}.Ad-Hoc|iPhoneSimulator.Build.0 = Debug|Any CPU
		{74411F69-1511-4DFC-9756-B7D38AD72312}.Ad-Hoc|x64.ActiveCfg = Debug|Any CPU
		{74411F69-1511-4DFC-9756-B7D38AD72312}.Ad-Hoc|x64.Build.0 = Debug|Any CPU
		{74411F69-1511-4DFC-9756-B7D38AD72312}.Ad-Hoc|x86.ActiveCfg = Debug|Any CPU
		{74411F69-1511-4DFC-9756-B7D38AD72312}.Ad-Hoc|x86.Build.0 = Debug|Any CPU
		{74411F69-1511-4DFC-9756-B7D38AD72312}.AppStore|Any CPU.ActiveCfg = Debug|Any CPU
		{74411F69-1511-4DFC-9756-B7D38AD72312}.AppStore|Any CPU.Build.0 = Debug|Any CPU
		{74411F69-1511-4DFC-9756-B7D38AD72312}.AppStore|ARM.ActiveCfg = Debug|Any CPU
		{74411F69-1511-4DFC-9756-B7D38AD72312}.AppStore|ARM.Build.0 = Debug|Any CPU
		{74411F69-1511-4DFC-9756-B7D38AD72312}.AppStore|iPhone.ActiveCfg = Debug|Any CPU
		{74411F69-1511-4DFC-9756-B7D38AD72312}.AppStore|iPhone.Build.0 = Debug|Any CPU
		{74411F69-1511-4DFC-9756-B7D38AD72312}.AppStore|iPhoneSimulator.ActiveCfg = Debug|Any CPU
		{74411F69-1511-4DFC-9756-B7D38AD72312}.AppStore|iPhoneSimulator.Build.0 = Debug|Any CPU
		{74411F69-1511-4DFC-9756-B7D38AD72312}.AppStore|x64.ActiveCfg = Debug|Any CPU
		{74411F69-1511-4DFC-9756-B7D38AD72312}.AppStore|x64.Build.0 = Debug|Any CPU
		{74411F69-1511-4DFC-9756-B7D38AD72312}.AppStore|x86.ActiveCfg = Debug|Any CPU
		{74411F69-1511-4DFC-9756-B7D38AD72312}.AppStore|x86.Build.0 = Debug|Any CPU
		{74411F69-1511-4DFC-9756-B7D38AD72312}.Debug|Any CPU.ActiveCfg = Debug|Any CPU
		{74411F69-1511-4DFC-9756-B7D38AD72312}.Debug|Any CPU.Build.0 = Debug|Any CPU
		{74411F69-1511-4DFC-9756-B7D38AD72312}.Debug|ARM.ActiveCfg = Debug|Any CPU
		{74411F69-1511-4DFC-9756-B7D38AD72312}.Debug|ARM.Build.0 = Debug|Any CPU
		{74411F69-1511-4DFC-9756-B7D38AD72312}.Debug|iPhone.ActiveCfg = Debug|Any CPU
		{74411F69-1511-4DFC-9756-B7D38AD72312}.Debug|iPhone.Build.0 = Debug|Any CPU
		{74411F69-1511-4DFC-9756-B7D38AD72312}.Debug|iPhoneSimulator.ActiveCfg = Debug|Any CPU
		{74411F69-1511-4DFC-9756-B7D38AD72312}.Debug|iPhoneSimulator.Build.0 = Debug|Any CPU
		{74411F69-1511-4DFC-9756-B7D38AD72312}.Debug|x64.ActiveCfg = Debug|Any CPU
		{74411F69-1511-4DFC-9756-B7D38AD72312}.Debug|x64.Build.0 = Debug|Any CPU
		{74411F69-1511-4DFC-9756-B7D38AD72312}.Debug|x86.ActiveCfg = Debug|Any CPU
		{74411F69-1511-4DFC-9756-B7D38AD72312}.Debug|x86.Build.0 = Debug|Any CPU
		{74411F69-1511-4DFC-9756-B7D38AD72312}.Release|Any CPU.ActiveCfg = Release|Any CPU
		{74411F69-1511-4DFC-9756-B7D38AD72312}.Release|Any CPU.Build.0 = Release|Any CPU
		{74411F69-1511-4DFC-9756-B7D38AD72312}.Release|ARM.ActiveCfg = Release|Any CPU
		{74411F69-1511-4DFC-9756-B7D38AD72312}.Release|ARM.Build.0 = Release|Any CPU
		{74411F69-1511-4DFC-9756-B7D38AD72312}.Release|iPhone.ActiveCfg = Release|Any CPU
		{74411F69-1511-4DFC-9756-B7D38AD72312}.Release|iPhone.Build.0 = Release|Any CPU
		{74411F69-1511-4DFC-9756-B7D38AD72312}.Release|iPhoneSimulator.ActiveCfg = Release|Any CPU
		{74411F69-1511-4DFC-9756-B7D38AD72312}.Release|iPhoneSimulator.Build.0 = Release|Any CPU
		{74411F69-1511-4DFC-9756-B7D38AD72312}.Release|x64.ActiveCfg = Release|Any CPU
		{74411F69-1511-4DFC-9756-B7D38AD72312}.Release|x64.Build.0 = Release|Any CPU
		{74411F69-1511-4DFC-9756-B7D38AD72312}.Release|x86.ActiveCfg = Release|Any CPU
		{74411F69-1511-4DFC-9756-B7D38AD72312}.Release|x86.Build.0 = Release|Any CPU
		{A6F17D6E-FC84-4DA3-8E21-54D0A05DFEAB}.Ad-Hoc|Any CPU.ActiveCfg = Release|Any CPU
		{A6F17D6E-FC84-4DA3-8E21-54D0A05DFEAB}.Ad-Hoc|Any CPU.Build.0 = Release|Any CPU
		{A6F17D6E-FC84-4DA3-8E21-54D0A05DFEAB}.Ad-Hoc|ARM.ActiveCfg = Release|Any CPU
		{A6F17D6E-FC84-4DA3-8E21-54D0A05DFEAB}.Ad-Hoc|ARM.Build.0 = Release|Any CPU
		{A6F17D6E-FC84-4DA3-8E21-54D0A05DFEAB}.Ad-Hoc|iPhone.ActiveCfg = Release|Any CPU
		{A6F17D6E-FC84-4DA3-8E21-54D0A05DFEAB}.Ad-Hoc|iPhone.Build.0 = Release|Any CPU
		{A6F17D6E-FC84-4DA3-8E21-54D0A05DFEAB}.Ad-Hoc|iPhoneSimulator.ActiveCfg = Release|Any CPU
		{A6F17D6E-FC84-4DA3-8E21-54D0A05DFEAB}.Ad-Hoc|iPhoneSimulator.Build.0 = Release|Any CPU
		{A6F17D6E-FC84-4DA3-8E21-54D0A05DFEAB}.Ad-Hoc|x64.ActiveCfg = Release|Any CPU
		{A6F17D6E-FC84-4DA3-8E21-54D0A05DFEAB}.Ad-Hoc|x64.Build.0 = Release|Any CPU
		{A6F17D6E-FC84-4DA3-8E21-54D0A05DFEAB}.Ad-Hoc|x86.ActiveCfg = Release|Any CPU
		{A6F17D6E-FC84-4DA3-8E21-54D0A05DFEAB}.Ad-Hoc|x86.Build.0 = Release|Any CPU
		{A6F17D6E-FC84-4DA3-8E21-54D0A05DFEAB}.AppStore|Any CPU.ActiveCfg = Release|Any CPU
		{A6F17D6E-FC84-4DA3-8E21-54D0A05DFEAB}.AppStore|Any CPU.Build.0 = Release|Any CPU
		{A6F17D6E-FC84-4DA3-8E21-54D0A05DFEAB}.AppStore|ARM.ActiveCfg = Release|Any CPU
		{A6F17D6E-FC84-4DA3-8E21-54D0A05DFEAB}.AppStore|ARM.Build.0 = Release|Any CPU
		{A6F17D6E-FC84-4DA3-8E21-54D0A05DFEAB}.AppStore|iPhone.ActiveCfg = Release|Any CPU
		{A6F17D6E-FC84-4DA3-8E21-54D0A05DFEAB}.AppStore|iPhone.Build.0 = Release|Any CPU
		{A6F17D6E-FC84-4DA3-8E21-54D0A05DFEAB}.AppStore|iPhoneSimulator.ActiveCfg = Release|Any CPU
		{A6F17D6E-FC84-4DA3-8E21-54D0A05DFEAB}.AppStore|iPhoneSimulator.Build.0 = Release|Any CPU
		{A6F17D6E-FC84-4DA3-8E21-54D0A05DFEAB}.AppStore|x64.ActiveCfg = Release|Any CPU
		{A6F17D6E-FC84-4DA3-8E21-54D0A05DFEAB}.AppStore|x64.Build.0 = Release|Any CPU
		{A6F17D6E-FC84-4DA3-8E21-54D0A05DFEAB}.AppStore|x86.ActiveCfg = Release|Any CPU
		{A6F17D6E-FC84-4DA3-8E21-54D0A05DFEAB}.AppStore|x86.Build.0 = Release|Any CPU
		{A6F17D6E-FC84-4DA3-8E21-54D0A05DFEAB}.Debug|Any CPU.ActiveCfg = Debug|Any CPU
		{A6F17D6E-FC84-4DA3-8E21-54D0A05DFEAB}.Debug|Any CPU.Build.0 = Debug|Any CPU
		{A6F17D6E-FC84-4DA3-8E21-54D0A05DFEAB}.Debug|ARM.ActiveCfg = Debug|Any CPU
		{A6F17D6E-FC84-4DA3-8E21-54D0A05DFEAB}.Debug|ARM.Build.0 = Debug|Any CPU
		{A6F17D6E-FC84-4DA3-8E21-54D0A05DFEAB}.Debug|iPhone.ActiveCfg = Debug|Any CPU
		{A6F17D6E-FC84-4DA3-8E21-54D0A05DFEAB}.Debug|iPhone.Build.0 = Debug|Any CPU
		{A6F17D6E-FC84-4DA3-8E21-54D0A05DFEAB}.Debug|iPhoneSimulator.ActiveCfg = Debug|Any CPU
		{A6F17D6E-FC84-4DA3-8E21-54D0A05DFEAB}.Debug|iPhoneSimulator.Build.0 = Debug|Any CPU
		{A6F17D6E-FC84-4DA3-8E21-54D0A05DFEAB}.Debug|x64.ActiveCfg = Debug|Any CPU
		{A6F17D6E-FC84-4DA3-8E21-54D0A05DFEAB}.Debug|x64.Build.0 = Debug|Any CPU
		{A6F17D6E-FC84-4DA3-8E21-54D0A05DFEAB}.Debug|x86.ActiveCfg = Debug|Any CPU
		{A6F17D6E-FC84-4DA3-8E21-54D0A05DFEAB}.Debug|x86.Build.0 = Debug|Any CPU
		{A6F17D6E-FC84-4DA3-8E21-54D0A05DFEAB}.Release|Any CPU.ActiveCfg = Release|Any CPU
		{A6F17D6E-FC84-4DA3-8E21-54D0A05DFEAB}.Release|Any CPU.Build.0 = Release|Any CPU
		{A6F17D6E-FC84-4DA3-8E21-54D0A05DFEAB}.Release|ARM.ActiveCfg = Release|Any CPU
		{A6F17D6E-FC84-4DA3-8E21-54D0A05DFEAB}.Release|ARM.Build.0 = Release|Any CPU
		{A6F17D6E-FC84-4DA3-8E21-54D0A05DFEAB}.Release|iPhone.ActiveCfg = Release|Any CPU
		{A6F17D6E-FC84-4DA3-8E21-54D0A05DFEAB}.Release|iPhone.Build.0 = Release|Any CPU
		{A6F17D6E-FC84-4DA3-8E21-54D0A05DFEAB}.Release|iPhoneSimulator.ActiveCfg = Release|Any CPU
		{A6F17D6E-FC84-4DA3-8E21-54D0A05DFEAB}.Release|iPhoneSimulator.Build.0 = Release|Any CPU
		{A6F17D6E-FC84-4DA3-8E21-54D0A05DFEAB}.Release|x64.ActiveCfg = Release|Any CPU
		{A6F17D6E-FC84-4DA3-8E21-54D0A05DFEAB}.Release|x64.Build.0 = Release|Any CPU
		{A6F17D6E-FC84-4DA3-8E21-54D0A05DFEAB}.Release|x86.ActiveCfg = Release|Any CPU
		{A6F17D6E-FC84-4DA3-8E21-54D0A05DFEAB}.Release|x86.Build.0 = Release|Any CPU
		{11B8508A-1F4F-43C3-B84E-27D5D79AD825}.Ad-Hoc|Any CPU.ActiveCfg = Release|Any CPU
		{11B8508A-1F4F-43C3-B84E-27D5D79AD825}.Ad-Hoc|Any CPU.Build.0 = Release|Any CPU
		{11B8508A-1F4F-43C3-B84E-27D5D79AD825}.Ad-Hoc|ARM.ActiveCfg = Release|Any CPU
		{11B8508A-1F4F-43C3-B84E-27D5D79AD825}.Ad-Hoc|ARM.Build.0 = Release|Any CPU
		{11B8508A-1F4F-43C3-B84E-27D5D79AD825}.Ad-Hoc|iPhone.ActiveCfg = Release|Any CPU
		{11B8508A-1F4F-43C3-B84E-27D5D79AD825}.Ad-Hoc|iPhone.Build.0 = Release|Any CPU
		{11B8508A-1F4F-43C3-B84E-27D5D79AD825}.Ad-Hoc|iPhoneSimulator.ActiveCfg = Release|Any CPU
		{11B8508A-1F4F-43C3-B84E-27D5D79AD825}.Ad-Hoc|iPhoneSimulator.Build.0 = Release|Any CPU
		{11B8508A-1F4F-43C3-B84E-27D5D79AD825}.Ad-Hoc|x64.ActiveCfg = Release|Any CPU
		{11B8508A-1F4F-43C3-B84E-27D5D79AD825}.Ad-Hoc|x64.Build.0 = Release|Any CPU
		{11B8508A-1F4F-43C3-B84E-27D5D79AD825}.Ad-Hoc|x86.ActiveCfg = Release|Any CPU
		{11B8508A-1F4F-43C3-B84E-27D5D79AD825}.Ad-Hoc|x86.Build.0 = Release|Any CPU
		{11B8508A-1F4F-43C3-B84E-27D5D79AD825}.AppStore|Any CPU.ActiveCfg = Release|Any CPU
		{11B8508A-1F4F-43C3-B84E-27D5D79AD825}.AppStore|Any CPU.Build.0 = Release|Any CPU
		{11B8508A-1F4F-43C3-B84E-27D5D79AD825}.AppStore|ARM.ActiveCfg = Release|Any CPU
		{11B8508A-1F4F-43C3-B84E-27D5D79AD825}.AppStore|ARM.Build.0 = Release|Any CPU
		{11B8508A-1F4F-43C3-B84E-27D5D79AD825}.AppStore|iPhone.ActiveCfg = Release|Any CPU
		{11B8508A-1F4F-43C3-B84E-27D5D79AD825}.AppStore|iPhone.Build.0 = Release|Any CPU
		{11B8508A-1F4F-43C3-B84E-27D5D79AD825}.AppStore|iPhoneSimulator.ActiveCfg = Release|Any CPU
		{11B8508A-1F4F-43C3-B84E-27D5D79AD825}.AppStore|iPhoneSimulator.Build.0 = Release|Any CPU
		{11B8508A-1F4F-43C3-B84E-27D5D79AD825}.AppStore|x64.ActiveCfg = Release|Any CPU
		{11B8508A-1F4F-43C3-B84E-27D5D79AD825}.AppStore|x64.Build.0 = Release|Any CPU
		{11B8508A-1F4F-43C3-B84E-27D5D79AD825}.AppStore|x86.ActiveCfg = Release|Any CPU
		{11B8508A-1F4F-43C3-B84E-27D5D79AD825}.AppStore|x86.Build.0 = Release|Any CPU
		{11B8508A-1F4F-43C3-B84E-27D5D79AD825}.Debug|Any CPU.ActiveCfg = Debug|Any CPU
		{11B8508A-1F4F-43C3-B84E-27D5D79AD825}.Debug|Any CPU.Build.0 = Debug|Any CPU
		{11B8508A-1F4F-43C3-B84E-27D5D79AD825}.Debug|ARM.ActiveCfg = Debug|Any CPU
		{11B8508A-1F4F-43C3-B84E-27D5D79AD825}.Debug|ARM.Build.0 = Debug|Any CPU
		{11B8508A-1F4F-43C3-B84E-27D5D79AD825}.Debug|iPhone.ActiveCfg = Debug|Any CPU
		{11B8508A-1F4F-43C3-B84E-27D5D79AD825}.Debug|iPhone.Build.0 = Debug|Any CPU
		{11B8508A-1F4F-43C3-B84E-27D5D79AD825}.Debug|iPhoneSimulator.ActiveCfg = Debug|Any CPU
		{11B8508A-1F4F-43C3-B84E-27D5D79AD825}.Debug|iPhoneSimulator.Build.0 = Debug|Any CPU
		{11B8508A-1F4F-43C3-B84E-27D5D79AD825}.Debug|x64.ActiveCfg = Debug|Any CPU
		{11B8508A-1F4F-43C3-B84E-27D5D79AD825}.Debug|x64.Build.0 = Debug|Any CPU
		{11B8508A-1F4F-43C3-B84E-27D5D79AD825}.Debug|x86.ActiveCfg = Debug|Any CPU
		{11B8508A-1F4F-43C3-B84E-27D5D79AD825}.Debug|x86.Build.0 = Debug|Any CPU
		{11B8508A-1F4F-43C3-B84E-27D5D79AD825}.Release|Any CPU.ActiveCfg = Release|Any CPU
		{11B8508A-1F4F-43C3-B84E-27D5D79AD825}.Release|Any CPU.Build.0 = Release|Any CPU
		{11B8508A-1F4F-43C3-B84E-27D5D79AD825}.Release|ARM.ActiveCfg = Release|Any CPU
		{11B8508A-1F4F-43C3-B84E-27D5D79AD825}.Release|ARM.Build.0 = Release|Any CPU
		{11B8508A-1F4F-43C3-B84E-27D5D79AD825}.Release|iPhone.ActiveCfg = Release|Any CPU
		{11B8508A-1F4F-43C3-B84E-27D5D79AD825}.Release|iPhone.Build.0 = Release|Any CPU
		{11B8508A-1F4F-43C3-B84E-27D5D79AD825}.Release|iPhoneSimulator.ActiveCfg = Release|Any CPU
		{11B8508A-1F4F-43C3-B84E-27D5D79AD825}.Release|iPhoneSimulator.Build.0 = Release|Any CPU
		{11B8508A-1F4F-43C3-B84E-27D5D79AD825}.Release|x64.ActiveCfg = Release|Any CPU
		{11B8508A-1F4F-43C3-B84E-27D5D79AD825}.Release|x64.Build.0 = Release|Any CPU
		{11B8508A-1F4F-43C3-B84E-27D5D79AD825}.Release|x86.ActiveCfg = Release|Any CPU
		{11B8508A-1F4F-43C3-B84E-27D5D79AD825}.Release|x86.Build.0 = Release|Any CPU
	EndGlobalSection
	GlobalSection(SolutionProperties) = preSolution
		HideSolutionNode = FALSE
	EndGlobalSection
	GlobalSection(NestedProjects) = preSolution
		{492308B7-4ABF-46E1-A1B7-52D51C5913C7} = {27D17E96-8751-4EFD-BA87-6719FF58F256}
		{A085FC12-461F-475B-A6B0-5EBA7B8068B7} = {27D17E96-8751-4EFD-BA87-6719FF58F256}
		{D63D32B5-A0BD-42AB-961C-A230DD96F224} = {E457E313-1CCB-4BB8-AA97-618E1A672DCF}
		{823CBADE-A476-4DC6-9CFC-22973F163101} = {E457E313-1CCB-4BB8-AA97-618E1A672DCF}
		{F5C857AE-B52D-4B9F-8033-6AE528656406} = {E457E313-1CCB-4BB8-AA97-618E1A672DCF}
		{74411F69-1511-4DFC-9756-B7D38AD72312} = {E457E313-1CCB-4BB8-AA97-618E1A672DCF}
		{A6F17D6E-FC84-4DA3-8E21-54D0A05DFEAB} = {27D17E96-8751-4EFD-BA87-6719FF58F256}
		{11B8508A-1F4F-43C3-B84E-27D5D79AD825} = {27D17E96-8751-4EFD-BA87-6719FF58F256}
	EndGlobalSection
	GlobalSection(ExtensibilityGlobals) = postSolution
		SolutionGuid = {0DC85EF8-0EB0-4E35-8BAB-AF629DB334B2}
	EndGlobalSection
EndGlobal
